{
  "https://framer.com/m/SupabaseConnector-ARlr.js": { "resolved": "https://framerusercontent.com/modules/q5QEwtxMKZ2Zx3ZpypmB/tpcy2qcLp3Y8rdTpKqeS/SupabaseConnector.js", "integrity": "sha512-TpT7X7s4N88nHLZ7ek3Zv1mqSUq32rwqBlbAGH/x+tLgMB6SF78JGLebypzC08t7r7MTvW0S5FEwgbkUOdpLDw==", "contentType": "text/javascript; charset=UTF-8" },
  "https://framer.com/m/framer/default-utils.js@^0.45.0": { "resolved": "https://framerusercontent.com/modules/G4IfyjvwmaeSBpdb4TWu/OIjZRBmWDcIE2B6qgG1j/index.js", "integrity": "sha512-z58VbOrxm0g4Nf2ix+g0HvyOAd+cY6HfD7LEVNBRA1a+SDU1njvPJHi61GcnEC1Xvq5YTI+G1csMi7oMuMyymg==", "contentType": "text/javascript; charset=UTF-8" },
  "https://framer.com/m/framer/randomID.js@^2.0.0": { "resolved": "https://framerusercontent.com/modules/9v9kZvfG4dVIvUGXWTUG/0XmuCxJqtgJLC9OHPU64/randomID.js", "integrity": "sha512-I+aLLdwOzklP4OSw18GaKkpPVOXMsJom4XsE1f7sHs6QAIRtiS0+u4KK+06kc4T24On08AaP54d6F3ZS5zhlNA==", "contentType": "text/javascript; charset=UTF-8" },
  "https://framer.com/m/framer/store.js@^1.0.0": { "resolved": "https://framerusercontent.com/modules/vj7bFUjvEQFgEzNBkdoG/vf3CKm378wlVcBk7IhSU/createStore.js", "integrity": "sha512-FsD279LYALM6A2zduNzJlmlfjGR+p1GPcdrMyBgJnwmBvWdzsIE1Zb7yfzOmxlPmRxPgYAtAAa4er6bQvrcF2A==", "contentType": "text/javascript; charset=UTF-8" },
  "https://framer.com/m/framer/useConstant.js@^1.0.0": { "resolved": "https://framerusercontent.com/modules/e6iTGMqgmkFJvN0mYhkr/KWXeR1JD2kMVZ95etjSs/useConstant.js", "integrity": "sha512-AWOENGlFPMLr/lWIIT5WyYDo8DWBJGywUpoDdSttgt2m0GZ/vm4xU5hI2eykze45HhprugVxpPjMFusU/FDpaA==", "contentType": "text/javascript; charset=UTF-8" },
  "https://framer.com/m/framer/useIsomorphicLayoutEffect.js@0.2.0": { "resolved": "https://framerusercontent.com/modules/5sD1L34Nn4AzaFRyCPrW/BT9HMtTDsUFnXFBXXei7/useIsomorphicLayoutEffect.js", "integrity": "sha512-2qsyS1hubeiJJSOn3kBzAv5o/gZILlK9WJqJwn5PwCKXNbebgLvpu3NhIt0Gg9k6IyAViGVaLYGUfyIQQIBOxQ==", "contentType": "text/javascript; charset=UTF-8" },
  "https://framer.com/m/waitlistInput-zyql.js@CAZhPgUUcHF980rvEbzk": { "resolved": "https://framerusercontent.com/modules/EbGjsHwxIe2CNnRqQEA6/CAZhPgUUcHF980rvEbzk/qR9n0kyE_.js", "integrity": "sha512-WyR1SZ13u2KC2zezNg2kIfDTcs9d3bhRR4J63g2vJHwYTqPJbkA2mOmkAvLGyk1e+sQj5UapKeYKewkEEFgnWA==", "contentType": "text/javascript; charset=UTF-8" },
  "https://framerusercontent.com/modules/3ItvfWmwH8GWpeRKSZ68/fzJLukTnIn25s81PICFt/useDBTable.js": { "integrity": "sha512-uyGniRmfl5ZwHV/961VciYQP6wOkSS2Qyv9bBHev15cMgtZbGQFwCtaXpkASsRd92PeKjriWH8J+B+AxQy7kTA==", "contentType": "text/javascript; charset=UTF-8" },
  "https://framerusercontent.com/modules/3mKFSGQqKHV82uOV1eBc/5fbRLvOpxZC0JOXugvwm/isMotionValue.js": { "integrity": "sha512-NsTFnckH3ztErsfOQWKX+2YnZrAjFV/awMuJEbM1Pza8dlI7VsvvcXHT3EaeTo2mPWyKoGOUOefv8t7Rw/lHDw==", "contentType": "text/javascript; charset=UTF-8" },
  "https://framerusercontent.com/modules/4zHZnO5JojN1PrIbu2jm/revv9QCWpkh8lPzi2jje/time.js": { "integrity": "sha512-6AYgvM2h2agZ0WfoeBjdlYWn7JitwfHIoPceHAc+9naJK33RlLEsmKABjOZ/MZb5UIVRr9U6u9l5E3bsLvjSDA==", "contentType": "text/javascript; charset=UTF-8" },
  "https://framerusercontent.com/modules/5SM58HxZHxjjv7aLMOgQ/WXz9i6mVki0bBCrKdqB3/propUtils.js": { "integrity": "sha512-iK3pmUGLJxbB8lS1WPPNYZlPvNUt4Y5h0rKF9kNEORatilksnSz/3xfN03ccyAdi1OjUY31t+AGJt1+eHA/BPw==", "contentType": "text/javascript; charset=UTF-8" },
  "https://framerusercontent.com/modules/8CkHAZatUz1UR8jNTcfD/HwbnIAZlUmQ2oTpcLkaH/detectAutoSizingAxis.js": { "integrity": "sha512-dAd1qq5+bvyo50A0tC8OaRUDlKMvgSmZWio2hfLnunflScABL+Q/iCIhwTiAVumwVS+SXjVRSg39snW0n8FzeQ==", "contentType": "text/javascript; charset=UTF-8" },
  "https://framerusercontent.com/modules/D2Lz5CmnNVPZFFiZXalt/QaCzPbriZBfXWZIIycFI/colorFromToken.js": { "integrity": "sha512-YDvWz/mbv4+oNkMcvP9h+8chVtQ2nlM3PjGI47J0Udlv6X4iTdI7yxl16MxMQRdkcimRtss1PA0+PoPQzyaWRA==", "contentType": "text/javascript; charset=UTF-8" },
  "https://framerusercontent.com/modules/D4TWeLfcxT6Tysr2BlYg/iZjmqdxVx1EOiM3k1FaW/useOnNavigationTargetChange.js": { "integrity": "sha512-jtWHOF3DUXVj8ag8XlnplqaX6Dhh2mZwYuPorQD1wHHvkIgDToYZ2CbT4/H1ZJjGSBZSWMwoGH8R+5rbAsBW0g==", "contentType": "text/javascript; charset=UTF-8" },
  "https://framerusercontent.com/modules/ETACN5BJyFTSo0VVDJfu/NHRqowOiXkF9UwOzczF7/variantUtils.js": { "integrity": "sha512-iEZE1/9UwLqu0UxGuMJSdI/CvNsmzHR3FBk9kU6JAXZZJfSMK/7MQ2KfwzBkWXDS3J1/PZR2ER1j8MLJIkOrgw==", "contentType": "text/javascript; charset=UTF-8" },
  "https://framerusercontent.com/modules/ExNgrA7EJTKUPpH6vIlN/eiOrSJ2Ab5M9jPCvVwUz/useConstant.js": { "integrity": "sha512-wr7eR2AFuWM5aiGGtdUJCdyeunszIbwAGibmq5l0Z5y3Ta9a+W21NZjV0c0+y+vHwxqhuotnubZnTw3HIksBQQ==", "contentType": "text/javascript; charset=UTF-8" },
  "https://framerusercontent.com/modules/UM8FQLBBXHSBlSiHbdjS/Bf8dlUJr0dMPWq5PVfmL/globals.js": { "integrity": "sha512-GMUzjfECIOZVfxPbXycmTBXoQnJ2sUZLazPgLPHyuDOBxJhbgkp2MoLZf4tGnyLzAgtmKGtUc/cszvGZhqWvUQ==", "contentType": "text/javascript; charset=UTF-8" },
  "https://framerusercontent.com/modules/VTUDdizacRHpwbkOamr7/AykinQJbgwl92LvMGZwu/constants.js": { "integrity": "sha512-+agazvdZLI57hxKWl73RRmPucUwrsXYadSDNd2MBgpr1wubU69JEbadS1vi0MgVe73QCs3edxoCGsP3Pcc4JnA==", "contentType": "text/javascript; charset=UTF-8" },
  "https://framerusercontent.com/modules/X5ODOwzZFl8ppOA13cTN/rrSwNHJRun6OZ8KLAt35/Input.js": { "integrity": "sha512-d59WXc1EuXX9p4FGsm++yMTtr7a07/4vsGRCQAyPQo0/ieQuYhE0CTkf/Xem/hXHopWAUk0Q8SHQOzQVlUM01Q==", "contentType": "text/javascript; charset=UTF-8" },
  "https://framerusercontent.com/modules/XqgKXxDc38KzNEOg3QqW/tJr6cd5zLfiUFOoq9Z06/Text.js": { "integrity": "sha512-l6Xk5VnNPy7+sosmd2vFUQhINGInF1tQDMJrik01BMyDqrskGCHIKNblHY8VGjPSt4XtosBOftD1tJR43Er8ew==", "contentType": "text/javascript; charset=UTF-8" },
  "https://framerusercontent.com/modules/XsT42QFEuGtjrsvU3Qv9/WStVxE8tLmLMdqjeYKTQ/eITkLGDvF.js": { "integrity": "sha512-oGA2EuYtv0BSCPG4OIIm+hHaH9V3SHnnzi4/KMj6VwroI37Ad6Xop65Gib+mJykhBFe6FiaUqBsrTT6pq5GE8w==", "contentType": "text/javascript; charset=UTF-8" },
  "https://framerusercontent.com/modules/afBE9Yx1W6bY5q32qPxe/m3q7puE2tbo1S2C0s0CT/useRenderTarget.js": { "integrity": "sha512-oYHYmXTJK7j4xPHjTpIz2RnddnTbxzS8FKcSpvfCiULjY4AA6DTTr99aAYP11ESx4o9HwzKr7+EVNHFt4v+xqQ==", "contentType": "text/javascript; charset=UTF-8" },
  "https://framerusercontent.com/modules/cuQH4dmpDnV8YK1mSgQX/KqRXqunFjE6ufhpc7ZRu/useFontControls.js": { "integrity": "sha512-eiTawvAVT0y4LYqpKOKKT4enQA5aX1jYkLb6/eidehYczAvNqQMeLYytk20YxGQnUtV9nLZGqtZKfliTWagewA==", "contentType": "text/javascript; charset=UTF-8" },
  "https://framerusercontent.com/modules/eMBrwoqQK7h6mEeGQUH8/GuplvPJVjmxpk9zqOTcb/isBrowser.js": { "integrity": "sha512-/WnHruV+79xq+DJRHluTB+lS00oQ+hTPpXCg4CZs1qLvy8CV8UJxUqJtdKfCTOtRYEnWyd5cjF1DSQSJZDZIvg==", "contentType": "text/javascript; charset=UTF-8" },
  "https://framerusercontent.com/modules/kNDwabfjDEb3vUxkQlZS/fSIr3AOAYbGlfSPgXpYu/useAutoMotionValue.js": { "integrity": "sha512-xEFSaKKXncJsmWeQJPZqNhTWAqCAK/epqpK+lzJpwb8T0IiLSj9VuWU8ESLZuzx8Mx084PwQeB+rgw8ej9Y50w==", "contentType": "text/javascript; charset=UTF-8" },
  "https://framerusercontent.com/modules/v9AWX2URmiYsHf7GbctE/XxKAZ9KlhWqf5x1JMyyF/useOnChange.js": { "integrity": "sha512-4pP38vm8883Ug5K4WkuDEUU7aFBunFNbmwPLRh5Nwe9jZHcXlBbp8Odxkg7Zigj2CRYRU+Jidm7Gcvw9PMzV4w==", "contentType": "text/javascript; charset=UTF-8" },
  "https://framerusercontent.com/modules/xDiQsqBGXzmMsv7AlEVy/uhunpMiNsbXxzjlXsg1y/useUniqueClassName.js": { "integrity": "sha512-xwEYb9guLArtE2B8O2Wle96w7BEPqgejNW+6Tld2KUMTdNrF0jH9kxwB0HAWn9OeOlPRTvx8oYOpsJvj4ryqsg==", "contentType": "text/javascript; charset=UTF-8" },
  "https://framerusercontent.com/modules/zGkoP8tPDCkoBzMdt5uq/0zFSjxIYliHxrQQnryFX/useControlledState.js": { "integrity": "sha512-vWIeFy+B8USgEc5sjsHVNe1V0wUGrQGqBUFcJO4EtGR1i/u7an6Bd64oTXg6xgVwnUGZold4Zl+8KyW5gnw+JA==", "contentType": "text/javascript; charset=UTF-8" },
  "version": 1
}
