# THIS IS AN AUTOGENERATED FILE. DO NOT EDIT THIS FILE DIRECTLY.
# yarn lockfile v1


"@babel/runtime@^7.11.2", "@babel/runtime@^7.13.10", "@babel/runtime@^7.16.7":
  version "7.19.0"
  resolved "https://registry.yarnpkg.com/@babel/runtime/-/runtime-7.19.0.tgz#22b11c037b094d27a8a2504ea4dcff00f50e2259"
  integrity sha512-eR8Lo9hnDS7tqkO7NsV+mKvCmv5boaXFSZ70DnfhcgiEne8hv9oCEd36Klw74EtizEqLsy4YnW8UWwpBVolHZA==
  dependencies:
    regenerator-runtime "^0.13.4"

"@chevrotain/cst-dts-gen@10.3.0":
  version "10.3.0"
  resolved "https://registry.yarnpkg.com/@chevrotain/cst-dts-gen/-/cst-dts-gen-10.3.0.tgz#434b267f7b38b2a760002a1bad699b4be1bd27a5"
  integrity sha512-7DJPfCtfK1SU1/F3ZmmVv5IsTTcP/iiKFqU1m0H4VzJNvG3/GNxJFQjy4t/veWTAFSPWSj1WCNyq+sc5XKq9yA==
  dependencies:
    "@chevrotain/gast" "10.3.0"
    "@chevrotain/types" "10.3.0"
    lodash "4.17.21"

"@chevrotain/gast@10.3.0":
  version "10.3.0"
  resolved "https://registry.yarnpkg.com/@chevrotain/gast/-/gast-10.3.0.tgz#0c242546768183a13509e732ab35cb7402a3d6cd"
  integrity sha512-kLbGubyLprlyFZ1/c5pkpciCi6WTcRcnKhkfflSdKsZuoy0OmVTEXzrmFCQWzJ+QtmQNtPZTKwIBXJ6Zixp6nA==
  dependencies:
    "@chevrotain/types" "10.3.0"
    lodash "4.17.21"

"@chevrotain/types@10.3.0":
  version "10.3.0"
  resolved "https://registry.yarnpkg.com/@chevrotain/types/-/types-10.3.0.tgz#aa002b643534b5ff1333a46984f63e0ef3898088"
  integrity sha512-LGesL4c5+FyweDsmFukcxmsowpagj1iC4iqkQSIDG3Y7krV2rIOmCDDq4kZff51Asr6yQHEJsWTyvGVHeWQLkw==

"@chevrotain/utils@10.3.0":
  version "10.3.0"
  resolved "https://registry.yarnpkg.com/@chevrotain/utils/-/utils-10.3.0.tgz#a5c02c388207d032b563bfc3f051fec646192920"
  integrity sha512-KCpFcX+kNyKlVZQW60ZUGRW5Nsg5u0F2CIgHiDQyg282ouHS9xap2ZEKqhwGE/0nYP46nAPnGPdb/IYh7ZHOsA==

"@emotion/is-prop-valid@^0.8.2":
  version "0.8.8"
  resolved "https://registry.yarnpkg.com/@emotion/is-prop-valid/-/is-prop-valid-0.8.8.tgz#db28b1c4368a259b60a97311d6a952d4fd01ac1a"
  integrity sha512-u5WtneEAr5IDG2Wv65yhunPSMLIpuKsbuOktRojfrEiEvRyC85LgPMZI63cr7NUqT8ZIGdSVg8ZKGxIug4lXcA==
  dependencies:
    "@emotion/memoize" "0.7.4"

"@emotion/memoize@0.7.4":
  version "0.7.4"
  resolved "https://registry.yarnpkg.com/@emotion/memoize/-/memoize-0.7.4.tgz#19bf0f5af19149111c40d98bb0cf82119f5d9eeb"
  integrity sha512-Ja/Vfqe3HpuzRsG1oBtWTHk2PGZ7GR+2Vz5iYGelAw8dx32K0y7PjVuxK6z1nMpZOqAFsRUPCkK1YjJ56qJlgw==

"@motionone/animation@^10.12.0":
  version "10.14.0"
  resolved "https://registry.yarnpkg.com/@motionone/animation/-/animation-10.14.0.tgz#2f2a3517183bb58d82e389aac777fe0850079de6"
  integrity sha512-h+1sdyBP8vbxEBW5gPFDnj+m2DCqdlAuf2g6Iafb1lcMnqjsRXWlPw1AXgvUMXmreyhqmPbJqoNfIKdytampRQ==
  dependencies:
    "@motionone/easing" "^10.14.0"
    "@motionone/types" "^10.14.0"
    "@motionone/utils" "^10.14.0"
    tslib "^2.3.1"

"@motionone/dom@10.12.0":
  version "10.12.0"
  resolved "https://registry.yarnpkg.com/@motionone/dom/-/dom-10.12.0.tgz#ae30827fd53219efca4e1150a5ff2165c28351ed"
  integrity sha512-UdPTtLMAktHiqV0atOczNYyDd/d8Cf5fFsd1tua03PqTwwCe/6lwhLSQ8a7TbnQ5SN0gm44N1slBfj+ORIhrqw==
  dependencies:
    "@motionone/animation" "^10.12.0"
    "@motionone/generators" "^10.12.0"
    "@motionone/types" "^10.12.0"
    "@motionone/utils" "^10.12.0"
    hey-listen "^1.0.8"
    tslib "^2.3.1"

"@motionone/easing@^10.14.0":
  version "10.14.0"
  resolved "https://registry.yarnpkg.com/@motionone/easing/-/easing-10.14.0.tgz#d8154b7f71491414f3cdee23bd3838d763fffd00"
  integrity sha512-2vUBdH9uWTlRbuErhcsMmt1jvMTTqvGmn9fHq8FleFDXBlHFs5jZzHJT9iw+4kR1h6a4SZQuCf72b9ji92qNYA==
  dependencies:
    "@motionone/utils" "^10.14.0"
    tslib "^2.3.1"

"@motionone/generators@^10.12.0":
  version "10.14.0"
  resolved "https://registry.yarnpkg.com/@motionone/generators/-/generators-10.14.0.tgz#e05d9dd56da78a4b92db99185848a0f3db62242d"
  integrity sha512-6kRHezoFfIjFN7pPpaxmkdZXD36tQNcyJe3nwVqwJ+ZfC0e3rFmszR8kp9DEVFs9QL/akWjuGPSLBI1tvz+Vjg==
  dependencies:
    "@motionone/types" "^10.14.0"
    "@motionone/utils" "^10.14.0"
    tslib "^2.3.1"

"@motionone/types@^10.12.0", "@motionone/types@^10.14.0":
  version "10.14.0"
  resolved "https://registry.yarnpkg.com/@motionone/types/-/types-10.14.0.tgz#148c34f3270b175397e49c3058b33fab405c21e3"
  integrity sha512-3bNWyYBHtVd27KncnJLhksMFQ5o2MSdk1cA/IZqsHtA9DnRM1SYgN01CTcJ8Iw8pCXF5Ocp34tyAjY7WRpOJJQ==

"@motionone/utils@^10.12.0", "@motionone/utils@^10.14.0":
  version "10.14.0"
  resolved "https://registry.yarnpkg.com/@motionone/utils/-/utils-10.14.0.tgz#a19a3464ed35b08506747b062d035c7bc9bbe708"
  integrity sha512-sLWBLPzRqkxmOTRzSaD3LFQXCPHvDzyHJ1a3VP9PRzBxyVd2pv51/gMOsdAcxQ9n+MIeGJnxzXBYplUHKj4jkw==
  dependencies:
    "@motionone/types" "^10.14.0"
    hey-listen "^1.0.8"
    tslib "^2.3.1"

"@react-spring/animated@~9.5.5":
  version "9.5.5"
  resolved "https://registry.yarnpkg.com/@react-spring/animated/-/animated-9.5.5.tgz#d3bfd0f62ed13a337463a55d2c93bb23c15bbf3e"
  integrity sha512-glzViz7syQ3CE6BQOwAyr75cgh0qsihm5lkaf24I0DfU63cMm/3+br299UEYkuaHNmfDfM414uktiPlZCNJbQA==
  dependencies:
    "@react-spring/shared" "~9.5.5"
    "@react-spring/types" "~9.5.5"

"@react-spring/core@~9.5.5":
  version "9.5.5"
  resolved "https://registry.yarnpkg.com/@react-spring/core/-/core-9.5.5.tgz#1d8a4c64630ee26b2295361e1eedfd716a85b4ae"
  integrity sha512-shaJYb3iX18Au6gkk8ahaF0qx0LpS0Yd+ajb4asBaAQf6WPGuEdJsbsNSgei1/O13JyEATsJl20lkjeslJPMYA==
  dependencies:
    "@react-spring/animated" "~9.5.5"
    "@react-spring/rafz" "~9.5.5"
    "@react-spring/shared" "~9.5.5"
    "@react-spring/types" "~9.5.5"

"@react-spring/rafz@~9.5.5":
  version "9.5.5"
  resolved "https://registry.yarnpkg.com/@react-spring/rafz/-/rafz-9.5.5.tgz#62a49c5e294104b79db2a8afdf4f3a274c7f44ca"
  integrity sha512-F/CLwB0d10jL6My5vgzRQxCNY2RNyDJZedRBK7FsngdCmzoq3V4OqqNc/9voJb9qRC2wd55oGXUeXv2eIaFmsw==

"@react-spring/shared@~9.5.5":
  version "9.5.5"
  resolved "https://registry.yarnpkg.com/@react-spring/shared/-/shared-9.5.5.tgz#9be0b391d546e3e184a24ecbaf40acbaeab7fc73"
  integrity sha512-YwW70Pa/YXPOwTutExHZmMQSHcNC90kJOnNR4G4mCDNV99hE98jWkIPDOsgqbYx3amIglcFPiYKMaQuGdr8dyQ==
  dependencies:
    "@react-spring/rafz" "~9.5.5"
    "@react-spring/types" "~9.5.5"

"@react-spring/three@^9.3.1", "@react-spring/three@^9.4.5":
  version "9.5.5"
  resolved "https://registry.yarnpkg.com/@react-spring/three/-/three-9.5.5.tgz#c6fbee977007d1980406db20a28ac3f5dc2ce153"
  integrity sha512-9kTIaSceqFIl5EIrdwM7Z53o5I+9BGNVzbp4oZZYMao+GMAWOosnlQdDG5GeqNsIqfW9fZCEquGqagfKAxftcA==
  dependencies:
    "@react-spring/animated" "~9.5.5"
    "@react-spring/core" "~9.5.5"
    "@react-spring/shared" "~9.5.5"
    "@react-spring/types" "~9.5.5"

"@react-spring/types@~9.5.5":
  version "9.5.5"
  resolved "https://registry.yarnpkg.com/@react-spring/types/-/types-9.5.5.tgz#c8e94f1b9232ca7cb9d860ea67762ec401b1de14"
  integrity sha512-7I/qY8H7Enwasxr4jU6WmtNK+RZ4Z/XvSlDvjXFVe7ii1x0MoSlkw6pD7xuac8qrHQRm9BTcbZNyeeKApYsvCg==

"@react-three/drei@^7.25.4":
  version "7.27.5"
  resolved "https://registry.yarnpkg.com/@react-three/drei/-/drei-7.27.5.tgz#8559b8c6e4b1363ee93cfc1d51d936726bf1bb16"
  integrity sha512-LD0BvN+toHnyn7TV+M50+MbtVIX1PXwHX9RXRa6wgBBDFWBRXNUQb37401+vgzqYV61/JZtxd+b4kM+OYZGpkg==
  dependencies:
    "@babel/runtime" "^7.11.2"
    "@react-spring/three" "^9.3.1"
    "@use-gesture/react" "^10.2.0"
    detect-gpu "^3.1.28"
    glsl-noise "^0.0.0"
    lodash.omit "^4.5.0"
    lodash.pick "^4.4.0"
    react-composer "^5.0.2"
    react-merge-refs "^1.1.0"
    stats.js "^0.17.0"
    three-mesh-bvh "^0.5.2"
    three-stdlib "^2.6.1"
    troika-three-text "^0.44.0"
    use-asset "^1.0.4"
    utility-types "^3.10.0"
    zustand "^3.5.13"

"@react-three/fiber@^7.0.21":
  version "7.0.29"
  resolved "https://registry.yarnpkg.com/@react-three/fiber/-/fiber-7.0.29.tgz#fadb4950137d751fda80b254cb803b7f6b0f941a"
  integrity sha512-TE+/iaGrjluGsPwN2RkLXxKD4ak+unsh0YKIFKGcuAOW9jYcAyMGKAtgFO8MS7/HNCrZZQQSg23sJ8IPgtdkDg==
  dependencies:
    "@babel/runtime" "^7.13.10"
    "@types/react-reconciler" "^0.26.2"
    react-merge-refs "^1.1.0"
    react-reconciler "^0.26.2"
    react-three-fiber "0.0.0-deprecated"
    react-use-measure "^2.1.1"
    resize-observer-polyfill "^1.5.1"
    scheduler "^0.20.2"
    use-asset "^1.0.4"
    utility-types "^3.10.0"
    zustand "^3.5.1"

"@types/prop-types@*":
  version "15.7.5"
  resolved "https://registry.yarnpkg.com/@types/prop-types/-/prop-types-15.7.5.tgz#5f19d2b85a98e9558036f6a3cacc8819420f05cf"
  integrity sha512-JCB8C6SnDoQf0cNycqd/35A7MjcnK+ZTqE7judS6o7utxUCg6imJg3QK2qzHKszlTjcj2cn+NwMB2i96ubpj7w==

"@types/react-reconciler@^0.26.2":
  version "0.26.7"
  resolved "https://registry.yarnpkg.com/@types/react-reconciler/-/react-reconciler-0.26.7.tgz#0c4643f30821ae057e401b0d9037e03e8e9b2a36"
  integrity sha512-mBDYl8x+oyPX/VBb3E638N0B7xG+SPk/EAMcVPeexqus/5aTpTphQi0curhhshOqRrc9t6OPoJfEUkbymse/lQ==
  dependencies:
    "@types/react" "*"

"@types/react@*":
  version "18.0.21"
  resolved "https://registry.yarnpkg.com/@types/react/-/react-18.0.21.tgz#b8209e9626bb00a34c76f55482697edd2b43cc67"
  integrity sha512-7QUCOxvFgnD5Jk8ZKlUAhVcRj7GuJRjnjjiY/IUBWKgOlnvDvTMLD4RTF7NPyVmbRhNrbomZiOepg7M/2Kj1mA==
  dependencies:
    "@types/prop-types" "*"
    "@types/scheduler" "*"
    csstype "^3.0.2"

"@types/scheduler@*":
  version "0.16.2"
  resolved "https://registry.yarnpkg.com/@types/scheduler/-/scheduler-0.16.2.tgz#1a62f89525723dde24ba1b01b092bf5df8ad4d39"
  integrity sha512-hppQEBDmlwhFAXKJX2KnWLYu5yMfi91yazPb2l+lbJiwW+wdo1gNeRA+3RgNSO39WYX2euey41KEwnqesU2Jew==

"@use-gesture/core@10.2.20":
  version "10.2.20"
  resolved "https://registry.yarnpkg.com/@use-gesture/core/-/core-10.2.20.tgz#b29e0aadd5e90336e599d849e50eef0e06aa28bf"
  integrity sha512-4lFhHc8so4yIHkBEs641DnEsBxPyhJ5GEjB4PURFDH4p/FcZriH6w99knZgI63zN/MBFfylMyb8+PDuj6RIXKQ==

"@use-gesture/react@^10.2.0":
  version "10.2.20"
  resolved "https://registry.yarnpkg.com/@use-gesture/react/-/react-10.2.20.tgz#2d556a62c22200507b9d478ce7159057004acb8d"
  integrity sha512-KnJq9ZSqprWA6uNhWTUHZqTCh+rfa0j8ehTzqeBhktUPrmTj7yVOBvEQ/vSFU/7d72cGgWSsJ0f5T6GQCHXnvg==
  dependencies:
    "@use-gesture/core" "10.2.20"

"@webgpu/glslang@^0.0.15":
  version "0.0.15"
  resolved "https://registry.yarnpkg.com/@webgpu/glslang/-/glslang-0.0.15.tgz#f5ccaf6015241e6175f4b90906b053f88483d1f2"
  integrity sha512-niT+Prh3Aff8Uf1MVBVUsaNjFj9rJAKDXuoHIKiQbB+6IUP/3J3JIhBNyZ7lDhytvXxw6ppgnwKZdDJ08UMj4Q==

bidi-js@^1.0.2:
  version "1.0.2"
  resolved "https://registry.yarnpkg.com/bidi-js/-/bidi-js-1.0.2.tgz#1a497a762c2ddea377429d2649c9ce0f8a91527f"
  integrity sha512-rzSy/k7WdX5zOyeHHCOixGXbCHkyogkxPKL2r8QtzHmVQDiWCXUWa18bLdMWT9CYMLOYTjWpTHawuev2ouYJVw==
  dependencies:
    require-from-string "^2.0.2"

chevrotain@^10.1.2:
  version "10.3.0"
  resolved "https://registry.yarnpkg.com/chevrotain/-/chevrotain-10.3.0.tgz#16bad78cfffefe58bfe9e4943ba585bad2a2b6a1"
  integrity sha512-sy3yTBfvNJmxzYOGWaDStZFuA7va5/MXwzBU+XBIol0bR0aYlfGqTjzgedeu32Ki/j7IVyvYAZO2PInBjmmMjg==
  dependencies:
    "@chevrotain/cst-dts-gen" "10.3.0"
    "@chevrotain/gast" "10.3.0"
    "@chevrotain/types" "10.3.0"
    "@chevrotain/utils" "10.3.0"
    lodash "4.17.21"
    regexp-to-ast "0.5.0"

csstype@^3.0.2:
  version "3.1.1"
  resolved "https://registry.yarnpkg.com/csstype/-/csstype-3.1.1.tgz#841b532c45c758ee546a11d5bd7b7b473c8c30b9"
  integrity sha512-DJR/VvkAvSZW9bTouZue2sSxDwdTN92uHjqeKVm+0dAqdfNykRzQ95tay8aXMBAAPpUiq4Qcug2L7neoRh2Egw==

debounce@^1.2.1:
  version "1.2.1"
  resolved "https://registry.yarnpkg.com/debounce/-/debounce-1.2.1.tgz#38881d8f4166a5c5848020c11827b834bcb3e0a5"
  integrity sha512-XRRe6Glud4rd/ZGQfiV1ruXSfbvfJedlV9Y6zOlP+2K04vBYiJEte6stfFkCP03aMnY5tsipamumUjL14fofug==

detect-gpu@^3.1.28:
  version "3.1.30"
  resolved "https://registry.yarnpkg.com/detect-gpu/-/detect-gpu-3.1.30.tgz#5f81d02dc8c6417f686e1057256b3bd5d5a6f3f5"
  integrity sha512-WUOk8imHH56AWVt6iHry69qbNEFsPjtS6qsinurfxeI3bVYQZzFk8zECTaodLxfeRad7QspDjjkJWkp5vBo8WA==
  dependencies:
    webgl-constants "^1.1.1"

draco3d@^1.4.1:
  version "1.5.3"
  resolved "https://registry.yarnpkg.com/draco3d/-/draco3d-1.5.3.tgz#75dfb3da7d1420571b1ab999191c49fdc2a74571"
  integrity sha512-Ahum6SewAd1oVMm6Fk8T/zCE0qbzjohhO5pl1Xp5Outl4JKv7jYicfd5vNtkzImx94XE35fhNXVqHk9ajt+6Tg==

fast-deep-equal@^3.1.3:
  version "3.1.3"
  resolved "https://registry.yarnpkg.com/fast-deep-equal/-/fast-deep-equal-3.1.3.tgz#3a7d56b559d6cbc3eb512325244e619a65c6c525"
  integrity sha512-f3qQ9oQy9j2AhBe/H9VC91wLmKBCCU/gDOnKNAYG5hswO7BLKj09Hc5HYNz9cGI++xlpDCIgDaitVs03ATR84Q==

fflate@^0.6.9:
  version "0.6.10"
  resolved "https://registry.yarnpkg.com/fflate/-/fflate-0.6.10.tgz#5f40f9659205936a2d18abf88b2e7781662b6d43"
  integrity sha512-IQrh3lEPM93wVCEczc9SaAOvkmcoQn/G8Bo1e8ZPlY3X3bnAxWaBdvTdvM1hP62iZp0BXWDy4vTAy4fF0+Dlpg==

framer-motion@^6.2.9:
  version "6.5.1"
  resolved "https://registry.yarnpkg.com/framer-motion/-/framer-motion-6.5.1.tgz#802448a16a6eb764124bf36d8cbdfa6dd6b931a7"
  integrity sha512-o1BGqqposwi7cgDrtg0dNONhkmPsUFDaLcKXigzuTFC5x58mE8iyTazxSudFzmT6MEyJKfjjU8ItoMe3W+3fiw==
  dependencies:
    "@motionone/dom" "10.12.0"
    framesync "6.0.1"
    hey-listen "^1.0.8"
    popmotion "11.0.3"
    style-value-types "5.0.0"
    tslib "^2.1.0"
  optionalDependencies:
    "@emotion/is-prop-valid" "^0.8.2"

framesync@6.0.1:
  version "6.0.1"
  resolved "https://registry.yarnpkg.com/framesync/-/framesync-6.0.1.tgz#5e32fc01f1c42b39c654c35b16440e07a25d6f20"
  integrity sha512-fUY88kXvGiIItgNC7wcTOl0SNRCVXMKSWW2Yzfmn7EKNc+MpCzcz9DhdHcdjbrtN3c6R4H5dTY2jiCpPdysEjA==
  dependencies:
    tslib "^2.1.0"

glsl-noise@^0.0.0:
  version "0.0.0"
  resolved "https://registry.yarnpkg.com/glsl-noise/-/glsl-noise-0.0.0.tgz#367745f3a33382c0eeec4cb54b7e99cfc1d7670b"
  integrity sha512-b/ZCF6amfAUb7dJM/MxRs7AetQEahYzJ8PtgfrmEdtw6uyGOr+ZSGtgjFm6mfsBkxJ4d2W7kg+Nlqzqvn3Bc0w==

hey-listen@^1.0.8:
  version "1.0.8"
  resolved "https://registry.yarnpkg.com/hey-listen/-/hey-listen-1.0.8.tgz#8e59561ff724908de1aa924ed6ecc84a56a9aa68"
  integrity sha512-COpmrF2NOg4TBWUJ5UVyaCU2A88wEMkUPK4hNqyCkqHbxT92BbvfjoSozkAIIm6XhicGlJHhFdullInrdhwU8Q==

"js-tokens@^3.0.0 || ^4.0.0":
  version "4.0.0"
  resolved "https://registry.yarnpkg.com/js-tokens/-/js-tokens-4.0.0.tgz#19203fb59991df98e3a287050d4647cdeaf32499"
  integrity sha512-RdJUflcE3cUzKiMqQgsCu06FPu9UdIJO0beYbPhHN4k6apgJtifcoCtT9bcxOpYBtpD2kCM6Sbzg4CausW/PKQ==

ktx-parse@^0.2.1:
  version "0.2.2"
  resolved "https://registry.yarnpkg.com/ktx-parse/-/ktx-parse-0.2.2.tgz#b037b66044855215b332cb73104590af49e47791"
  integrity sha512-cFBc1jnGG2WlUf52NbDUXK2obJ+Mo9WUkBRvr6tP6CKxRMvZwDDFNV3JAS4cewETp5KyexByfWm9sm+O8AffiQ==

lodash.omit@^4.5.0:
  version "4.5.0"
  resolved "https://registry.yarnpkg.com/lodash.omit/-/lodash.omit-4.5.0.tgz#6eb19ae5a1ee1dd9df0b969e66ce0b7fa30b5e60"
  integrity sha512-XeqSp49hNGmlkj2EJlfrQFIzQ6lXdNro9sddtQzcJY8QaoC2GO0DT7xaIokHeyM+mIT0mPMlPvkYzg2xCuHdZg==

lodash.pick@^4.4.0:
  version "4.4.0"
  resolved "https://registry.yarnpkg.com/lodash.pick/-/lodash.pick-4.4.0.tgz#52f05610fff9ded422611441ed1fc123a03001b3"
  integrity sha512-hXt6Ul/5yWjfklSGvLQl8vM//l3FtyHZeuelpzK6mm99pNvN9yTDruNZPEJZD1oWrqo+izBmB7oUfWgcCX7s4Q==

lodash@4.17.21:
  version "4.17.21"
  resolved "https://registry.yarnpkg.com/lodash/-/lodash-4.17.21.tgz#679591c564c3bffaae8454cf0b3df370c3d6911c"
  integrity sha512-v2kDEe57lecTulaDIuNTPy3Ry4gLGJ6Z1O3vE1krgXZNrsQ+LFTGHVxVjcXPs17LhbZVGedAJv8XZ1tvj5FvSg==

loose-envify@^1.1.0, loose-envify@^1.4.0:
  version "1.4.0"
  resolved "https://registry.yarnpkg.com/loose-envify/-/loose-envify-1.4.0.tgz#71ee51fa7be4caec1a63839f7e682d8132d30caf"
  integrity sha512-lyuxPGr/Wfhrlem2CL/UcnUc1zcqKAImBDzukY7Y5F/yQiNdko6+fRLevlw1HgMySw7f611UIY408EtxRSoK3Q==
  dependencies:
    js-tokens "^3.0.0 || ^4.0.0"

mmd-parser@^1.0.4:
  version "1.0.4"
  resolved "https://registry.yarnpkg.com/mmd-parser/-/mmd-parser-1.0.4.tgz#87cc05782cb5974ca854f0303fc5147bc9d690e7"
  integrity sha512-Qi0VCU46t2IwfGv5KF0+D/t9cizcDug7qnNoy9Ggk7aucp0tssV8IwTMkBlDbm+VqAf3cdQHTCARKSsuS2MYFg==

object-assign@^4.1.1:
  version "4.1.1"
  resolved "https://registry.yarnpkg.com/object-assign/-/object-assign-4.1.1.tgz#2109adc7965887cfc05cbbd442cac8bfbb360863"
  integrity sha1-IQmtx5ZYh8/AXLvUQsrIv7s2CGM=

opentype.js@^1.3.3:
  version "1.3.4"
  resolved "https://registry.yarnpkg.com/opentype.js/-/opentype.js-1.3.4.tgz#1c0e72e46288473cc4a4c6a2dc60fd7fe6020d77"
  integrity sha512-d2JE9RP/6uagpQAVtJoF0pJJA/fgai89Cc50Yp0EJHk+eLp6QQ7gBoblsnubRULNY132I0J1QKMJ+JTbMqz4sw==
  dependencies:
    string.prototype.codepointat "^0.2.1"
    tiny-inflate "^1.0.3"

popmotion@11.0.3:
  version "11.0.3"
  resolved "https://registry.yarnpkg.com/popmotion/-/popmotion-11.0.3.tgz#565c5f6590bbcddab7a33a074bb2ba97e24b0cc9"
  integrity sha512-Y55FLdj3UxkR7Vl3s7Qr4e9m0onSnP8W7d/xQLsoJM40vs6UKHFdygs6SWryasTZYqugMjm3BepCF4CWXDiHgA==
  dependencies:
    framesync "6.0.1"
    hey-listen "^1.0.8"
    style-value-types "5.0.0"
    tslib "^2.1.0"

potpack@^1.0.1:
  version "1.0.2"
  resolved "https://registry.yarnpkg.com/potpack/-/potpack-1.0.2.tgz#23b99e64eb74f5741ffe7656b5b5c4ddce8dfc14"
  integrity sha512-choctRBIV9EMT9WGAZHn3V7t0Z2pMQyl0EZE6pFc/6ml3ssw7Dlf/oAOvFwjm1HVsqfQN8GfeFyJ+d8tRzqueQ==

prop-types@^15.6.0, prop-types@^15.8.1:
  version "15.8.1"
  resolved "https://registry.yarnpkg.com/prop-types/-/prop-types-15.8.1.tgz#67d87bf1a694f48435cf332c24af10214a3140b5"
  integrity sha512-oj87CgZICdulUohogVAR7AjlC0327U4el4L6eAvOqCeudMDVU0NThNaV+b9Df4dXgSP1gXMTnPdhfe/2qDH5cg==
  dependencies:
    loose-envify "^1.4.0"
    object-assign "^4.1.1"
    react-is "^16.13.1"

react-composer@^5.0.2:
  version "5.0.3"
  resolved "https://registry.yarnpkg.com/react-composer/-/react-composer-5.0.3.tgz#7beb9513da5e8687f4f434ea1333ef36a4f3091b"
  integrity sha512-1uWd07EME6XZvMfapwZmc7NgCZqDemcvicRi3wMJzXsQLvZ3L7fTHVyPy1bZdnWXM4iPjYuNE+uJ41MLKeTtnA==
  dependencies:
    prop-types "^15.6.0"

react-is@^16.13.1:
  version "16.13.1"
  resolved "https://registry.yarnpkg.com/react-is/-/react-is-16.13.1.tgz#789729a4dc36de2999dc156dd6c1d9c18cea56a4"
  integrity sha512-24e6ynE2H+OKt4kqsOvNd8kBpV65zoxbA4BVsEOB3ARVWQki/DHzaUoC5KuON/BiccDaCCTZBuOcfZs70kR8bQ==

react-merge-refs@^1.1.0:
  version "1.1.0"
  resolved "https://registry.yarnpkg.com/react-merge-refs/-/react-merge-refs-1.1.0.tgz#73d88b892c6c68cbb7a66e0800faa374f4c38b06"
  integrity sha512-alTKsjEL0dKH/ru1Iyn7vliS2QRcBp9zZPGoWxUOvRGWPUYgjo+V01is7p04It6KhgrzhJGnIj9GgX8W4bZoCQ==

react-reconciler@^0.26.2:
  version "0.26.2"
  resolved "https://registry.yarnpkg.com/react-reconciler/-/react-reconciler-0.26.2.tgz#bbad0e2d1309423f76cf3c3309ac6c96e05e9d91"
  integrity sha512-nK6kgY28HwrMNwDnMui3dvm3rCFjZrcGiuwLc5COUipBK5hWHLOxMJhSnSomirqWwjPBJKV1QcbkI0VJr7Gl1Q==
  dependencies:
    loose-envify "^1.1.0"
    object-assign "^4.1.1"
    scheduler "^0.20.2"

react-slider@^2.0.0:
  version "2.0.0"
  resolved "https://registry.yarnpkg.com/react-slider/-/react-slider-2.0.0.tgz#d904593b23434bf50bf3913aa2ab8c68621f41a5"
  integrity sha512-r2Z4VkGvtQXbmiANEYzYdCnb4SnTRpgog1QZa++Wl1x1n5vRL3QOufyf52VVkcaLQCLk5m0WPMwGNvRqcBDtmw==
  dependencies:
    prop-types "^15.8.1"

react-three-fiber@0.0.0-deprecated:
  version "0.0.0-deprecated"
  resolved "https://registry.yarnpkg.com/react-three-fiber/-/react-three-fiber-0.0.0-deprecated.tgz#c737242487d824cf9520307308b7e4c4071a278f"
  integrity sha512-EblIqTAsIpkYeM8bZtC4lcpTE0A2zCEGipFB52RgcQq/q+0oryrk7Sxt+sqhIjUu6xMNEVywV8dr74lz5yWO6A==

react-use-measure@^2.1.1:
  version "2.1.1"
  resolved "https://registry.yarnpkg.com/react-use-measure/-/react-use-measure-2.1.1.tgz#5824537f4ee01c9469c45d5f7a8446177c6cc4ba"
  integrity sha512-nocZhN26cproIiIduswYpV5y5lQpSQS1y/4KuvUCjSKmw7ZWIS/+g3aFnX3WdBkyuGUtTLif3UTqnLLhbDoQig==
  dependencies:
    debounce "^1.2.1"

regenerator-runtime@^0.13.4:
  version "0.13.9"
  resolved "https://registry.yarnpkg.com/regenerator-runtime/-/regenerator-runtime-0.13.9.tgz#8925742a98ffd90814988d7566ad30ca3b263b52"
  integrity sha512-p3VT+cOEgxFsRRA9X4lkI1E+k2/CtnKtU4gcxyaCUreilL/vqI6CdZ3wxVUx3UOUg+gnUOQQcRI7BmSI656MYA==

regexp-to-ast@0.5.0:
  version "0.5.0"
  resolved "https://registry.yarnpkg.com/regexp-to-ast/-/regexp-to-ast-0.5.0.tgz#56c73856bee5e1fef7f73a00f1473452ab712a24"
  integrity sha512-tlbJqcMHnPKI9zSrystikWKwHkBqu2a/Sgw01h3zFjvYrMxEDYHzzoMZnUrbIfpTFEsoRnnviOXNCzFiSc54Qw==

require-from-string@^2.0.2:
  version "2.0.2"
  resolved "https://registry.yarnpkg.com/require-from-string/-/require-from-string-2.0.2.tgz#89a7fdd938261267318eafe14f9c32e598c36909"
  integrity sha512-Xf0nWe6RseziFMu+Ap9biiUbmplq6S9/p+7w7YXP/JBHhrUDDUhwa+vANyubuqfZWTveU//DYVGsDG7RKL/vEw==

resize-observer-polyfill@^1.5.1:
  version "1.5.1"
  resolved "https://registry.yarnpkg.com/resize-observer-polyfill/-/resize-observer-polyfill-1.5.1.tgz#0e9020dd3d21024458d4ebd27e23e40269810464"
  integrity sha512-LwZrotdHOo12nQuZlHEmtuXdqGoOD0OhaxopaNFxWzInpEgaLWoVuAMbTzixuosCx2nEG58ngzW3vxdWoxIgdg==

scheduler@^0.20.2:
  version "0.20.2"
  resolved "https://registry.yarnpkg.com/scheduler/-/scheduler-0.20.2.tgz#4baee39436e34aa93b4874bddcbf0fe8b8b50e91"
  integrity sha512-2eWfGgAqqWFGqtdMmcL5zCMK1U8KlXv8SQFGglL3CEtd0aDVDWgeF/YoCmvln55m5zSk3J/20hTaSBeSObsQDQ==
  dependencies:
    loose-envify "^1.1.0"
    object-assign "^4.1.1"

stats.js@^0.17.0:
  version "0.17.0"
  resolved "https://registry.yarnpkg.com/stats.js/-/stats.js-0.17.0.tgz#b1c3dc46d94498b578b7fd3985b81ace7131cc7d"
  integrity sha512-hNKz8phvYLPEcRkeG1rsGmV5ChMjKDAWU7/OJJdDErPBNChQXxCo3WZurGpnWc6gZhAzEPFad1aVgyOANH1sMw==

string.prototype.codepointat@^0.2.1:
  version "0.2.1"
  resolved "https://registry.yarnpkg.com/string.prototype.codepointat/-/string.prototype.codepointat-0.2.1.tgz#004ad44c8afc727527b108cd462b4d971cd469bc"
  integrity sha512-2cBVCj6I4IOvEnjgO/hWqXjqBGsY+zwPmHl12Srk9IXSZ56Jwwmy+66XO5Iut/oQVR7t5ihYdLB0GMa4alEUcg==

style-value-types@5.0.0:
  version "5.0.0"
  resolved "https://registry.yarnpkg.com/style-value-types/-/style-value-types-5.0.0.tgz#76c35f0e579843d523187989da866729411fc8ad"
  integrity sha512-08yq36Ikn4kx4YU6RD7jWEv27v4V+PUsOGa4n/as8Et3CuODMJQ00ENeAVXAeydX4Z2j1XHZF1K2sX4mGl18fA==
  dependencies:
    hey-listen "^1.0.8"
    tslib "^2.1.0"

three-mesh-bvh@^0.5.2:
  version "0.5.16"
  resolved "https://registry.yarnpkg.com/three-mesh-bvh/-/three-mesh-bvh-0.5.16.tgz#ed8518355fb70d7da6a5537558ba43f76a56b067"
  integrity sha512-kN3QGKJNiQQcuiOsjVIkjtPnV3PJa+0Orih2E52afa+kQfs3zfoYt6Kxn6b6RNiAfaQ+7ckwPK0mTVFVl2F2LA==

three-stdlib@^2.6.1:
  version "2.12.1"
  resolved "https://registry.yarnpkg.com/three-stdlib/-/three-stdlib-2.12.1.tgz#b63de05cf7f7803e630a7c0c5887e85ae06178ca"
  integrity sha512-G3SSsCOBiWa0sjjPt+K28ikQ84Plm/ZVUozMfWagK59kZqBWcaPVXpOThkAgvdBpm2zCWLW3edAoW/4XIbljVQ==
  dependencies:
    "@babel/runtime" "^7.16.7"
    "@webgpu/glslang" "^0.0.15"
    chevrotain "^10.1.2"
    draco3d "^1.4.1"
    fflate "^0.6.9"
    ktx-parse "^0.2.1"
    mmd-parser "^1.0.4"
    opentype.js "^1.3.3"
    potpack "^1.0.1"
    zstddec "^0.0.2"

three@^0.135.0:
  version "0.135.0"
  resolved "https://registry.yarnpkg.com/three/-/three-0.135.0.tgz#cff4ec8edd3c51ce9bc7e88d13e8eafed4d0ddfc"
  integrity sha512-kuEpuuxRzLv0MDsXai9huCxOSQPZ4vje6y0gn80SRmQvgz6/+rI0NAvCRAw56zYaWKMGMfqKWsxF9Qa2Z9xymQ==

tiny-inflate@^1.0.3:
  version "1.0.3"
  resolved "https://registry.yarnpkg.com/tiny-inflate/-/tiny-inflate-1.0.3.tgz#122715494913a1805166aaf7c93467933eea26c4"
  integrity sha512-pkY1fj1cKHb2seWDy0B16HeWyczlJA9/WW3u3c4z/NiWDsO3DOU5D7nhTLE9CF0yXv/QZFY7sEJmj24dK+Rrqw==

troika-three-text@^0.44.0:
  version "0.44.0"
  resolved "https://registry.yarnpkg.com/troika-three-text/-/troika-three-text-0.44.0.tgz#7c1a785c1aea9acc7631651acac97f2dbed2f26f"
  integrity sha512-YwqXczjXQ4yq2a2ufO9icOIjeJutE/ODS8PHmmt/WAzVFqoiqeemclp/Ewiqm0+sdI1KnWRm6lj8df/zmhU3Og==
  dependencies:
    bidi-js "^1.0.2"
    troika-three-utils "^0.44.0"
    troika-worker-utils "^0.44.0"

troika-three-utils@^0.44.0:
  version "0.44.0"
  resolved "https://registry.yarnpkg.com/troika-three-utils/-/troika-three-utils-0.44.0.tgz#c19bcbedb08bff96b8a38cf8b4a60da3b12bb44b"
  integrity sha512-gaEpqrlWnkrVU5UgUx+YZTC8NrhsA2Tt6zEIbn3WNuom7pLtrgjuHpAM72gif7DoYdOWEyFco3Zb6rpJh9Fodg==

troika-worker-utils@^0.44.0:
  version "0.44.0"
  resolved "https://registry.yarnpkg.com/troika-worker-utils/-/troika-worker-utils-0.44.0.tgz#a236dc004b7a3c187ae8f14a6b497e54661e12c8"
  integrity sha512-/ETcH1rUoO9hVBL6Ifea2WOoGPw90ncrk8b8SJKTLtzcQvEWRIZ4eUxlVCtU93fLechCV+DWPs1y8+Bjh1WaJg==

tslib@^2.1.0, tslib@^2.3.1:
  version "2.4.0"
  resolved "https://registry.yarnpkg.com/tslib/-/tslib-2.4.0.tgz#7cecaa7f073ce680a05847aa77be941098f36dc3"
  integrity sha512-d6xOpEDfsi2CZVlPQzGeux8XMwLT9hssAsaPYExaQMuYskwb+x1x7J371tWlbBdWHroy99KnVB6qIkUbs5X3UQ==

use-asset@^1.0.4:
  version "1.0.4"
  resolved "https://registry.yarnpkg.com/use-asset/-/use-asset-1.0.4.tgz#506caafc29f602890593799e58b577b70293a6e2"
  integrity sha512-7/hqDrWa0iMnCoET9W1T07EmD4Eg/Wmoj/X8TGBc++ECRK4m5yTsjP4O6s0yagbxfqIOuUkIxe2/sA+VR2GxZA==
  dependencies:
    fast-deep-equal "^3.1.3"

utility-types@^3.10.0:
  version "3.10.0"
  resolved "https://registry.yarnpkg.com/utility-types/-/utility-types-3.10.0.tgz#ea4148f9a741015f05ed74fd615e1d20e6bed82b"
  integrity sha512-O11mqxmi7wMKCo6HKFt5AhO4BwY3VV68YU07tgxfz8zJTIxr4BpsezN49Ffwy9j3ZpwwJp4fkRwjRzq3uWE6Rg==

webgl-constants@^1.1.1:
  version "1.1.1"
  resolved "https://registry.yarnpkg.com/webgl-constants/-/webgl-constants-1.1.1.tgz#f9633ee87fea56647a60b9ce735cbdfb891c6855"
  integrity sha512-LkBXKjU5r9vAW7Gcu3T5u+5cvSvh5WwINdr0C+9jpzVB41cjQAP5ePArDtk/WHYdVj0GefCgM73BA7FlIiNtdg==

zstddec@^0.0.2:
  version "0.0.2"
  resolved "https://registry.yarnpkg.com/zstddec/-/zstddec-0.0.2.tgz#57e2f28dd1ff56b750e07d158a43f0611ad9eeb4"
  integrity sha512-DCo0oxvcvOTGP/f5FA6tz2Z6wF+FIcEApSTu0zV5sQgn9hoT5lZ9YRAKUraxt9oP7l4e8TnNdi8IZTCX6WCkwA==

zustand@^3.5.1, zustand@^3.5.13:
  version "3.7.2"
  resolved "https://registry.yarnpkg.com/zustand/-/zustand-3.7.2.tgz#7b44c4f4a5bfd7a8296a3957b13e1c346f42514d"
  integrity sha512-PIJDIZKtokhof+9+60cpockVOq05sJzHCriyvaLBmEJixseQ1a5Kdov6fWZfWOu5SK9c+FhH1jU0tntLxRJYMA==
