{
  "https://framer.com/m/Figma-Plugin-g95F.js": { "resolved": "https://framerusercontent.com/modules/LK5gfBhvQqTUmpfPqL7g/7FRplwF3pfe2QyFzSiJk/tNpoQk34A.js", "integrity": "sha512-eA3ChCCFdXQgYL/zG5PmjhyIOnwLFKB9tKmFAVdh8GiG0ofF/Sy3aKvO9z+ZUTCqbulSiulb4G9V379fqXSMRA==", "contentType": "text/javascript; charset=UTF-8" },
  "https://framer.com/m/feather-icons/home.js@0.0.29": { "resolved": "https://framerusercontent.com/modules/8tFVJ9SCM5akQRM0UzVD/YkxZV5bKC4LrRDEdvAgQ/home.js", "integrity": "sha512-arnmUN2WSmA/q2kyL3zqy5Ku0OyOBATVx5d6fgsI7y3Yzy431mvytzPZNvVz0E/PAH1TQo4tF+5WTLmDC4HeuA==", "contentType": "text/javascript; charset=UTF-8" },
  "https://framer.com/m/framer/icon-nullstate.js@0.7.0": { "resolved": "https://framerusercontent.com/modules/DyldKav0OOAWR3bCAlhK/8c3l9FzyOlGpbPncYhfc/nullstate.js", "integrity": "sha512-QT6Gp3FNH3E9jEhKnxIz/B0SQoyp964nPjDbLguvfdbVGxoCuAJHuNodoXz3StFSRtZArE5t3LiPAyL7zwpcYA==", "contentType": "text/javascript; charset=UTF-8" },
  "https://framer.com/m/framer/randomID.js@^2.0.0": { "resolved": "https://framerusercontent.com/modules/9v9kZvfG4dVIvUGXWTUG/0XmuCxJqtgJLC9OHPU64/randomID.js", "integrity": "sha512-I+aLLdwOzklP4OSw18GaKkpPVOXMsJom4XsE1f7sHs6QAIRtiS0+u4KK+06kc4T24On08AaP54d6F3ZS5zhlNA==", "contentType": "text/javascript; charset=UTF-8" },
  "https://framer.com/m/framer/useConstant.js@^1.0.0": { "resolved": "https://framerusercontent.com/modules/e6iTGMqgmkFJvN0mYhkr/KWXeR1JD2kMVZ95etjSs/useConstant.js", "integrity": "sha512-AWOENGlFPMLr/lWIIT5WyYDo8DWBJGywUpoDdSttgt2m0GZ/vm4xU5hI2eykze45HhprugVxpPjMFusU/FDpaA==", "contentType": "text/javascript; charset=UTF-8" },
  "https://framerusercontent.com/modules/0MPpnoDlxIc1Yx1RNElq/rhBfmxWTl3GyR429iZHQ/TailwindCSS.js": { "integrity": "sha512-X9SRxD9/lRG3qZpHBMdmBNnlkiPaDyg8NS6GuTQgoebbMeKWNOKj7cNKYNFVr7c9TutZeiACCMAnR5yyVeJvKw==", "contentType": "text/javascript; charset=UTF-8" },
  "https://framerusercontent.com/modules/9tV1QYoEh6SHUTCd9QxN/okS5gHAfRYWX1S4yZImo/XWP78T8ip.js": { "integrity": "sha512-PE7Yah7DafArxWAIYLLYUp5CJOuYtCI6NzfxNPm4HyoBC7nq6jXCt2prLjPf5VLZV/HchcyMIGuijDX/Nv1/Uw==", "contentType": "text/javascript; charset=UTF-8" },
  "https://framerusercontent.com/modules/L2O8dyA5XY4J6RO9mnWj/3GKMoImUDVXImE2gqoML/DesignSystem.js": { "integrity": "sha512-Lz/iXTgN0X+GGseJCbZE65dDRQkIYzj3H1kFXmjC0vXWj9WqVRbj/Or7QffmuhG+zaNf8zEO++fGO2lIJGe/8Q==", "contentType": "text/javascript; charset=UTF-8" },
  "https://framerusercontent.com/modules/Ma20hU0GGRxLxZphbywl/OSpwWF91FHPVFyQJjMHt/utils.js": { "integrity": "sha512-7NNUFsS67eXMltlUwxiHRQ6JdYBDN4yO2FyQdmuplcU+0WbwE9hi/WSnfS15uvAWQYdoNUglXWpy9JpusUfs4A==", "contentType": "text/javascript; charset=UTF-8" },
  "https://framerusercontent.com/modules/W9BMybEH4D0i6Fd5jmDE/oGFgbH7FieoxUVr9GRD5/PCVAIhFQw.js": { "integrity": "sha512-W5N6WlQFko5E4esB6EadYdItrXsOTSsi8Toy8nyIre89weY2YEAmUS0ahySIZf1ECwO8D9GDsUfA0PG7pu9M5w==", "contentType": "text/javascript; charset=UTF-8" },
  "https://framerusercontent.com/modules/f0DboytQenYh21kfme7W/0pLhZgteIMGONoge6j70/Feather.js": { "integrity": "sha512-odKInsqKcOuDIc72qP6IQo+KYPBubcwvsZROhGs5CD27ny4MnMC+o8iBMo/55tG3I4UirntCCB+PFjDTjcwg/Q==", "contentType": "text/javascript; charset=UTF-8" },
  "https://framerusercontent.com/modules/f0DboytQenYh21kfme7W/8wMRKrSQDZ6NDbLhK7JF/Feather.js": { "integrity": "sha512-I+ElN4DbR7LWSTxfebxAH5VM6gDC5P6la+BFe6Fm3buDBGxUXroa67SUicAdFPgcgEVKzKUqAq7SRc66nvrfpQ==", "contentType": "text/javascript; charset=UTF-8" },
  "https://framerusercontent.com/modules/u5cMcXt3Oyyj5xcup2KX/AIUnGi6xefTBrvhAbYwr/Overrides.js": { "integrity": "sha512-H7ycoxilBLHhGxgzymCbbCUqpiiyENxYNG4lSxyWv3GzVnv0Vjk1WBS/Zka/9/LL0DnRQ7nGlugFHDh0M0HyTg==", "contentType": "text/javascript; charset=UTF-8" },
  "https://gh.ruucm.work/shadergradient/shadergradient@0.3.16/Gradient/Gradient.js": { "integrity": "sha512-pr1Vd+2b657AYkItBQRZdd5bJNCta6+kl8Mx0Kp0ikevtPiRzKPzRM3eOtfZfkBxTQYWVppokVWFPcrhvByq6g==", "contentType": "application/javascript; charset=utf-8" },
  "https://gh.ruucm.work/shadergradient/shadergradient@0.3.16/Gradient/LCanvas.js": { "integrity": "sha512-UNZHdykhxd4/7pHm6Qv8Qvzjnw5ILA0gGO7F6uzMPPwBrVqnPQmfmYnUN+mVzywo4Ysq4PkX9SGz41Fpl4xhWw==", "contentType": "application/javascript; charset=utf-8" },
  "https://gh.ruucm.work/shadergradient/shadergradient@0.3.16/Gradient/comps/CameraControl/CameraControl.js": { "integrity": "sha512-Rou2Hdli4uGoSaSkd7dtJRGDIPb8E3SSpqENDotUyXPKUVgy0yk+QRYNir7pwtyQyXTbRuNv0untAWLDJmct9g==", "contentType": "application/javascript; charset=utf-8" },
  "https://gh.ruucm.work/shadergradient/shadergradient@0.3.16/Gradient/comps/CameraControl/index.js": { "integrity": "sha512-opYjqb77q3sBLJB4WzOnTV7SffZdQeOjqWzI5QM8fuwGhdFwAShOmf+dkz59zhTp/kvK2QYaWicPFbj0DdIj2g==", "contentType": "application/javascript; charset=utf-8" },
  "https://gh.ruucm.work/shadergradient/shadergradient@0.3.16/Gradient/comps/CameraControl/useCameraAnimation.js": { "integrity": "sha512-CKvDW9VrnzawOGOwaLtHSrzZeZOT1j32vQa/ti3CIi1JKK7/75OIvkFdYsPRjESuQNIh6xAlhdMXYGIcPerWPQ==", "contentType": "application/javascript; charset=utf-8" },
  "https://gh.ruucm.work/shadergradient/shadergradient@0.3.16/Gradient/comps/Environment/EnvironmentMap.js": { "integrity": "sha512-h1NaiwLC0vg9+Uq8Bo6MP6GOYYRo6S1lUN/UqeT7eiWW1KEJDCbDDWdK98OPBo6DZ8D+wnp1JcCzwWzB+a9/Vw==", "contentType": "application/javascript; charset=utf-8" },
  "https://gh.ruucm.work/shadergradient/shadergradient@0.3.16/Gradient/comps/GradientMesh/GradientMesh.js": { "integrity": "sha512-Es1o9XOduiB+xppjXgdXR+5XUm5u/JWu1bteHGbnjxhpXrfqr0gRrsotFUokFGwq2sTpDqgLAl03dPj1FQbV4A==", "contentType": "application/javascript; charset=utf-8" },
  "https://gh.ruucm.work/shadergradient/shadergradient@0.3.16/Gradient/comps/GradientMesh/index.js": { "integrity": "sha512-ktu2cNQeaigfiPC+0cUlJDCwwpDLUW5f+yCGkVlFOi2dr7FMOL8XrvX9rdZ1XEUSgj504UD9Ul+rFDbMeAlxxw==", "contentType": "application/javascript; charset=utf-8" },
  "https://gh.ruucm.work/shadergradient/shadergradient@0.3.16/Gradient/comps/GradientMesh/lineMaterial.js": { "integrity": "sha512-JG9p69b9zTiBnkL/cfAt+OHBSxTLODPRFBUHqi1AyuB35fyX6x52tViQfvl4vhL/qonlvvxCEl/uSj5kC12Mmw==", "contentType": "application/javascript; charset=utf-8" },
  "https://gh.ruucm.work/shadergradient/shadergradient@0.3.16/Gradient/comps/GradientMesh/shaderMaterial.js": { "integrity": "sha512-Ab5PArEJE96Q40CvC+E0QZ+YfI56TsNPnsGbhe7N3h3IKhoKn9j9OMbr5ccdKGyFS4iRYLmSayw80nSlWPE/ew==", "contentType": "application/javascript; charset=utf-8" },
  "https://gh.ruucm.work/shadergradient/shadergradient@0.3.16/Gradient/comps/GradientMesh/shaders/defaults/index.js": { "integrity": "sha512-o5NaEzASRKnDhrI2kPJsI60pWkhQyDR9RCJd2kDLmo46jiXhWeELnpgAp8edjxkohwOltLdnkyAgO7nxp7nbLw==", "contentType": "application/javascript; charset=utf-8" },
  "https://gh.ruucm.work/shadergradient/shadergradient@0.3.16/Gradient/comps/GradientMesh/shaders/defaults/plane/index.js": { "integrity": "sha512-A7K1UVQS+06XnT1PSw957gfl7zXS5AAFE9Ag12UE8RS4on86OSXKyqpPNbugJHVefSzJxxS8mw2CWqnN7csSnw==", "contentType": "application/javascript; charset=utf-8" },
  "https://gh.ruucm.work/shadergradient/shadergradient@0.3.16/Gradient/comps/GradientMesh/shaders/defaults/sphere/index.js": { "integrity": "sha512-4RqKnhnkBkgvOAGEFaxdnyjHz/qPUyj/DCzfTK1WbkoxLvOo8WElfmX9jFDh6oHGO9hXWMKXlxYqCZy/O1ARLQ==", "contentType": "application/javascript; charset=utf-8" },
  "https://gh.ruucm.work/shadergradient/shadergradient@0.3.16/Gradient/comps/GradientMesh/shaders/defaults/waterPlane/index.js": { "integrity": "sha512-HAryaQk1rk4CEFklZImK3RNwDOrqgZqGq6a/cThYWIA6obtUujP2tgBQ3Po4dwHzcnrsZ1wCv/ZwufMEQgm6HA==", "contentType": "application/javascript; charset=utf-8" },
  "https://gh.ruucm.work/shadergradient/shadergradient@0.3.16/Gradient/comps/GradientMesh/shaders/index.js": { "integrity": "sha512-EUmWOO23KfguwM++F00gy8yey1uAxWXqIz/+Cagk+F2Y+xEWQMcPLWN/xJ0Oilm+DHbfyYUEWVQUeudpu2R46Q==", "contentType": "application/javascript; charset=utf-8" },
  "https://gh.ruucm.work/shadergradient/shadergradient@0.3.16/Gradient/comps/GradientMesh/shaders/tests/blueMix/index.js": { "integrity": "sha512-MVtu/5UL0HS0pxXie/iOPNj3Wt3D2ZbJewNJY8nVl1fK+mDn3f9dwq8bZj6H3keM9xryNfJVBxOge/6gcrcTYw==", "contentType": "application/javascript; charset=utf-8" },
  "https://gh.ruucm.work/shadergradient/shadergradient@0.3.16/Gradient/comps/GradientMesh/shaders/tests/colorNormalMix/index.js": { "integrity": "sha512-0NukuAYEn7drtm7BvxvcpvOedtXzgLI24ebH0vyt2hAwKdlEUndEM4sktnkhnrg2+84qM/uSHFlIh3erlB2NkA==", "contentType": "application/javascript; charset=utf-8" },
  "https://gh.ruucm.work/shadergradient/shadergradient@0.3.16/Gradient/comps/GradientMesh/shaders/tests/colorPosMix/index.js": { "integrity": "sha512-dZFwGnVrx1RPITJKZFnTqEWX+ZDP2b2Go5j8eQ7yZdvVEIDPIdkbsd73EokAEuYL5NB/f6qbsK+EREgk3PMgcQ==", "contentType": "application/javascript; charset=utf-8" },
  "https://gh.ruucm.work/shadergradient/shadergradient@0.3.16/Gradient/comps/GradientMesh/shaders/tests/grain/index.js": { "integrity": "sha512-TOn273Y5qawRnU5x3P0X/bSmfDXNR53L8SiRUsJT+3nJelhDQU2V2YP5iAoAI6zIScygDi3d6y++02YvQ9jGtw==", "contentType": "application/javascript; charset=utf-8" },
  "https://gh.ruucm.work/shadergradient/shadergradient@0.3.16/Gradient/comps/GradientMesh/shaders/tests/noise/index.js": { "integrity": "sha512-qzd+c0XIph3U9I25QiEgoASn6D6ToFlvs04XY24ychL4zWTaO3RFYVMG7vt6BaQM1jA/KWe634dXP6zqUhFSvA==", "contentType": "application/javascript; charset=utf-8" },
  "https://gh.ruucm.work/shadergradient/shadergradient@0.3.16/Gradient/comps/GradientMesh/shaders/tests/planeTest/index.js": { "integrity": "sha512-g1KJ652OmmEF23RmwqbGPgzHy3HM64vsyrqnf6jSUrv/zvTQzGPRebigmV87ck2bN12V2ciNpDVws4iqC3VXHg==", "contentType": "application/javascript; charset=utf-8" },
  "https://gh.ruucm.work/shadergradient/shadergradient@0.3.16/Gradient/comps/GradientMesh/shaders/tests/snakeHalftone/index.js": { "integrity": "sha512-PjpKwdg8P5OI/gyZ7qZSmYxbKZNf4gq8L1fD5+quWZ+79ibO80H4LU2RpmavbtHcvn2RdL6gX+5r3oXGQqeAyQ==", "contentType": "application/javascript; charset=utf-8" },
  "https://gh.ruucm.work/shadergradient/shadergradient@0.3.16/Gradient/comps/GradientMesh/shaders/tests/stripe/index.js": { "integrity": "sha512-6bCTzSKlVLZlcCkQhQuJRNLRI6sOWWY0t3+lcw9CQDMuGwTeUK9yuL50wYBVSn+0LP5a3j3AFbujMW4tp/HYIQ==", "contentType": "application/javascript; charset=utf-8" },
  "https://gh.ruucm.work/shadergradient/shadergradient@0.3.16/Gradient/comps/GradientMesh/shaders/tests/test/index.js": { "integrity": "sha512-DR2j+2hhU6JN5frorVmH01V0y+o2lfA4bFX0kD2+5P990QATVTCHmHQ4l8OQW9EseRda9rU8BP9hRp0CT5kN5Q==", "contentType": "application/javascript; charset=utf-8" },
  "https://gh.ruucm.work/shadergradient/shadergradient@0.3.16/Gradient/comps/GradientMesh/shaders/tests/test2/index.js": { "integrity": "sha512-MH1Yzw5lG3O2liaac6gPW4SQpPtE8KWbevcENoeAS/A6E62nU6heWl4GaSUC3VoGl0FWuEfSNVpIBEOcKU+UsQ==", "contentType": "application/javascript; charset=utf-8" },
  "https://gh.ruucm.work/shadergradient/shadergradient@0.3.16/Gradient/comps/GradientMesh/shaders/tests/twoColorMixWithDepth/index.js": { "integrity": "sha512-xrfrepLdbHLIov6P/QCCLZ21iiaVxSk4gBnRMZOKDyhdAlhm34WS1HViv9pwQHQXDD2jklPIVt15VGpgMlr18A==", "contentType": "application/javascript; charset=utf-8" },
  "https://gh.ruucm.work/shadergradient/shadergradient@0.3.16/Gradient/comps/GradientMesh/shaders/tests/whatthe/index.js": { "integrity": "sha512-vL+/3nOzI+xjz12GD6rgS9Tu0wtAc6VsONFR2pra2DCqI4xmN7MIWn87HA4GpiRBeEX8G6qFevUONUWyBEeVbw==", "contentType": "application/javascript; charset=utf-8" },
  "https://gh.ruucm.work/shadergradient/shadergradient@0.3.16/Gradient/index.js": { "integrity": "sha512-M/X3L7WXBEjgAyXXDJ9RAuSRj51/w+JHNEvLDIAm4+ml3twFLxLHiidtdZjKoW/16oRlut+IXxj5LyCFC16Wvw==", "contentType": "application/javascript; charset=utf-8" },
  "https://gh.ruucm.work/shadergradient/shadergradient@0.3.16/Gradient/useRGBELoader.js": { "integrity": "sha512-aMvAsjk8swpWzH5L+IHNyclWK7xJq9Xg9bQkTaXLJXTDWGlgHkaiUjxEuHvWZ1Aa+3H181GhfxDBlcR4bpw9JQ==", "contentType": "application/javascript; charset=utf-8" },
  "https://gh.ruucm.work/shadergradient/shadergradient@0.3.16/Overrides/FigmaApi.js": { "integrity": "sha512-EqQhGxjuwPR32PfLmNN2NRqT3R4zQrQeN6y36TMpWKfHGAriIj5x9VQ43ToIyjiA5VjKOrY+B37GpZMWqIm+Xw==", "contentType": "application/javascript; charset=utf-8" },
  "https://gh.ruucm.work/shadergradient/shadergradient@0.3.16/Overrides/FigmaPlugin.js": { "integrity": "sha512-kSNC2lLkR/oOZFzws5mJCnGyct1WrCRjntMTx3klhj8sxoI2fKdNYW9s97uMN00NESCKd5MkZCrc1lbe9yeO0g==", "contentType": "application/javascript; charset=utf-8" },
  "https://gh.ruucm.work/shadergradient/shadergradient@0.3.16/Overrides/index.js": { "integrity": "sha512-OyvPx08Ur4xA7gH68fgXq/T/+sUOUAqSa9592q9leODCLlJYehDJuBBHS2M4swXESaeTp1SPrJBPj89j5ZNksA==", "contentType": "application/javascript; charset=utf-8" },
  "https://gh.ruucm.work/shadergradient/shadergradient@0.3.16/UI/Button.js": { "integrity": "sha512-J3hn9ykWlPTmXY4hahDfZAyiKc0BQnfei6bnvUWiv/VJwR9kt2iJEXLn4qYKlB+FaxcDDzvz17pVAaM+OCI82g==", "contentType": "application/javascript; charset=utf-8" },
  "https://gh.ruucm.work/shadergradient/shadergradient@0.3.16/UI/Controls/AllControls/AllControls.js": { "integrity": "sha512-JKj8aKexekbj4Zn2YXaTIJb38cddC8D9FL6DkPMHHX5kAiFP5fSV1MO0+rPzT9t5CwlVjcdQMA/9gFnCClJvQg==", "contentType": "application/javascript; charset=utf-8" },
  "https://gh.ruucm.work/shadergradient/shadergradient@0.3.16/UI/Controls/AllControls/HorizontalControl.js": { "integrity": "sha512-yLHUSVcByqfigGautuQCfulOy53fUJQYmqhOjORK2IWG/nvh3Gt9rmYgvBcLr8qsvM6sTaNee3+qk1qqhi+Nrw==", "contentType": "application/javascript; charset=utf-8" },
  "https://gh.ruucm.work/shadergradient/shadergradient@0.3.16/UI/Controls/AllControls/index.js": { "integrity": "sha512-C/kFmZpi/SlTPIOZSGIR9jJVPANHxXyvoIs7qOWMfv9ntAagRj+cOWtARknqcHEl7hqID21fQohXdngbK4kSig==", "contentType": "application/javascript; charset=utf-8" },
  "https://gh.ruucm.work/shadergradient/shadergradient@0.3.16/UI/Controls/BackgroundControls.js": { "integrity": "sha512-v3ruph4DwpzMbpKOPovIweJ2ivwl+kLT1rEtLqTPgsSRaCL0ntWCaBVROXW+4h/EdJlyrm/H+a2BY7MHOIvD8Q==", "contentType": "application/javascript; charset=utf-8" },
  "https://gh.ruucm.work/shadergradient/shadergradient@0.3.16/UI/Controls/ColorControls.js": { "integrity": "sha512-PBDAkEpBQSKaU5YnSOdttQE6VlOm3dx4SqwajrVrye5dxvVM8yjslk42XvdpNyI32CEPx4xyP695LxHqPONV+w==", "contentType": "application/javascript; charset=utf-8" },
  "https://gh.ruucm.work/shadergradient/shadergradient@0.3.16/UI/Controls/EffectControls.js": { "integrity": "sha512-t2tw8nUqhSJv54ll7EWcGkgTAxt3K2FqFJ4T4Id3zV8jSJ48DYO8e3OaXEUgDV8XcR4tF+EOG0BZlULKV/RD2Q==", "contentType": "application/javascript; charset=utf-8" },
  "https://gh.ruucm.work/shadergradient/shadergradient@0.3.16/UI/Controls/InputPanel.js": { "integrity": "sha512-n4aZinbaaoVepousc1PRGksqgLBdpahySFd0UX0Y5Zd9nisZdodzyvbzOZvj/YUxQ1FhWfOujp5+0rzOr3GUPQ==", "contentType": "application/javascript; charset=utf-8" },
  "https://gh.ruucm.work/shadergradient/shadergradient@0.3.16/UI/Controls/ShapeControls.js": { "integrity": "sha512-4wb/gMo6xgWVtNYxDYFTowjQ2BbJiPZN1nfbsoT9cL4LQBUWDX7nP5XwzctjzJQ3cMmgfcd4HG/vfMC+IgxJBg==", "contentType": "application/javascript; charset=utf-8" },
  "https://gh.ruucm.work/shadergradient/shadergradient@0.3.16/UI/Controls/TestControl.js": { "integrity": "sha512-LRABeb0a+5MqgfyTKP8eS9+CZwllp5Aw17aWOqD3LYe1WN2pHdLRhevh7qMwxjgrLYaNWz7DRq2TPlWp0FTH8Q==", "contentType": "application/javascript; charset=utf-8" },
  "https://gh.ruucm.work/shadergradient/shadergradient@0.3.16/UI/Controls/Tools/AxisButton.js": { "integrity": "sha512-zZvgaDkhSaNfpXxED3iVt3M04Ew8XPGisELGOHs+zxDFjWaMHgjLb1RrBotG3HalY53XW2fWtPlB8+k3K1DSBA==", "contentType": "application/javascript; charset=utf-8" },
  "https://gh.ruucm.work/shadergradient/shadergradient@0.3.16/UI/Controls/Tools/ControlTypeTitle.js": { "integrity": "sha512-zJlQHvihsWL4WaQTM6V32OvbDG3qN/beHYkfmgcrlvopY1PfaNUxWj4XpcTZqdQzfF4PTJBXPlMPcSiS47/Mgg==", "contentType": "application/javascript; charset=utf-8" },
  "https://gh.ruucm.work/shadergradient/shadergradient@0.3.16/UI/Controls/Tools/ControlTypeTitles.js": { "integrity": "sha512-k/REyHT3AAI4mSfSV0LiTqa+Ls50QBwxQFBVeJtoIiyrYQ6FrQajd3zTzUALmgMa3gsAzXeyDk2VK5vlEg6oHg==", "contentType": "application/javascript; charset=utf-8" },
  "https://gh.ruucm.work/shadergradient/shadergradient@0.3.16/UI/Controls/Tools/Feather.js": { "integrity": "sha512-VIvzLBV2BmQCwcg8DVhm0QDYqCcqP3vYAVlLduVL3jgfft10fE+4vFO/LN1/fci3F1tIxXf+ntPJi8QcDpFXNQ==", "contentType": "application/javascript; charset=utf-8" },
  "https://gh.ruucm.work/shadergradient/shadergradient@0.3.16/UI/Controls/Tools/IconButtons.js": { "integrity": "sha512-40iLBPSZ5Q+hKYB9NZbEjN1eOHBWfrkMrgkqK4fn4SOn5r3aDmqGx92YDLQ3CZpPbUmoP0uqvkEARG60N9v1Fg==", "contentType": "application/javascript; charset=utf-8" },
  "https://gh.ruucm.work/shadergradient/shadergradient@0.3.16/UI/Controls/Tools/Tools.js": { "integrity": "sha512-HjDAaVj3HA2+0Kqo5Ebr6PfYUCkuoksxOXM/+FvnLVtS9M3z6ir1jIZdNBrwoz2Hcz5jNuZmcQzQDy1FCIoOsQ==", "contentType": "application/javascript; charset=utf-8" },
  "https://gh.ruucm.work/shadergradient/shadergradient@0.3.16/UI/Controls/Tools/ToolsBox.js": { "integrity": "sha512-ZSMLPawwduDbv9+KabQ/ZnTT7Za1D7qJ4pKe4cJhgzGjKdXY2oyKZaT8iclka0f4aV1Z6Bonx97ar2GWAi1jOA==", "contentType": "application/javascript; charset=utf-8" },
  "https://gh.ruucm.work/shadergradient/shadergradient@0.3.16/UI/Controls/Tools/index.js": { "integrity": "sha512-TgCJtU9Xh1M33cCCseyTFGNJatpV55tqY9aC4p9JUpLhNJWQeiwo2BN6g4/Ttg1QrvQQAFjHDXquyuf+Kb4c4g==", "contentType": "application/javascript; charset=utf-8" },
  "https://gh.ruucm.work/shadergradient/shadergradient@0.3.16/UI/Controls/ViewControls.js": { "integrity": "sha512-i7wiTfhgYRCs4s+gRX297MnkrokT5gQVP4nZTvLOTKMKPHuRItUCGoEVyKRBxh7sZPn6r/eq8lg0L6iy88VFtg==", "contentType": "application/javascript; charset=utf-8" },
  "https://gh.ruucm.work/shadergradient/shadergradient@0.3.16/UI/Controls/index.js": { "integrity": "sha512-QQxCpyCHMwFqaoPeuCxwFipxw6aA4C+sBrZikoLx8IogKnv4rNCbfA8vf5BZIS+KqWrudoT3BCTE/ayZ+a60SA==", "contentType": "application/javascript; charset=utf-8" },
  "https://gh.ruucm.work/shadergradient/shadergradient@0.3.16/UI/Cursor/Cursor.js": { "integrity": "sha512-cPWNaQ412NMHRi/OuoJ7NUYXY/znnQHflZPQImmpiO4AvuIJoDDtQ6bmxRc02T1i8Td4V/tOREHyNgDZgx5hbg==", "contentType": "application/javascript; charset=utf-8" },
  "https://gh.ruucm.work/shadergradient/shadergradient@0.3.16/UI/Cursor/index.js": { "integrity": "sha512-fketwh6OmII7phew6exJ8rSAOjVASJU5TMPxq/APGXBYE8h/OV8/ScN3aJ4UAp4JFzs4FIf7PequeYIj2BwvXA==", "contentType": "application/javascript; charset=utf-8" },
  "https://gh.ruucm.work/shadergradient/shadergradient@0.3.16/UI/Header/AboutBtn.js": { "integrity": "sha512-KDearU8/eM69MbD+mIJUBFGTGuaoki2GInkLgJYOBo4T4U2wPlNOITTZfIMowYh5n0gv6fC9j4MK24dWrT5h1w==", "contentType": "application/javascript; charset=utf-8" },
  "https://gh.ruucm.work/shadergradient/shadergradient@0.3.16/UI/Header/Header.js": { "integrity": "sha512-LCC2ey0j6KNWCx0CK9FUJfQttICoZ004VeJaFJadhEcK0TvuRR29tBPQMjrdBwhzSgznbH3BGidXRHl6gBE8nA==", "contentType": "application/javascript; charset=utf-8" },
  "https://gh.ruucm.work/shadergradient/shadergradient@0.3.16/UI/Header/TextLogo.js": { "integrity": "sha512-PSp1xzjEI8jzs+TJmRBuumeX3m94OfSsFBng8N59l7C9NS7wUuHTzlA2HRE9/HIKqPAe2HHhIuz6vZ/I+8CsfA==", "contentType": "application/javascript; charset=utf-8" },
  "https://gh.ruucm.work/shadergradient/shadergradient@0.3.16/UI/Header/index.js": { "integrity": "sha512-hCLxbAVpL/ViEMsN/2MwnpS+wa2uQgWfNNvJNbIFFUkpiA9OwTo3oXMPTM3L9Ppl5FWm3V6GRpP4SmOlMvkPqw==", "contentType": "application/javascript; charset=utf-8" },
  "https://gh.ruucm.work/shadergradient/shadergradient@0.3.16/UI/HoverBox/HoverBox.js": { "integrity": "sha512-b8nkRXFo55pBQeVtUzGb7HGsEWYNrvd2324PlbWViyVs4HJ8P59m4TIuQHU2MDV8o3fu8CB6aadpDNECxWcSNQ==", "contentType": "application/javascript; charset=utf-8" },
  "https://gh.ruucm.work/shadergradient/shadergradient@0.3.16/UI/HoverBox/IconHoverBox.js": { "integrity": "sha512-NzIOY5ZZ84pZNt0f1WyEw6m16iYmlskY9lmLJWM66R84+L3p1onS8Jz0Z3pdA+OUnzIkfE4Edryr5xZQkLfCmw==", "contentType": "application/javascript; charset=utf-8" },
  "https://gh.ruucm.work/shadergradient/shadergradient@0.3.16/UI/HoverBox/TextHoverBox.js": { "integrity": "sha512-+4h/2pHu79c/l7IvOosuRZa8dr3W/5th96t2knZY8bQdA3qdJSDUaljxBlX6Ryg7BiFP7SAGAHTbx9X+nJIXLQ==", "contentType": "application/javascript; charset=utf-8" },
  "https://gh.ruucm.work/shadergradient/shadergradient@0.3.16/UI/HoverBox/index.js": { "integrity": "sha512-/aIN4KzU+sD2TxilLI9VYyIEQ0DgCg2Cm3i+4NM+xb4WHH2YoT2r91w6NdxrnMEhTWthcgeUkVfIg31rkVv6fA==", "contentType": "application/javascript; charset=utf-8" },
  "https://gh.ruucm.work/shadergradient/shadergradient@0.3.16/UI/Inputs/ColorInput/ColorInput.js": { "integrity": "sha512-IX0mjI/JJpn5I1AUXqIOpomXpbRlFvl5o5bsEBb2/kxsloTRo2upnd5kTAfBNC08CPhf002o9Tpjbal0ZyzIvA==", "contentType": "application/javascript; charset=utf-8" },
  "https://gh.ruucm.work/shadergradient/shadergradient@0.3.16/UI/Inputs/ColorInput/index.js": { "integrity": "sha512-7i3zsX6VwcENFM9TlStAgu4amqRrhx84wLBUHTfpzKm/1OY7rKc2Uzi0hoMRtqjuASUwCphR0hngeJ6v2N3DLw==", "contentType": "application/javascript; charset=utf-8" },
  "https://gh.ruucm.work/shadergradient/shadergradient@0.3.16/UI/Inputs/NumberInput/NumberInput.js": { "integrity": "sha512-Pi9RFjl/4QsGEahva9U9Ret5hmu3X9yewUAJfzouQHUFlUiHGj6Hxb5P4qZqovn2zOpapenBpxn7qkHYgigkeg==", "contentType": "application/javascript; charset=utf-8" },
  "https://gh.ruucm.work/shadergradient/shadergradient@0.3.16/UI/Inputs/NumberInput/index.js": { "integrity": "sha512-ZR8WUOCoAuE7XZLASoAVtnAd65R5T3ympQrIO3Ov3gSRF187EAUn0w+RsXck7tJmmr82F034qzIy4HlIRD4uxQ==", "contentType": "application/javascript; charset=utf-8" },
  "https://gh.ruucm.work/shadergradient/shadergradient@0.3.16/UI/Inputs/Radio.js": { "integrity": "sha512-tbz9Hn7KZwQtZkGJQQmu5LsEcN4p8A0ZSWny7scr3Xe/jo2ETr8b4hl1xV7YK1zlbOzndZ8zfsgw8wvB6HBjuw==", "contentType": "application/javascript; charset=utf-8" },
  "https://gh.ruucm.work/shadergradient/shadergradient@0.3.16/UI/Inputs/Slider.js": { "integrity": "sha512-CDPjFRe9KAn30C02h2P7rjyEUD4CSbm+8FRBxAo4U20jiorYoZgN6xK/RpYhLNmF4Azb8DpHAlxcWIje/MB4lw==", "contentType": "application/javascript; charset=utf-8" },
  "https://gh.ruucm.work/shadergradient/shadergradient@0.3.16/UI/Inputs/index.js": { "integrity": "sha512-CDmkKh3O/29x7d0hYJvC4mw+PUekRo0ejQBNvI0Fq6kbxCInS6d+bXucBKyu5B1Xd3TxhKohAbdWk5Pi9lRLhg==", "contentType": "application/javascript; charset=utf-8" },
  "https://gh.ruucm.work/shadergradient/shadergradient@0.3.16/UI/Links/Links.js": { "integrity": "sha512-oECA9g4r1NHDdyhZZ8zIwNzfm3UsoEjLAWlHBgpZFI7MfDwytBfWEy/seggY70gn5SY1GYloCYxcyiwv36hb0g==", "contentType": "application/javascript; charset=utf-8" },
  "https://gh.ruucm.work/shadergradient/shadergradient@0.3.16/UI/Links/index.js": { "integrity": "sha512-ra4lBF0A0lfS90Jq1ypxOA13nR24UmLQ3/NjD1mTx/CiMNUozyTZgH5MctHjMJew088LudK750NYeMOP58Spwg==", "contentType": "application/javascript; charset=utf-8" },
  "https://gh.ruucm.work/shadergradient/shadergradient@0.3.16/UI/PresetTitle/PresetTitle.js": { "integrity": "sha512-qYqmQV70fnGq8QncBx5RXIKMfc0wcoEusjXrF4jO9Vz8Pc0OiBp+F9jp4sBuM7GQDef99KE3s3ovivOhClws7A==", "contentType": "application/javascript; charset=utf-8" },
  "https://gh.ruucm.work/shadergradient/shadergradient@0.3.16/UI/PresetTitle/PresetTitles.js": { "integrity": "sha512-dfcA8IidNu5o24Y6tdcikNyAbVDR0UlXsUQpwnJK8Q9JBQ7PdUolEJJJ57+e66T5Dr4ipeMaJSWfZYKHop8ajw==", "contentType": "application/javascript; charset=utf-8" },
  "https://gh.ruucm.work/shadergradient/shadergradient@0.3.16/UI/PresetTitle/index.js": { "integrity": "sha512-cXozG0CfJpCFQTJePFlkFe1YIfrj2EgzuCPhN1GwNoA329JGuOt6EaNfGhmVsazDMfnE8V/iGzcsGrvzpDRNkg==", "contentType": "application/javascript; charset=utf-8" },
  "https://gh.ruucm.work/shadergradient/shadergradient@0.3.16/UI/PreviewBtn/PreviewBtn.js": { "integrity": "sha512-djfV1sUTzUWgQ2g6Tv2BBuJWy0Hs0S/y2vJ5QX21bVAotYvNkH3A50Ub8lw0YbptpTC2HncOPKMWpa3YPPsYVg==", "contentType": "application/javascript; charset=utf-8" },
  "https://gh.ruucm.work/shadergradient/shadergradient@0.3.16/UI/PreviewBtn/PreviewWrapper.js": { "integrity": "sha512-h61eQ4pkw3d1kBi5iKAias2aH6xxLA50ddR4Tex/P3hIFTaX1jcrMiUFPv8+eNwdjeNzojQYwkCjfrFNw1K1jw==", "contentType": "application/javascript; charset=utf-8" },
  "https://gh.ruucm.work/shadergradient/shadergradient@0.3.16/UI/PreviewBtn/index.js": { "integrity": "sha512-QLE6AheCRCyipsGoQMVqCdNe1gldSHuPXrgXcxnzxpt0wKH2tdJHkl2NSmYxUBvtbRXPFdq3DbFUfoijQ5cfPg==", "contentType": "application/javascript; charset=utf-8" },
  "https://gh.ruucm.work/shadergradient/shadergradient@0.3.16/UI/PropertyControls.js": { "integrity": "sha512-pwjH1T2qxv8o6zastxNGWjey8ftMlUx1TTBBCO2h35FAK5F/4dsuTfuZ2y3F3kYBy2bGgoc6NUb9hzg90s3s8w==", "contentType": "application/javascript; charset=utf-8" },
  "https://gh.ruucm.work/shadergradient/shadergradient@0.3.16/UI/Spacing.js": { "integrity": "sha512-hRx1kbrRAja0Rdbcrt0f+oE35Lc6FMfaaXiLSnHu+LULpF+Xt9iJeHmxPt+IEgIINN6hL03+QTL2kHDhYNukyg==", "contentType": "application/javascript; charset=utf-8" },
  "https://gh.ruucm.work/shadergradient/shadergradient@0.3.16/UI/TextAnimation/TextAnimation.js": { "integrity": "sha512-VEkuShjyC7Y5r5EgdzMildmvNO6RRnLQBxbi7prrEgoOUErGq5yL/zCfJ2W1VpqbFENwXz0j9x6yP9OB/d6grw==", "contentType": "application/javascript; charset=utf-8" },
  "https://gh.ruucm.work/shadergradient/shadergradient@0.3.16/UI/TextAnimation/TextHover.js": { "integrity": "sha512-8fYDn/wVcI1v5ncZdlpX2V8sAh0XRxwidE0KhxDqv37zwUv/UjeS2SdeqX2DczSrpBUMF9UO+UoLdS4hWzCgwQ==", "contentType": "application/javascript; charset=utf-8" },
  "https://gh.ruucm.work/shadergradient/shadergradient@0.3.16/UI/TextAnimation/index.js": { "integrity": "sha512-HpwZVJmf1FxJeljiNwMeYrYqq/0L2QuB4B2ZJFX5YuGsvVo8CusujWOKQJ0z+tMsQSxS8/xpG99elUWGIaFzBg==", "contentType": "application/javascript; charset=utf-8" },
  "https://gh.ruucm.work/shadergradient/shadergradient@0.3.16/UI/index.js": { "integrity": "sha512-zcchS1bNgpuKgeiiw7lLoibwqUkYuRv3XAJHmIeTM6mU32htjqsC8seOoL8UX9mVEvxbgjkBmD0vunaAZtydig==", "contentType": "application/javascript; charset=utf-8" },
  "https://gh.ruucm.work/shadergradient/shadergradient@0.3.16/consts.js": { "integrity": "sha512-upEjUcBdY40Hvhax9PzKYFFxlV0XD10Rd1HmyPVxNb0WFMk9DgMkzqBZeJpGvf+m0MOL9eOJn+2juGYc7ULebw==", "contentType": "application/javascript; charset=utf-8" },
  "https://gh.ruucm.work/shadergradient/shadergradient@0.3.16/hooks/index.js": { "integrity": "sha512-sorDsh6x8J2qVy6JH2JY8QNJ3pT3zcoC/LpADjg4CqWUfnArKp1R+237YTw9qPs8GsRS6Dg1sz6mjX15+zpryw==", "contentType": "application/javascript; charset=utf-8" },
  "https://gh.ruucm.work/shadergradient/shadergradient@0.3.16/hooks/useOnClickOutside.js": { "integrity": "sha512-mkboF5r/UCwIBAZ9fi1PI31u/DrvCF1SBqMHxHUAEM9U9WbDwFaWTBRf7nm2pY8wfQ8w+qtVPKM6Moj1npFSRA==", "contentType": "application/javascript; charset=utf-8" },
  "https://gh.ruucm.work/shadergradient/shadergradient@0.3.16/hooks/usePostProcessing/index.js": { "integrity": "sha512-9TZKryck2LfmQpivYrJvxkX1ylNLCHd6WCkXw145osxaCcC7dNx9gjFswBp7wTrYGT9WKqY25cJHj3/fA5+i5g==", "contentType": "application/javascript; charset=utf-8" },
  "https://gh.ruucm.work/shadergradient/shadergradient@0.3.16/hooks/usePostProcessing/lib/pp/HalftonePass.js": { "integrity": "sha512-FWVD4T/18ISD6voJ/tDmVg9gkTu6eUE3pghO4Sj0PGVF8xs57hvmLu2tsMMIOkA8PpBOECXhRKAxQQ9BQG2J8A==", "contentType": "application/javascript; charset=utf-8" },
  "https://gh.ruucm.work/shadergradient/shadergradient@0.3.16/hooks/usePostProcessing/lib/pp/HalftoneShader.js": { "integrity": "sha512-u79bmZO87r6XNMrmDvz11y/t+mVbzM4nPmxat0nGxPNTGrYhx69CqsoyQQbm9xqZReszZGTNGunoByL7PvhGhA==", "contentType": "application/javascript; charset=utf-8" },
  "https://gh.ruucm.work/shadergradient/shadergradient@0.3.16/hooks/usePostProcessing/lib/pp/Pass.js": { "integrity": "sha512-dO3a5EbOpX8QiCW9+z/1ifBjAV/9lIWk6M645lEROviD6sHSvw8i+0TnrD7dER4HW17KRnU5F65h7P9byxK49Q==", "contentType": "application/javascript; charset=utf-8" },
  "https://gh.ruucm.work/shadergradient/shadergradient@0.3.16/hooks/usePostProcessing/lib/pp/blending/BlendFunction.js": { "integrity": "sha512-Hhn9gk/0NrG54GKfKpGb0+BBIYiH77kC6uc5OLP2bVGZcGubhC1D/muX+bwAdBZUpZ57vPGNDF3FkjfGmlSScg==", "contentType": "application/javascript; charset=utf-8" },
  "https://gh.ruucm.work/shadergradient/shadergradient@0.3.16/hooks/usePostProcessing/lib/pp/blending/BlendMode.js": { "integrity": "sha512-0xhsREXP0FTvFKELjQ9IsL0pY+Wpu8rvE726FT52sgUwjaQTgQnIVxz2B88sxH2WesrW6fxLmbuH8X9k21MPpg==", "contentType": "application/javascript; charset=utf-8" },
  "https://gh.ruucm.work/shadergradient/shadergradient@0.3.16/hooks/usePostProcessing/lib/pp/blending/index.js": { "integrity": "sha512-aQBKnZGxWblSYpoTTY7YzxnNoTIO1LkbTOujovttUv15uuZ1bWoeFMvGdIoUypVsIrpfNJwxmCvLyXy08rt5Pg==", "contentType": "application/javascript; charset=utf-8" },
  "https://gh.ruucm.work/shadergradient/shadergradient@0.3.16/hooks/usePostProcessing/lib/pp/from-threejs/postprocessing/EffectComposer.js": { "integrity": "sha512-g+e+xgtBuCir+7mz+HjPkzpxJw1wRzaU0pKRk9r88fv7WoLO2R143ICa2Poi/Tt1cuphYKBqQD5UYvHL+GAx1Q==", "contentType": "application/javascript; charset=utf-8" },
  "https://gh.ruucm.work/shadergradient/shadergradient@0.3.16/hooks/usePostProcessing/lib/pp/from-threejs/postprocessing/RenderPass.js": { "integrity": "sha512-z7NaL6I00aqQjqCapu+5A/sEyNdRy3Rp/gFwARm0JcHWwMkIRMQ9YZMZ1NslRVBwW7Z9PSw2V4JfxGwW/ixc3w==", "contentType": "application/javascript; charset=utf-8" },
  "https://gh.ruucm.work/shadergradient/shadergradient@0.3.16/hooks/usePostProcessing/usePostProcessing.js": { "integrity": "sha512-L4/aH8jX3mYjJD5c0KSSSB9fgFbIpGji2n6f2J50eCgZTfo2Vbll2RxQeSfLHgiAEhSLr+uW9s00ngJNS36qaQ==", "contentType": "application/javascript; charset=utf-8" },
  "https://gh.ruucm.work/shadergradient/shadergradient@0.3.16/hooks/useQueryState.js": { "integrity": "sha512-mrqnA6nLivl3ygJbg47HhnvX2UZc4jZiw9MzA6Ywtr1pCCdJXxrshHgp6KPIfIQYDp7jn1+mIauMwtVReLmffg==", "contentType": "application/javascript; charset=utf-8" },
  "https://gh.ruucm.work/shadergradient/shadergradient@0.3.16/index.js": { "integrity": "sha512-G7IX013vGA6ZwyBNQvASOtb8xIZBSM8fCmqF1iwyXYR5LX0t3J2sZ6DggblGqYfKGs55D81bdjHaf82fG41tFQ==", "contentType": "application/javascript; charset=utf-8" },
  "https://gh.ruucm.work/shadergradient/shadergradient@0.3.16/presets.js": { "integrity": "sha512-A5P0tOniPO1tSzwq1AhFSuggCjLWz2x/znVdJiyQIuXOOfmF4JR2ZIPabaBAUqGyC34r+r4Pm/afJlieV22vQA==", "contentType": "application/javascript; charset=utf-8" },
  "https://gh.ruucm.work/shadergradient/shadergradient@0.3.16/store.js": { "integrity": "sha512-6dKA7wkR8hW++1YbrOXnRIdvSKrUY6ewi8bP5YFr4vY3JjGVvlmopQY/BiBaEAFbGmLo9nVeUlzsmEXMaWgjDQ==", "contentType": "application/javascript; charset=utf-8" },
  "https://gh.ruucm.work/shadergradient/shadergradient@0.3.16/utils/index.js": { "integrity": "sha512-SX9P0UtBdiDFdZ+8wgxOBQvR4/yvagrnVv6bhRNYwhnJD0jSo37tFBrv48qpAx8chfOo1Xtjn6kjpoyKJCdf+Q==", "contentType": "application/javascript; charset=utf-8" },
  "https://gh.ruucm.work/shadergradient/shadergradient@0.3.16/utils/useFiber.js": { "integrity": "sha512-4tsFB0g/lPCHyrngC6xTnSwZgWbaijXFZ+dAzHQjCog6oA8ARCeNO2gVqoZY3lrLyilO+nOaGbdps1szzECZOQ==", "contentType": "application/javascript; charset=utf-8" },
  "version": 1
}
