{
  "http://127.0.0.1:8001/Box/Box.js": { "integrity": "sha512-AK6ce8sXMAtISnERYhIgnqymGj8I/I8yZhkIrbB/Kw8ggYOfBSice0G3OhL9tf4ubQ+pEeEBerTQPeLhA+mefQ==", "contentType": "text/javascript; charset=utf-8" },
  "http://127.0.0.1:8001/Box/index.js": { "integrity": "sha512-Ln8MogFrnwnIXgno5sFmAnC73gaGZlVBbhd/jWAWViyhwaFKZFzLN/9wpNhRFLAsh72zqlJpsstUZmYKTbuUfw==", "contentType": "text/javascript; charset=utf-8" },
  "http://127.0.0.1:8001/Gradient/Gradient.js": { "integrity": "sha512-pr1Vd+2b657AYkItBQRZdd5bJNCta6+kl8Mx0Kp0ikevtPiRzKPzRM3eOtfZfkBxTQYWVppokVWFPcrhvByq6g==", "contentType": "text/javascript; charset=utf-8" },
  "http://127.0.0.1:8001/Gradient/LCanvas.js": { "integrity": "sha512-XTjerP8BS/9r5Pou97h4mvuB6oFeaDRF7hLd/v8oVIwgEAzaZCpzKjTjeWtGtXqCZHbDYdHqkEWUr5BzfWPglQ==", "contentType": "text/javascript; charset=utf-8" },
  "http://127.0.0.1:8001/Gradient/comps/CameraControl/CameraControl.js": { "integrity": "sha512-gd3G1rrhFcD/DrV6sondHS8MrOoOcBqBvVgGW9E1xcLIpOqY7A3RMGB9Seu/6CMIQTCqvupAS8qVbEH4qimWng==", "contentType": "text/javascript; charset=utf-8" },
  "http://127.0.0.1:8001/Gradient/comps/CameraControl/index.js": { "integrity": "sha512-opYjqb77q3sBLJB4WzOnTV7SffZdQeOjqWzI5QM8fuwGhdFwAShOmf+dkz59zhTp/kvK2QYaWicPFbj0DdIj2g==", "contentType": "text/javascript; charset=utf-8" },
  "http://127.0.0.1:8001/Gradient/comps/CameraControl/useCameraAnimation.js": { "integrity": "sha512-CKvDW9VrnzawOGOwaLtHSrzZeZOT1j32vQa/ti3CIi1JKK7/75OIvkFdYsPRjESuQNIh6xAlhdMXYGIcPerWPQ==", "contentType": "text/javascript; charset=utf-8" },
  "http://127.0.0.1:8001/Gradient/comps/Environment/EnvironmentMap.js": { "integrity": "sha512-DhO6BNl5UJwSnMIOJ1MdZoAsAXxMprlQe/u6uE4f93F+bw+pkvXdU1F4KlU9IP7RsRc66qwXkiOMhgesJL8e2w==", "contentType": "text/javascript; charset=utf-8" },
  "http://127.0.0.1:8001/Gradient/comps/GradientMesh/GradientMesh.js": { "integrity": "sha512-rzi0HKLVUAD//fw3jLCiICO2NWrQ1BYuG+yjyJ9cesrU9qM6tjYE9jTCxfkWmlaTBMnOVlXaVMm06CBt7EE9Xg==", "contentType": "text/javascript; charset=utf-8" },
  "http://127.0.0.1:8001/Gradient/comps/GradientMesh/index.js": { "integrity": "sha512-ktu2cNQeaigfiPC+0cUlJDCwwpDLUW5f+yCGkVlFOi2dr7FMOL8XrvX9rdZ1XEUSgj504UD9Ul+rFDbMeAlxxw==", "contentType": "text/javascript; charset=utf-8" },
  "http://127.0.0.1:8001/Gradient/comps/GradientMesh/lineMaterial.js": { "integrity": "sha512-yPcT5EAWl5RiRzzSX5ldN7LhyTjZc7zGSJNH9/jZQo/U1EpohVD0iUDEGvaqlEWJuonuKI3EWHKR5iJQf965Cg==", "contentType": "text/javascript; charset=utf-8" },
  "http://127.0.0.1:8001/Gradient/comps/GradientMesh/shaderMaterial.js": { "integrity": "sha512-RWaUppjeYstDDDOQGR+KINBeFg9dtOfuGkRC1AQeWQX/l4VwdbWs2YM/pCbYg/hNRhvDvEOSybo9kdWMSecPmg==", "contentType": "text/javascript; charset=utf-8" },
  "http://127.0.0.1:8001/Gradient/comps/GradientMesh/shaders/defaults/index.js": { "integrity": "sha512-o5NaEzASRKnDhrI2kPJsI60pWkhQyDR9RCJd2kDLmo46jiXhWeELnpgAp8edjxkohwOltLdnkyAgO7nxp7nbLw==", "contentType": "text/javascript; charset=utf-8" },
  "http://127.0.0.1:8001/Gradient/comps/GradientMesh/shaders/defaults/plane/index.js": { "integrity": "sha512-LZH/T/oUHMVai78IM0HlzRRF3dxSaM0l/L++NjgHG5/TLmmKySjQdpFOaDELiMrEbdvawgS/9f4aUrq5XB+tdg==", "contentType": "text/javascript; charset=utf-8" },
  "http://127.0.0.1:8001/Gradient/comps/GradientMesh/shaders/defaults/sphere/index.js": { "integrity": "sha512-4RqKnhnkBkgvOAGEFaxdnyjHz/qPUyj/DCzfTK1WbkoxLvOo8WElfmX9jFDh6oHGO9hXWMKXlxYqCZy/O1ARLQ==", "contentType": "text/javascript; charset=utf-8" },
  "http://127.0.0.1:8001/Gradient/comps/GradientMesh/shaders/defaults/waterPlane/index.js": { "integrity": "sha512-HAryaQk1rk4CEFklZImK3RNwDOrqgZqGq6a/cThYWIA6obtUujP2tgBQ3Po4dwHzcnrsZ1wCv/ZwufMEQgm6HA==", "contentType": "text/javascript; charset=utf-8" },
  "http://127.0.0.1:8001/Gradient/comps/GradientMesh/shaders/index.js": { "integrity": "sha512-EUmWOO23KfguwM++F00gy8yey1uAxWXqIz/+Cagk+F2Y+xEWQMcPLWN/xJ0Oilm+DHbfyYUEWVQUeudpu2R46Q==", "contentType": "text/javascript; charset=utf-8" },
  "http://127.0.0.1:8001/Gradient/comps/GradientMesh/shaders/tests/blueMix/index.js": { "integrity": "sha512-MVtu/5UL0HS0pxXie/iOPNj3Wt3D2ZbJewNJY8nVl1fK+mDn3f9dwq8bZj6H3keM9xryNfJVBxOge/6gcrcTYw==", "contentType": "text/javascript; charset=utf-8" },
  "http://127.0.0.1:8001/Gradient/comps/GradientMesh/shaders/tests/colorNormalMix/index.js": { "integrity": "sha512-0NukuAYEn7drtm7BvxvcpvOedtXzgLI24ebH0vyt2hAwKdlEUndEM4sktnkhnrg2+84qM/uSHFlIh3erlB2NkA==", "contentType": "text/javascript; charset=utf-8" },
  "http://127.0.0.1:8001/Gradient/comps/GradientMesh/shaders/tests/colorPosMix/index.js": { "integrity": "sha512-dZFwGnVrx1RPITJKZFnTqEWX+ZDP2b2Go5j8eQ7yZdvVEIDPIdkbsd73EokAEuYL5NB/f6qbsK+EREgk3PMgcQ==", "contentType": "text/javascript; charset=utf-8" },
  "http://127.0.0.1:8001/Gradient/comps/GradientMesh/shaders/tests/grain/index.js": { "integrity": "sha512-TOn273Y5qawRnU5x3P0X/bSmfDXNR53L8SiRUsJT+3nJelhDQU2V2YP5iAoAI6zIScygDi3d6y++02YvQ9jGtw==", "contentType": "text/javascript; charset=utf-8" },
  "http://127.0.0.1:8001/Gradient/comps/GradientMesh/shaders/tests/noise/index.js": { "integrity": "sha512-qzd+c0XIph3U9I25QiEgoASn6D6ToFlvs04XY24ychL4zWTaO3RFYVMG7vt6BaQM1jA/KWe634dXP6zqUhFSvA==", "contentType": "text/javascript; charset=utf-8" },
  "http://127.0.0.1:8001/Gradient/comps/GradientMesh/shaders/tests/planeTest/index.js": { "integrity": "sha512-g1KJ652OmmEF23RmwqbGPgzHy3HM64vsyrqnf6jSUrv/zvTQzGPRebigmV87ck2bN12V2ciNpDVws4iqC3VXHg==", "contentType": "text/javascript; charset=utf-8" },
  "http://127.0.0.1:8001/Gradient/comps/GradientMesh/shaders/tests/snakeHalftone/index.js": { "integrity": "sha512-PjpKwdg8P5OI/gyZ7qZSmYxbKZNf4gq8L1fD5+quWZ+79ibO80H4LU2RpmavbtHcvn2RdL6gX+5r3oXGQqeAyQ==", "contentType": "text/javascript; charset=utf-8" },
  "http://127.0.0.1:8001/Gradient/comps/GradientMesh/shaders/tests/stripe/index.js": { "integrity": "sha512-6bCTzSKlVLZlcCkQhQuJRNLRI6sOWWY0t3+lcw9CQDMuGwTeUK9yuL50wYBVSn+0LP5a3j3AFbujMW4tp/HYIQ==", "contentType": "text/javascript; charset=utf-8" },
  "http://127.0.0.1:8001/Gradient/comps/GradientMesh/shaders/tests/test/index.js": { "integrity": "sha512-DR2j+2hhU6JN5frorVmH01V0y+o2lfA4bFX0kD2+5P990QATVTCHmHQ4l8OQW9EseRda9rU8BP9hRp0CT5kN5Q==", "contentType": "text/javascript; charset=utf-8" },
  "http://127.0.0.1:8001/Gradient/comps/GradientMesh/shaders/tests/test2/index.js": { "integrity": "sha512-MH1Yzw5lG3O2liaac6gPW4SQpPtE8KWbevcENoeAS/A6E62nU6heWl4GaSUC3VoGl0FWuEfSNVpIBEOcKU+UsQ==", "contentType": "text/javascript; charset=utf-8" },
  "http://127.0.0.1:8001/Gradient/comps/GradientMesh/shaders/tests/twoColorMixWithDepth/index.js": { "integrity": "sha512-xrfrepLdbHLIov6P/QCCLZ21iiaVxSk4gBnRMZOKDyhdAlhm34WS1HViv9pwQHQXDD2jklPIVt15VGpgMlr18A==", "contentType": "text/javascript; charset=utf-8" },
  "http://127.0.0.1:8001/Gradient/comps/GradientMesh/shaders/tests/whatthe/index.js": { "integrity": "sha512-vL+/3nOzI+xjz12GD6rgS9Tu0wtAc6VsONFR2pra2DCqI4xmN7MIWn87HA4GpiRBeEX8G6qFevUONUWyBEeVbw==", "contentType": "text/javascript; charset=utf-8" },
  "http://127.0.0.1:8001/Gradient/index.js": { "integrity": "sha512-M/X3L7WXBEjgAyXXDJ9RAuSRj51/w+JHNEvLDIAm4+ml3twFLxLHiidtdZjKoW/16oRlut+IXxj5LyCFC16Wvw==", "contentType": "text/javascript; charset=utf-8" },
  "http://127.0.0.1:8001/Gradient/useRGBELoader.js": { "integrity": "sha512-BW9O8aGj7WF3FvAr4c3sYXrDycH5p3ZkyARzwwWa4H6d9xn0JSfqtF6g9UE606LB2C5F77IeTQ88thvWwDrKww==", "contentType": "text/javascript; charset=utf-8" },
  "http://127.0.0.1:8001/Overrides/FigmaApi.js": { "integrity": "sha512-EqQhGxjuwPR32PfLmNN2NRqT3R4zQrQeN6y36TMpWKfHGAriIj5x9VQ43ToIyjiA5VjKOrY+B37GpZMWqIm+Xw==", "contentType": "text/javascript; charset=utf-8" },
  "http://127.0.0.1:8001/Overrides/FigmaPlugin.js": { "integrity": "sha512-L+oPUG874yGsttSu5pXYCZ5FWoM+oGJG3F6EgFrRLlJeSi2jPHx22kamoZ4JC6BmXnIwfslHvsofqx+QOgHhOA==", "contentType": "text/javascript; charset=utf-8" },
  "http://127.0.0.1:8001/Overrides/index.js": { "integrity": "sha512-OyvPx08Ur4xA7gH68fgXq/T/+sUOUAqSa9592q9leODCLlJYehDJuBBHS2M4swXESaeTp1SPrJBPj89j5ZNksA==", "contentType": "text/javascript; charset=utf-8" },
  "http://127.0.0.1:8001/UI/Button.js": { "integrity": "sha512-J3hn9ykWlPTmXY4hahDfZAyiKc0BQnfei6bnvUWiv/VJwR9kt2iJEXLn4qYKlB+FaxcDDzvz17pVAaM+OCI82g==", "contentType": "text/javascript; charset=utf-8" },
  "http://127.0.0.1:8001/UI/Controls/AllControls/AllControls.js": { "integrity": "sha512-RBA3rtzs4u5q9+oqV9vQY16c30Ae7fqw2MUPiLkn5ZMRSKrEfZ8LAodxmtCAqdv5i8lp75uZOWD3kLVMoo8VZQ==", "contentType": "text/javascript; charset=utf-8" },
  "http://127.0.0.1:8001/UI/Controls/AllControls/HorizontalControl.js": { "integrity": "sha512-yLHUSVcByqfigGautuQCfulOy53fUJQYmqhOjORK2IWG/nvh3Gt9rmYgvBcLr8qsvM6sTaNee3+qk1qqhi+Nrw==", "contentType": "text/javascript; charset=utf-8" },
  "http://127.0.0.1:8001/UI/Controls/AllControls/index.js": { "integrity": "sha512-C/kFmZpi/SlTPIOZSGIR9jJVPANHxXyvoIs7qOWMfv9ntAagRj+cOWtARknqcHEl7hqID21fQohXdngbK4kSig==", "contentType": "text/javascript; charset=utf-8" },
  "http://127.0.0.1:8001/UI/Controls/BackgroundControls.js": { "integrity": "sha512-v3ruph4DwpzMbpKOPovIweJ2ivwl+kLT1rEtLqTPgsSRaCL0ntWCaBVROXW+4h/EdJlyrm/H+a2BY7MHOIvD8Q==", "contentType": "text/javascript; charset=utf-8" },
  "http://127.0.0.1:8001/UI/Controls/ColorControls.js": { "integrity": "sha512-PBDAkEpBQSKaU5YnSOdttQE6VlOm3dx4SqwajrVrye5dxvVM8yjslk42XvdpNyI32CEPx4xyP695LxHqPONV+w==", "contentType": "text/javascript; charset=utf-8" },
  "http://127.0.0.1:8001/UI/Controls/EffectControls.js": { "integrity": "sha512-t2tw8nUqhSJv54ll7EWcGkgTAxt3K2FqFJ4T4Id3zV8jSJ48DYO8e3OaXEUgDV8XcR4tF+EOG0BZlULKV/RD2Q==", "contentType": "text/javascript; charset=utf-8" },
  "http://127.0.0.1:8001/UI/Controls/InputPanel.js": { "integrity": "sha512-n4aZinbaaoVepousc1PRGksqgLBdpahySFd0UX0Y5Zd9nisZdodzyvbzOZvj/YUxQ1FhWfOujp5+0rzOr3GUPQ==", "contentType": "text/javascript; charset=utf-8" },
  "http://127.0.0.1:8001/UI/Controls/ShapeControls.js": { "integrity": "sha512-4wb/gMo6xgWVtNYxDYFTowjQ2BbJiPZN1nfbsoT9cL4LQBUWDX7nP5XwzctjzJQ3cMmgfcd4HG/vfMC+IgxJBg==", "contentType": "text/javascript; charset=utf-8" },
  "http://127.0.0.1:8001/UI/Controls/TestControl.js": { "integrity": "sha512-LRABeb0a+5MqgfyTKP8eS9+CZwllp5Aw17aWOqD3LYe1WN2pHdLRhevh7qMwxjgrLYaNWz7DRq2TPlWp0FTH8Q==", "contentType": "text/javascript; charset=utf-8" },
  "http://127.0.0.1:8001/UI/Controls/Tools/AxisButton.js": { "integrity": "sha512-zZvgaDkhSaNfpXxED3iVt3M04Ew8XPGisELGOHs+zxDFjWaMHgjLb1RrBotG3HalY53XW2fWtPlB8+k3K1DSBA==", "contentType": "text/javascript; charset=utf-8" },
  "http://127.0.0.1:8001/UI/Controls/Tools/ControlTypeTitle.js": { "integrity": "sha512-zJlQHvihsWL4WaQTM6V32OvbDG3qN/beHYkfmgcrlvopY1PfaNUxWj4XpcTZqdQzfF4PTJBXPlMPcSiS47/Mgg==", "contentType": "text/javascript; charset=utf-8" },
  "http://127.0.0.1:8001/UI/Controls/Tools/ControlTypeTitles.js": { "integrity": "sha512-k/REyHT3AAI4mSfSV0LiTqa+Ls50QBwxQFBVeJtoIiyrYQ6FrQajd3zTzUALmgMa3gsAzXeyDk2VK5vlEg6oHg==", "contentType": "text/javascript; charset=utf-8" },
  "http://127.0.0.1:8001/UI/Controls/Tools/CopyButton.js": { "integrity": "sha512-2FfE6/QS8WOHoeiDkI7NEYJnzVeSgOIbQNAi6v0Jy+7stpegV+0/8yFmPxORWZBnAtovfoWjev+83isfZkJPiA==", "contentType": "text/javascript; charset=utf-8" },
  "http://127.0.0.1:8001/UI/Controls/Tools/Feather.js": { "integrity": "sha512-VIvzLBV2BmQCwcg8DVhm0QDYqCcqP3vYAVlLduVL3jgfft10fE+4vFO/LN1/fci3F1tIxXf+ntPJi8QcDpFXNQ==", "contentType": "text/javascript; charset=utf-8" },
  "http://127.0.0.1:8001/UI/Controls/Tools/IconButtons.js": { "integrity": "sha512-40iLBPSZ5Q+hKYB9NZbEjN1eOHBWfrkMrgkqK4fn4SOn5r3aDmqGx92YDLQ3CZpPbUmoP0uqvkEARG60N9v1Fg==", "contentType": "text/javascript; charset=utf-8" },
  "http://127.0.0.1:8001/UI/Controls/Tools/Tools.js": { "integrity": "sha512-HjDAaVj3HA2+0Kqo5Ebr6PfYUCkuoksxOXM/+FvnLVtS9M3z6ir1jIZdNBrwoz2Hcz5jNuZmcQzQDy1FCIoOsQ==", "contentType": "text/javascript; charset=utf-8" },
  "http://127.0.0.1:8001/UI/Controls/Tools/ToolsBox.js": { "integrity": "sha512-yFSxf5/u5au7O/BXFuBhbj1Vd9AxLA1tzHRMsrSpCM3ZvzDKMaVmNdNgez3Y5K7Wc4SJC6GJCxK790HsqsbHiA==", "contentType": "text/javascript; charset=utf-8" },
  "http://127.0.0.1:8001/UI/Controls/Tools/index.js": { "integrity": "sha512-Y2lg47s5XOSkTkW/5zWgkGjbzH7wWZqJs6eyV3lk5g+yM4M4YDWcyM8WMw/m2relfF7WkdH+y+UThM9wi3gk1Q==", "contentType": "text/javascript; charset=utf-8" },
  "http://127.0.0.1:8001/UI/Controls/ViewControls.js": { "integrity": "sha512-i7wiTfhgYRCs4s+gRX297MnkrokT5gQVP4nZTvLOTKMKPHuRItUCGoEVyKRBxh7sZPn6r/eq8lg0L6iy88VFtg==", "contentType": "text/javascript; charset=utf-8" },
  "http://127.0.0.1:8001/UI/Controls/index.js": { "integrity": "sha512-QQxCpyCHMwFqaoPeuCxwFipxw6aA4C+sBrZikoLx8IogKnv4rNCbfA8vf5BZIS+KqWrudoT3BCTE/ayZ+a60SA==", "contentType": "text/javascript; charset=utf-8" },
  "http://127.0.0.1:8001/UI/Cursor/Cursor.js": { "integrity": "sha512-cPWNaQ412NMHRi/OuoJ7NUYXY/znnQHflZPQImmpiO4AvuIJoDDtQ6bmxRc02T1i8Td4V/tOREHyNgDZgx5hbg==", "contentType": "text/javascript; charset=utf-8" },
  "http://127.0.0.1:8001/UI/Cursor/index.js": { "integrity": "sha512-fketwh6OmII7phew6exJ8rSAOjVASJU5TMPxq/APGXBYE8h/OV8/ScN3aJ4UAp4JFzs4FIf7PequeYIj2BwvXA==", "contentType": "text/javascript; charset=utf-8" },
  "http://127.0.0.1:8001/UI/Header/AboutBtn.js": { "integrity": "sha512-KDearU8/eM69MbD+mIJUBFGTGuaoki2GInkLgJYOBo4T4U2wPlNOITTZfIMowYh5n0gv6fC9j4MK24dWrT5h1w==", "contentType": "text/javascript; charset=utf-8" },
  "http://127.0.0.1:8001/UI/Header/Header.js": { "integrity": "sha512-9QhtL9AMhdrVgBAFnjPhToPxLQrnpkFwwAFpXWyfqs3t9leNalbTRm4IwExnWkNiyyQIwgkvqLMuduP+8girFw==", "contentType": "text/javascript; charset=utf-8" },
  "http://127.0.0.1:8001/UI/Header/TextLogo.js": { "integrity": "sha512-PSp1xzjEI8jzs+TJmRBuumeX3m94OfSsFBng8N59l7C9NS7wUuHTzlA2HRE9/HIKqPAe2HHhIuz6vZ/I+8CsfA==", "contentType": "text/javascript; charset=utf-8" },
  "http://127.0.0.1:8001/UI/Header/index.js": { "integrity": "sha512-hCLxbAVpL/ViEMsN/2MwnpS+wa2uQgWfNNvJNbIFFUkpiA9OwTo3oXMPTM3L9Ppl5FWm3V6GRpP4SmOlMvkPqw==", "contentType": "text/javascript; charset=utf-8" },
  "http://127.0.0.1:8001/UI/HoverBox/HoverBox.js": { "integrity": "sha512-aOwerKlA85rVDCrBPGUhlpExwqSmt+lAYbcaeT6xKecHhkEnvcapE9VImTCkEfqE1GlkESDQUY3t9Kk8jWpdvw==", "contentType": "text/javascript; charset=utf-8" },
  "http://127.0.0.1:8001/UI/HoverBox/IconHoverBox.js": { "integrity": "sha512-oONPeVZLThsyd3k3N25eAvUo9ONOEhq8KVI6DhYbxiIv8fLoWpPwmWIwpBQPXMCVWm8nskgKzsbOxA/ih00fkA==", "contentType": "text/javascript; charset=utf-8" },
  "http://127.0.0.1:8001/UI/HoverBox/TextHoverBox.js": { "integrity": "sha512-+4h/2pHu79c/l7IvOosuRZa8dr3W/5th96t2knZY8bQdA3qdJSDUaljxBlX6Ryg7BiFP7SAGAHTbx9X+nJIXLQ==", "contentType": "text/javascript; charset=utf-8" },
  "http://127.0.0.1:8001/UI/HoverBox/index.js": { "integrity": "sha512-/aIN4KzU+sD2TxilLI9VYyIEQ0DgCg2Cm3i+4NM+xb4WHH2YoT2r91w6NdxrnMEhTWthcgeUkVfIg31rkVv6fA==", "contentType": "text/javascript; charset=utf-8" },
  "http://127.0.0.1:8001/UI/Inputs/ColorInput/ColorInput.js": { "integrity": "sha512-IX0mjI/JJpn5I1AUXqIOpomXpbRlFvl5o5bsEBb2/kxsloTRo2upnd5kTAfBNC08CPhf002o9Tpjbal0ZyzIvA==", "contentType": "text/javascript; charset=utf-8" },
  "http://127.0.0.1:8001/UI/Inputs/ColorInput/index.js": { "integrity": "sha512-7i3zsX6VwcENFM9TlStAgu4amqRrhx84wLBUHTfpzKm/1OY7rKc2Uzi0hoMRtqjuASUwCphR0hngeJ6v2N3DLw==", "contentType": "text/javascript; charset=utf-8" },
  "http://127.0.0.1:8001/UI/Inputs/NumberInput/NumberInput.js": { "integrity": "sha512-Pi9RFjl/4QsGEahva9U9Ret5hmu3X9yewUAJfzouQHUFlUiHGj6Hxb5P4qZqovn2zOpapenBpxn7qkHYgigkeg==", "contentType": "text/javascript; charset=utf-8" },
  "http://127.0.0.1:8001/UI/Inputs/NumberInput/index.js": { "integrity": "sha512-ZR8WUOCoAuE7XZLASoAVtnAd65R5T3ympQrIO3Ov3gSRF187EAUn0w+RsXck7tJmmr82F034qzIy4HlIRD4uxQ==", "contentType": "text/javascript; charset=utf-8" },
  "http://127.0.0.1:8001/UI/Inputs/Radio.js": { "integrity": "sha512-tbz9Hn7KZwQtZkGJQQmu5LsEcN4p8A0ZSWny7scr3Xe/jo2ETr8b4hl1xV7YK1zlbOzndZ8zfsgw8wvB6HBjuw==", "contentType": "text/javascript; charset=utf-8" },
  "http://127.0.0.1:8001/UI/Inputs/Slider.js": { "integrity": "sha512-CDPjFRe9KAn30C02h2P7rjyEUD4CSbm+8FRBxAo4U20jiorYoZgN6xK/RpYhLNmF4Azb8DpHAlxcWIje/MB4lw==", "contentType": "text/javascript; charset=utf-8" },
  "http://127.0.0.1:8001/UI/Inputs/index.js": { "integrity": "sha512-CDmkKh3O/29x7d0hYJvC4mw+PUekRo0ejQBNvI0Fq6kbxCInS6d+bXucBKyu5B1Xd3TxhKohAbdWk5Pi9lRLhg==", "contentType": "text/javascript; charset=utf-8" },
  "http://127.0.0.1:8001/UI/Links/Links.js": { "integrity": "sha512-4OiJidAvMcRJj6dKxjxvcPn8Rt/lDo9aAVHk1kLpBBdoqGjZoij5/2siWF0mpbUZ1PkrusXisDopF1B6ArVvRw==", "contentType": "text/javascript; charset=utf-8" },
  "http://127.0.0.1:8001/UI/Links/index.js": { "integrity": "sha512-ra4lBF0A0lfS90Jq1ypxOA13nR24UmLQ3/NjD1mTx/CiMNUozyTZgH5MctHjMJew088LudK750NYeMOP58Spwg==", "contentType": "text/javascript; charset=utf-8" },
  "http://127.0.0.1:8001/UI/PresetTitle/PresetTitle.js": { "integrity": "sha512-ssjbj+ghwt8xlL3Ay34ecZyNumWEqOcPkVOVS0mT00hSMCRvKC/E8BAcExhFYeI40L2dXqPRtWQsOD/3UC1KrQ==", "contentType": "text/javascript; charset=utf-8" },
  "http://127.0.0.1:8001/UI/PresetTitle/PresetTitles.js": { "integrity": "sha512-dfcA8IidNu5o24Y6tdcikNyAbVDR0UlXsUQpwnJK8Q9JBQ7PdUolEJJJ57+e66T5Dr4ipeMaJSWfZYKHop8ajw==", "contentType": "text/javascript; charset=utf-8" },
  "http://127.0.0.1:8001/UI/PresetTitle/index.js": { "integrity": "sha512-cXozG0CfJpCFQTJePFlkFe1YIfrj2EgzuCPhN1GwNoA329JGuOt6EaNfGhmVsazDMfnE8V/iGzcsGrvzpDRNkg==", "contentType": "text/javascript; charset=utf-8" },
  "http://127.0.0.1:8001/UI/PreviewBtn/PreviewBtn.js": { "integrity": "sha512-djfV1sUTzUWgQ2g6Tv2BBuJWy0Hs0S/y2vJ5QX21bVAotYvNkH3A50Ub8lw0YbptpTC2HncOPKMWpa3YPPsYVg==", "contentType": "text/javascript; charset=utf-8" },
  "http://127.0.0.1:8001/UI/PreviewBtn/PreviewWrapper.js": { "integrity": "sha512-h61eQ4pkw3d1kBi5iKAias2aH6xxLA50ddR4Tex/P3hIFTaX1jcrMiUFPv8+eNwdjeNzojQYwkCjfrFNw1K1jw==", "contentType": "text/javascript; charset=utf-8" },
  "http://127.0.0.1:8001/UI/PreviewBtn/index.js": { "integrity": "sha512-QLE6AheCRCyipsGoQMVqCdNe1gldSHuPXrgXcxnzxpt0wKH2tdJHkl2NSmYxUBvtbRXPFdq3DbFUfoijQ5cfPg==", "contentType": "text/javascript; charset=utf-8" },
  "http://127.0.0.1:8001/UI/PropertyControls.js": { "integrity": "sha512-pwjH1T2qxv8o6zastxNGWjey8ftMlUx1TTBBCO2h35FAK5F/4dsuTfuZ2y3F3kYBy2bGgoc6NUb9hzg90s3s8w==", "contentType": "text/javascript; charset=utf-8" },
  "http://127.0.0.1:8001/UI/Spacing.js": { "integrity": "sha512-hRx1kbrRAja0Rdbcrt0f+oE35Lc6FMfaaXiLSnHu+LULpF+Xt9iJeHmxPt+IEgIINN6hL03+QTL2kHDhYNukyg==", "contentType": "text/javascript; charset=utf-8" },
  "http://127.0.0.1:8001/UI/TextAnimation/TextAnimation.js": { "integrity": "sha512-VEkuShjyC7Y5r5EgdzMildmvNO6RRnLQBxbi7prrEgoOUErGq5yL/zCfJ2W1VpqbFENwXz0j9x6yP9OB/d6grw==", "contentType": "text/javascript; charset=utf-8" },
  "http://127.0.0.1:8001/UI/TextAnimation/TextHover.js": { "integrity": "sha512-8fYDn/wVcI1v5ncZdlpX2V8sAh0XRxwidE0KhxDqv37zwUv/UjeS2SdeqX2DczSrpBUMF9UO+UoLdS4hWzCgwQ==", "contentType": "text/javascript; charset=utf-8" },
  "http://127.0.0.1:8001/UI/TextAnimation/index.js": { "integrity": "sha512-HpwZVJmf1FxJeljiNwMeYrYqq/0L2QuB4B2ZJFX5YuGsvVo8CusujWOKQJ0z+tMsQSxS8/xpG99elUWGIaFzBg==", "contentType": "text/javascript; charset=utf-8" },
  "http://127.0.0.1:8001/UI/index.js": { "integrity": "sha512-zcchS1bNgpuKgeiiw7lLoibwqUkYuRv3XAJHmIeTM6mU32htjqsC8seOoL8UX9mVEvxbgjkBmD0vunaAZtydig==", "contentType": "text/javascript; charset=utf-8" },
  "http://127.0.0.1:8001/consts.js": { "integrity": "sha512-upEjUcBdY40Hvhax9PzKYFFxlV0XD10Rd1HmyPVxNb0WFMk9DgMkzqBZeJpGvf+m0MOL9eOJn+2juGYc7ULebw==", "contentType": "text/javascript; charset=utf-8" },
  "http://127.0.0.1:8001/hooks/index.js": { "integrity": "sha512-UhsPFjVGi6Qc43LaAmtU/7Ppxo0R/eA5taV7dMA14IzJJPSP2hRM0OAOs5zyOLTaImmXTj7eUY31L2ZGsQG5rg==", "contentType": "text/javascript; charset=utf-8" },
  "http://127.0.0.1:8001/hooks/useOnClickOutside.js": { "integrity": "sha512-mkboF5r/UCwIBAZ9fi1PI31u/DrvCF1SBqMHxHUAEM9U9WbDwFaWTBRf7nm2pY8wfQ8w+qtVPKM6Moj1npFSRA==", "contentType": "text/javascript; charset=utf-8" },
  "http://127.0.0.1:8001/hooks/usePostProcessing/index.js": { "integrity": "sha512-9TZKryck2LfmQpivYrJvxkX1ylNLCHd6WCkXw145osxaCcC7dNx9gjFswBp7wTrYGT9WKqY25cJHj3/fA5+i5g==", "contentType": "text/javascript; charset=utf-8" },
  "http://127.0.0.1:8001/hooks/usePostProcessing/lib/pp/HalftonePass.js": { "integrity": "sha512-10NDT3qQjSS9xrBHu7r28ZDP8UWp9p0pWsv0MHlCEXrUt/ge7U65vIkOQx5MGZgmRN+seKJUjc/iC+5U0K1R7w==", "contentType": "text/javascript; charset=utf-8" },
  "http://127.0.0.1:8001/hooks/usePostProcessing/lib/pp/HalftoneShader.js": { "integrity": "sha512-u79bmZO87r6XNMrmDvz11y/t+mVbzM4nPmxat0nGxPNTGrYhx69CqsoyQQbm9xqZReszZGTNGunoByL7PvhGhA==", "contentType": "text/javascript; charset=utf-8" },
  "http://127.0.0.1:8001/hooks/usePostProcessing/lib/pp/Pass.js": { "integrity": "sha512-JwEvWr3OlKuwkOo+Sf65MJ7S7Wqu7Z8n7ox9xI40ag+SUVjo8FdKSCoRZl9xG+IXpcV9R0tb5/AsETII20zefw==", "contentType": "text/javascript; charset=utf-8" },
  "http://127.0.0.1:8001/hooks/usePostProcessing/lib/pp/blending/BlendFunction.js": { "integrity": "sha512-Hhn9gk/0NrG54GKfKpGb0+BBIYiH77kC6uc5OLP2bVGZcGubhC1D/muX+bwAdBZUpZ57vPGNDF3FkjfGmlSScg==", "contentType": "text/javascript; charset=utf-8" },
  "http://127.0.0.1:8001/hooks/usePostProcessing/lib/pp/blending/BlendMode.js": { "integrity": "sha512-me743qcKMIBi9HqnvlsphIjJlVe/NT+WtIRO9PObg3rLGPClWcDyd0PNcjcgTgbgjCxP6BZAECdqFLAX+EJMqw==", "contentType": "text/javascript; charset=utf-8" },
  "http://127.0.0.1:8001/hooks/usePostProcessing/lib/pp/blending/index.js": { "integrity": "sha512-aQBKnZGxWblSYpoTTY7YzxnNoTIO1LkbTOujovttUv15uuZ1bWoeFMvGdIoUypVsIrpfNJwxmCvLyXy08rt5Pg==", "contentType": "text/javascript; charset=utf-8" },
  "http://127.0.0.1:8001/hooks/usePostProcessing/lib/pp/from-threejs/postprocessing/EffectComposer.js": { "integrity": "sha512-CLJpzcySmvtkrepoMPyIUH8VEkBWpmDlvQGqZjCLfFuKMr8u3+UPq12T/hmDm452sVnTz4uQIKQfQ61UsH0IMA==", "contentType": "text/javascript; charset=utf-8" },
  "http://127.0.0.1:8001/hooks/usePostProcessing/lib/pp/from-threejs/postprocessing/RenderPass.js": { "integrity": "sha512-OprJ/n+WaofyMeffspOg4oJYwU6n6/ccunFL4yGiX0tmBeQWNU9eAqQ6QjZo58AIiGfGp1+qJXMJlBu2FhZhRg==", "contentType": "text/javascript; charset=utf-8" },
  "http://127.0.0.1:8001/hooks/usePostProcessing/usePostProcessing.js": { "integrity": "sha512-L4/aH8jX3mYjJD5c0KSSSB9fgFbIpGji2n6f2J50eCgZTfo2Vbll2RxQeSfLHgiAEhSLr+uW9s00ngJNS36qaQ==", "contentType": "text/javascript; charset=utf-8" },
  "http://127.0.0.1:8001/hooks/useQueryState.js": { "integrity": "sha512-8c5O+Y+O4Znd9ebc4GvleLP3KADBkV1ekoMfxhr1y6VOINqnOZ+CHJ4XcPH3tyjA5AWd1dPZaU8nu+WTmXl06g==", "contentType": "text/javascript; charset=utf-8" },
  "http://127.0.0.1:8001/index.js": { "integrity": "sha512-e21npZlfdK0eG+tE5zLuJyryNSKCNZgVrYoSbIi/eoBzSVYoectiwBlp8uPxgJyYRnTaZ7tS+nM+ip07jR6Dnw==", "contentType": "text/javascript; charset=utf-8" },
  "http://127.0.0.1:8001/presets.js": { "integrity": "sha512-A5P0tOniPO1tSzwq1AhFSuggCjLWz2x/znVdJiyQIuXOOfmF4JR2ZIPabaBAUqGyC34r+r4Pm/afJlieV22vQA==", "contentType": "text/javascript; charset=utf-8" },
  "http://127.0.0.1:8001/store.js": { "integrity": "sha512-zPrtc53ow4TfYbQXBMv6pfAL+NtvvySNXQ/lDRqUT/93m1FSbIOPmp5pMfNAwolw3Zzx1f759fGXLjpaPFe/Hg==", "contentType": "text/javascript; charset=utf-8" },
  "http://127.0.0.1:8001/utils/index.js": { "integrity": "sha512-SX9P0UtBdiDFdZ+8wgxOBQvR4/yvagrnVv6bhRNYwhnJD0jSo37tFBrv48qpAx8chfOo1Xtjn6kjpoyKJCdf+Q==", "contentType": "text/javascript; charset=utf-8" },
  "http://127.0.0.1:8001/utils/useFiber.js": { "integrity": "sha512-4tsFB0g/lPCHyrngC6xTnSwZgWbaijXFZ+dAzHQjCog6oA8ARCeNO2gVqoZY3lrLyilO+nOaGbdps1szzECZOQ==", "contentType": "text/javascript; charset=utf-8" },
  "https://framer.com/m/Figma-Plugin-ModN.js": { "resolved": "https://framerusercontent.com/modules/yU633Nz3yMEravuBzirG/JDP2bra1W37ubFWEiJPk/tNpoQk34A.js", "integrity": "sha512-qXDEo1uaiXKtlD0Vou5Y0Fs/eol3oanqUxgurZjARNPBCGJQPZK+6emfGj9jZ/dY2qt5+GpYM9nE0h3gH7VXIg==", "contentType": "text/javascript; charset=UTF-8" },
  "https://framer.com/m/FigmaControls-mHhp.js@jcCLrlcM1pzq17Q8m80V": { "resolved": "https://framerusercontent.com/modules/dBgdyVaHgrFjOy9oSvaZ/jcCLrlcM1pzq17Q8m80V/j0yBI_hTt.js", "integrity": "sha512-9lpVPiG0+igOPPewjqJO/BuYKF4HNIFTkv/nw5R7QTkE85OKF3nHJulgErzCj4bI93tiep3Ypbbd2gDW6J7qeg==", "contentType": "text/javascript; charset=UTF-8" },
  "https://framer.com/m/UrlInput-RO5w.js@rBm5Rh4v9aQ7Rf0eiq03": { "resolved": "https://framerusercontent.com/modules/b6rjsTfwzhNfU4l0OQLX/rBm5Rh4v9aQ7Rf0eiq03/I11YLTEjm.js", "integrity": "sha512-JkxFHPpmuSGNm/gSNdpZDd1qoSnSxg1PvosZ0MxAywFbdCFRFG7gDdbsvp/N8kuR8/rfC0rRbPLFHJRJYufV+w==", "contentType": "text/javascript; charset=UTF-8" },
  "https://framer.com/m/feather-icons/home.js@0.0.29": { "resolved": "https://framerusercontent.com/modules/8tFVJ9SCM5akQRM0UzVD/YkxZV5bKC4LrRDEdvAgQ/home.js", "integrity": "sha512-arnmUN2WSmA/q2kyL3zqy5Ku0OyOBATVx5d6fgsI7y3Yzy431mvytzPZNvVz0E/PAH1TQo4tF+5WTLmDC4HeuA==", "contentType": "text/javascript; charset=UTF-8" },
  "https://framer.com/m/framer/default-utils.js@^0.45.0": { "resolved": "https://framerusercontent.com/modules/G4IfyjvwmaeSBpdb4TWu/OIjZRBmWDcIE2B6qgG1j/index.js", "integrity": "sha512-z58VbOrxm0g4Nf2ix+g0HvyOAd+cY6HfD7LEVNBRA1a+SDU1njvPJHi61GcnEC1Xvq5YTI+G1csMi7oMuMyymg==", "contentType": "text/javascript; charset=UTF-8" },
  "https://framer.com/m/framer/icon-nullstate.js@0.7.0": { "resolved": "https://framerusercontent.com/modules/DyldKav0OOAWR3bCAlhK/8c3l9FzyOlGpbPncYhfc/nullstate.js", "integrity": "sha512-QT6Gp3FNH3E9jEhKnxIz/B0SQoyp964nPjDbLguvfdbVGxoCuAJHuNodoXz3StFSRtZArE5t3LiPAyL7zwpcYA==", "contentType": "text/javascript; charset=UTF-8" },
  "https://framer.com/m/framer/useIsomorphicLayoutEffect.js@0.2.0": { "resolved": "https://framerusercontent.com/modules/5sD1L34Nn4AzaFRyCPrW/BT9HMtTDsUFnXFBXXei7/useIsomorphicLayoutEffect.js", "integrity": "sha512-2qsyS1hubeiJJSOn3kBzAv5o/gZILlK9WJqJwn5PwCKXNbebgLvpu3NhIt0Gg9k6IyAViGVaLYGUfyIQQIBOxQ==", "contentType": "text/javascript; charset=UTF-8" },
  "https://framerusercontent.com/modules/3mKFSGQqKHV82uOV1eBc/5fbRLvOpxZC0JOXugvwm/isMotionValue.js": { "integrity": "sha512-NsTFnckH3ztErsfOQWKX+2YnZrAjFV/awMuJEbM1Pza8dlI7VsvvcXHT3EaeTo2mPWyKoGOUOefv8t7Rw/lHDw==", "contentType": "text/javascript; charset=UTF-8" },
  "https://framerusercontent.com/modules/4TG0CA0xFC8r92HZNVLs/oNHmObL27xLBv67Gbys4/Input.js": { "integrity": "sha512-c8C4QG9XOLLsp2RHsfl9Voso1qMNSajduYP58OKPKh3AozQ2JN4zxQrh0RTTKSKRt76L91FJ1VqAr70trWMY7A==", "contentType": "text/javascript; charset=UTF-8" },
  "https://framerusercontent.com/modules/4zHZnO5JojN1PrIbu2jm/revv9QCWpkh8lPzi2jje/time.js": { "integrity": "sha512-6AYgvM2h2agZ0WfoeBjdlYWn7JitwfHIoPceHAc+9naJK33RlLEsmKABjOZ/MZb5UIVRr9U6u9l5E3bsLvjSDA==", "contentType": "text/javascript; charset=UTF-8" },
  "https://framerusercontent.com/modules/5SM58HxZHxjjv7aLMOgQ/WXz9i6mVki0bBCrKdqB3/propUtils.js": { "integrity": "sha512-iK3pmUGLJxbB8lS1WPPNYZlPvNUt4Y5h0rKF9kNEORatilksnSz/3xfN03ccyAdi1OjUY31t+AGJt1+eHA/BPw==", "contentType": "text/javascript; charset=UTF-8" },
  "https://framerusercontent.com/modules/8CkHAZatUz1UR8jNTcfD/HwbnIAZlUmQ2oTpcLkaH/detectAutoSizingAxis.js": { "integrity": "sha512-dAd1qq5+bvyo50A0tC8OaRUDlKMvgSmZWio2hfLnunflScABL+Q/iCIhwTiAVumwVS+SXjVRSg39snW0n8FzeQ==", "contentType": "text/javascript; charset=UTF-8" },
  "https://framerusercontent.com/modules/D2Lz5CmnNVPZFFiZXalt/QaCzPbriZBfXWZIIycFI/colorFromToken.js": { "integrity": "sha512-YDvWz/mbv4+oNkMcvP9h+8chVtQ2nlM3PjGI47J0Udlv6X4iTdI7yxl16MxMQRdkcimRtss1PA0+PoPQzyaWRA==", "contentType": "text/javascript; charset=UTF-8" },
  "https://framerusercontent.com/modules/D4TWeLfcxT6Tysr2BlYg/iZjmqdxVx1EOiM3k1FaW/useOnNavigationTargetChange.js": { "integrity": "sha512-jtWHOF3DUXVj8ag8XlnplqaX6Dhh2mZwYuPorQD1wHHvkIgDToYZ2CbT4/H1ZJjGSBZSWMwoGH8R+5rbAsBW0g==", "contentType": "text/javascript; charset=UTF-8" },
  "https://framerusercontent.com/modules/ETACN5BJyFTSo0VVDJfu/NHRqowOiXkF9UwOzczF7/variantUtils.js": { "integrity": "sha512-iEZE1/9UwLqu0UxGuMJSdI/CvNsmzHR3FBk9kU6JAXZZJfSMK/7MQ2KfwzBkWXDS3J1/PZR2ER1j8MLJIkOrgw==", "contentType": "text/javascript; charset=UTF-8" },
  "https://framerusercontent.com/modules/ExNgrA7EJTKUPpH6vIlN/eiOrSJ2Ab5M9jPCvVwUz/useConstant.js": { "integrity": "sha512-wr7eR2AFuWM5aiGGtdUJCdyeunszIbwAGibmq5l0Z5y3Ta9a+W21NZjV0c0+y+vHwxqhuotnubZnTw3HIksBQQ==", "contentType": "text/javascript; charset=UTF-8" },
  "https://framerusercontent.com/modules/Ma20hU0GGRxLxZphbywl/OSpwWF91FHPVFyQJjMHt/utils.js": { "integrity": "sha512-7NNUFsS67eXMltlUwxiHRQ6JdYBDN4yO2FyQdmuplcU+0WbwE9hi/WSnfS15uvAWQYdoNUglXWpy9JpusUfs4A==", "contentType": "text/javascript; charset=UTF-8" },
  "https://framerusercontent.com/modules/VTUDdizacRHpwbkOamr7/AykinQJbgwl92LvMGZwu/constants.js": { "integrity": "sha512-+agazvdZLI57hxKWl73RRmPucUwrsXYadSDNd2MBgpr1wubU69JEbadS1vi0MgVe73QCs3edxoCGsP3Pcc4JnA==", "contentType": "text/javascript; charset=UTF-8" },
  "https://framerusercontent.com/modules/afBE9Yx1W6bY5q32qPxe/m3q7puE2tbo1S2C0s0CT/useRenderTarget.js": { "integrity": "sha512-oYHYmXTJK7j4xPHjTpIz2RnddnTbxzS8FKcSpvfCiULjY4AA6DTTr99aAYP11ESx4o9HwzKr7+EVNHFt4v+xqQ==", "contentType": "text/javascript; charset=UTF-8" },
  "https://framerusercontent.com/modules/cuQH4dmpDnV8YK1mSgQX/KqRXqunFjE6ufhpc7ZRu/useFontControls.js": { "integrity": "sha512-eiTawvAVT0y4LYqpKOKKT4enQA5aX1jYkLb6/eidehYczAvNqQMeLYytk20YxGQnUtV9nLZGqtZKfliTWagewA==", "contentType": "text/javascript; charset=UTF-8" },
  "https://framerusercontent.com/modules/eMBrwoqQK7h6mEeGQUH8/GuplvPJVjmxpk9zqOTcb/isBrowser.js": { "integrity": "sha512-/WnHruV+79xq+DJRHluTB+lS00oQ+hTPpXCg4CZs1qLvy8CV8UJxUqJtdKfCTOtRYEnWyd5cjF1DSQSJZDZIvg==", "contentType": "text/javascript; charset=UTF-8" },
  "https://framerusercontent.com/modules/eV6Cwcfo8Bh3bvsz3IXI/vu3NC887AyJm8e1oQ2KH/TailwindCSS.js": { "integrity": "sha512-DqBq4caxr/SXCK0a2OU6MbCBz0Us0la+WESK1bUEToSytWkzJXRkCdpYG+5qU9hFKot/Ym8DFXh0P1dVTPYROg==", "contentType": "text/javascript; charset=UTF-8" },
  "https://framerusercontent.com/modules/f0DboytQenYh21kfme7W/0pLhZgteIMGONoge6j70/Feather.js": { "integrity": "sha512-odKInsqKcOuDIc72qP6IQo+KYPBubcwvsZROhGs5CD27ny4MnMC+o8iBMo/55tG3I4UirntCCB+PFjDTjcwg/Q==", "contentType": "text/javascript; charset=UTF-8" },
  "https://framerusercontent.com/modules/f0DboytQenYh21kfme7W/8wMRKrSQDZ6NDbLhK7JF/Feather.js": { "integrity": "sha512-I+ElN4DbR7LWSTxfebxAH5VM6gDC5P6la+BFe6Fm3buDBGxUXroa67SUicAdFPgcgEVKzKUqAq7SRc66nvrfpQ==", "contentType": "text/javascript; charset=UTF-8" },
  "https://framerusercontent.com/modules/kNDwabfjDEb3vUxkQlZS/fSIr3AOAYbGlfSPgXpYu/useAutoMotionValue.js": { "integrity": "sha512-xEFSaKKXncJsmWeQJPZqNhTWAqCAK/epqpK+lzJpwb8T0IiLSj9VuWU8ESLZuzx8Mx084PwQeB+rgw8ej9Y50w==", "contentType": "text/javascript; charset=UTF-8" },
  "https://framerusercontent.com/modules/v9AWX2URmiYsHf7GbctE/XxKAZ9KlhWqf5x1JMyyF/useOnChange.js": { "integrity": "sha512-4pP38vm8883Ug5K4WkuDEUU7aFBunFNbmwPLRh5Nwe9jZHcXlBbp8Odxkg7Zigj2CRYRU+Jidm7Gcvw9PMzV4w==", "contentType": "text/javascript; charset=UTF-8" },
  "https://framerusercontent.com/modules/wqnL792mTpIh6KOqQVE8/znSn9yF1usR4YLCzpDWy/XWP78T8ip.js": { "integrity": "sha512-0vyIIYsnZp2Ypaa3yZxnzltKpOFW8MUHDwcTSvjg1/ratMxsT2LHhigO0rBNzsiL7eFi2vk0Nu+mbtVb3qYrIQ==", "contentType": "text/javascript; charset=UTF-8" },
  "https://framerusercontent.com/modules/xDiQsqBGXzmMsv7AlEVy/uhunpMiNsbXxzjlXsg1y/useUniqueClassName.js": { "integrity": "sha512-xwEYb9guLArtE2B8O2Wle96w7BEPqgejNW+6Tld2KUMTdNrF0jH9kxwB0HAWn9OeOlPRTvx8oYOpsJvj4ryqsg==", "contentType": "text/javascript; charset=UTF-8" },
  "https://framerusercontent.com/modules/yRl2cTj9EYORBGzVcYOX/QkUTSppW6MPaxuOWqxUZ/Overrides.js": { "integrity": "sha512-GjYN2O3CPeUb+SUYKWE7HkETZhdyDmPVCjHHnXsQZoecDzvws4KrgbAeB57PZzDY+ZM3rvWLA6Vj7Qk/a1ovxg==", "contentType": "text/javascript; charset=UTF-8" },
  "https://framerusercontent.com/modules/yRl2cTj9EYORBGzVcYOX/j9jdA4alHVoZUw1EHJW8/Overrides.js": { "integrity": "sha512-G6wRBuhfy4Tks+j7nyUEEaqeyN+6BG6opvPLgMLRvsjNVFHR94yhhGkAR4DQuqBopWF8y+WIu8E8oSf+uQuJZg==", "contentType": "text/javascript; charset=UTF-8" },
  "https://framerusercontent.com/modules/z3nMGg5wkheHH1MRKNH0/YCH7l8y9rkFSE6sNGsLq/DesignSystem.js": { "integrity": "sha512-B7AhEh8WkbgxEufc0zcqKDsGtJab3bX10ZLx5uiB4DkniHgBAUgfI47jsKVss830BfKykDI+gLE6Ts83CDYxAA==", "contentType": "text/javascript; charset=UTF-8" },
  "https://framerusercontent.com/modules/zGkoP8tPDCkoBzMdt5uq/0zFSjxIYliHxrQQnryFX/useControlledState.js": { "integrity": "sha512-vWIeFy+B8USgEc5sjsHVNe1V0wUGrQGqBUFcJO4EtGR1i/u7an6Bd64oTXg6xgVwnUGZold4Zl+8KyW5gnw+JA==", "contentType": "text/javascript; charset=UTF-8" },
  "version": 1
}
