# THIS IS AN AUTOGENERATED FILE. DO NOT EDIT THIS FILE DIRECTLY.
# yarn lockfile v1


"@juggle/resize-observer@^3.3.1":
  version "3.4.0"
  resolved "https://registry.yarnpkg.com/@juggle/resize-observer/-/resize-observer-3.4.0.tgz#08d6c5e20cf7e4cc02fd181c4b0c225cd31dbb60"
  integrity sha512-dfLbk+PwWvFzSxwk3n5ySL0hfBog779o8h68wK/7/APo/7cgyWp5jcXockbxdk5kFRkbeXWm4Fbi9FrdN381sA==

eventemitter3@^3.1.0:
  version "3.1.2"
  resolved "https://registry.yarnpkg.com/eventemitter3/-/eventemitter3-3.1.2.tgz#2d3d48f9c346698fce83a85d7d664e98535df6e7"
  integrity sha512-tvtQIeLVHjDkJYnzf2dgVMxfuSGJeM/7UCG17TT4EumTfNtF+0nebF/4zWOIkCreAbtNqhGEboB6BWrwqNaw4Q==

fontfaceobserver@^2.1.0:
  version "2.3.0"
  resolved "https://registry.yarnpkg.com/fontfaceobserver/-/fontfaceobserver-2.3.0.tgz#5fb392116e75d5024b7ec8e4f2ce92106d1488c8"
  integrity sha512-6FPvD/IVyT4ZlNe7Wcn5Fb/4ChigpucKYSvD6a+0iMoLn2inpo711eyIcKjmDtE5XNcgAkSH9uN/nfAeZzHEfg==

framer@^2.1.3:
  version "2.1.3"
  resolved "https://registry.yarnpkg.com/framer/-/framer-2.1.3.tgz#1713087a66c43400204ded349dc722515caa273c"
  integrity sha512-y4D2V66DL35W6rNlJSE8hdUIA4drNwa7TpKxHW/rHhQeOH8pefb24WAtfjklxv6pu7/m1Os9e1Zf9UTBEi1PSQ==
  dependencies:
    "@juggle/resize-observer" "^3.3.1"
    eventemitter3 "^3.1.0"
    fontfaceobserver "^2.1.0"
    hoist-non-react-statics "^2.5.0"
    hsluv "^0.0.3"

hoist-non-react-statics@^2.5.0:
  version "2.5.5"
  resolved "https://registry.yarnpkg.com/hoist-non-react-statics/-/hoist-non-react-statics-2.5.5.tgz#c5903cf409c0dfd908f388e619d86b9c1174cb47"
  integrity sha512-rqcy4pJo55FTTLWt+bU8ukscqHeE/e9KWvsOW2b/a3afxQZhwkQdT1rPPCJ0rYXdj4vNcasY8zHTH+jF/qStxw==

hsluv@^0.0.3:
  version "0.0.3"
  resolved "https://registry.yarnpkg.com/hsluv/-/hsluv-0.0.3.tgz#829107dafb4a9f8b52a1809ed02e091eade6754c"
  integrity sha512-08iL2VyCRbkQKBySkSh6m8zMUa3sADAxGVWs3Z1aPcUkTJeK0ETG4Fc27tEmQBGUAXZjIsXOZqBvacuVNSC/fQ==

jsonp-promise@^0.1.2:
  version "0.1.2"
  resolved "https://registry.yarnpkg.com/jsonp-promise/-/jsonp-promise-0.1.2.tgz#5c4365d9cbee99c79893a9c750a95f6db468997d"
  integrity sha512-R9qfMLweZPIPkVLwdvXzio2+L4+d9twytjV/WvxWhdPjz2/OhIR3UxXmmcOcn75GQaf0w+w8O+sYk6uZp5Ee4Q==

to-querystring@^1.1.1:
  version "1.1.1"
  resolved "https://registry.yarnpkg.com/to-querystring/-/to-querystring-1.1.1.tgz#98de5b00c79768a98ca48a2c09a960238d960265"
  integrity sha512-ZgIacl9TXAoT7sGXUYjQiy0MW7Tf/7CJQLt757hYHfXXc8JBzOVBMx4DckqKUO4hi36J72/m8UcH/GCHK+n97g==
