# THIS IS AN AUTOGENERATED FILE. DO NOT EDIT THIS FILE DIRECTLY.
# yarn lockfile v1


"@babel/runtime@^7.11.2", "@babel/runtime@^7.13.10", "@babel/runtime@^7.16.7":
  version "7.17.9"
  resolved "https://registry.yarnpkg.com/@babel/runtime/-/runtime-7.17.9.tgz#d19fbf802d01a8cb6cf053a64e472d42c434ba72"
  integrity sha512-lSiBBvodq29uShpWGNbgFdKYNiFDo5/HIYsaCEY9ff4sb10x9jizo2+pRrSyF4jKZCXqgzuqBOQKbUm90gQwJg==
  dependencies:
    regenerator-runtime "^0.13.4"

"@chevrotain/cst-dts-gen@^10.1.2":
  version "10.1.2"
  resolved "https://registry.yarnpkg.com/@chevrotain/cst-dts-gen/-/cst-dts-gen-10.1.2.tgz#4ee6eff237bb47f4990cfb76c18ee2e71237929c"
  integrity sha512-E/XrL0QlzExycPzwhOEZGVOheJ/Clr5uNv3oCds88MiNqEmg3UU1iauZk7DhjsUo3jgEW4lf0I5HRl7/HC5ZkQ==
  dependencies:
    "@chevrotain/gast" "^10.1.2"
    "@chevrotain/types" "^10.1.2"
    lodash "4.17.21"

"@chevrotain/gast@^10.1.2":
  version "10.1.2"
  resolved "https://registry.yarnpkg.com/@chevrotain/gast/-/gast-10.1.2.tgz#91d5b342480d7532118a6cf3958955f86c9cc03e"
  integrity sha512-er+TcxUOMuGOPoiOq8CJsRm92zGE4YPIYtyxJfxoVwVgtj4AMrPNCmrHvYaK/bsbt2DaDuFdcbbAfM9bcBXW6Q==
  dependencies:
    "@chevrotain/types" "^10.1.2"
    lodash "4.17.21"

"@chevrotain/types@^10.1.2":
  version "10.1.2"
  resolved "https://registry.yarnpkg.com/@chevrotain/types/-/types-10.1.2.tgz#f4caa373b1cd14d13ecb61c77dfee2456eef1ab3"
  integrity sha512-4qF9SmmWKv8AIG/3d+71VFuqLumNCQTP5GoL0CW6x7Ay2OdXm6FUgWFLTMneGUjYUk2C+MSCf7etQfdq3LEr1A==

"@chevrotain/utils@^10.1.2":
  version "10.1.2"
  resolved "https://registry.yarnpkg.com/@chevrotain/utils/-/utils-10.1.2.tgz#d2fb7b968141139e5c2419553e5295382c265e7d"
  integrity sha512-bbZIpW6fdyf7FMaeDmw3cBbkTqsecxEkwlVKgVfqqXWBPLH6azxhPA2V9F7OhoZSVrsnMYw7QuyK6qutXPjEew==

"@react-spring/animated@~9.4.4":
  version "9.4.4"
  resolved "https://registry.yarnpkg.com/@react-spring/animated/-/animated-9.4.4.tgz#15e21923e55c06ca2bcea432869b91b2f8b07519"
  integrity sha512-e9xnuBaUTD+NolKikUmrGWjX8AVCPyj1GcEgjgq9E+0sXKv46UY7cm2EmB6mUDTxWIDVKebARY++xT4nGDraBQ==
  dependencies:
    "@react-spring/shared" "~9.4.4"
    "@react-spring/types" "~9.4.4"

"@react-spring/core@^9.3.0", "@react-spring/core@~9.4.4":
  version "9.4.4"
  resolved "https://registry.yarnpkg.com/@react-spring/core/-/core-9.4.4.tgz#7730988cec7302ba6e0977cf4c08c30249d95622"
  integrity sha512-llgb0ljFyjMB0JhWsaFHOi9XFT8n1jBMVs1IFY2ipIBerWIRWrgUmIpakLPHTa4c4jwqTaDSwX90s2a0iN7dxQ==
  dependencies:
    "@react-spring/animated" "~9.4.4"
    "@react-spring/rafz" "~9.4.4"
    "@react-spring/shared" "~9.4.4"
    "@react-spring/types" "~9.4.4"

"@react-spring/rafz@~9.4.4":
  version "9.4.4"
  resolved "https://registry.yarnpkg.com/@react-spring/rafz/-/rafz-9.4.4.tgz#736c9ed1099baebeea20c357b9700b01b83ea9de"
  integrity sha512-5ki/sQ06Mdf8AuFstSt5zbNNicRT4LZogiJttDAww1ozhuvemafNWEHxhzcULgCPCDu2s7HsroaISV7+GQWrhw==

"@react-spring/shared@~9.4.4":
  version "9.4.4"
  resolved "https://registry.yarnpkg.com/@react-spring/shared/-/shared-9.4.4.tgz#e1ae00a77d170d86d77d9a19dc7015bdddc2d26f"
  integrity sha512-ySVgScDZlhm/+Iy2smY9i/DDrShArY0j6zjTS/Re1lasKnhq8qigoGiAxe8xMPJNlCaj3uczCqHy3TY9bKRtfQ==
  dependencies:
    "@react-spring/rafz" "~9.4.4"
    "@react-spring/types" "~9.4.4"

"@react-spring/three@^9.3.0", "@react-spring/three@^9.3.1":
  version "9.4.4"
  resolved "https://registry.yarnpkg.com/@react-spring/three/-/three-9.4.4.tgz#a26de44854e166184ddba57313bfc52efce67368"
  integrity sha512-z77ohxg8zG0CcZJojzfoJTTrjSbIyefNz2RlId68/4IypnOs1p8kB2Q1p+wX4KyWORpLg8ivsPcjtwBjGwfDtg==
  dependencies:
    "@react-spring/animated" "~9.4.4"
    "@react-spring/core" "~9.4.4"
    "@react-spring/shared" "~9.4.4"
    "@react-spring/types" "~9.4.4"

"@react-spring/types@~9.4.4":
  version "9.4.4"
  resolved "https://registry.yarnpkg.com/@react-spring/types/-/types-9.4.4.tgz#97c69881788e624d7cc68d4385fdaa9b5fd20642"
  integrity sha512-KpxKt/D//q/t/6FBcde/RE36LKp8PpWu7kFEMLwpzMGl9RpcexunmYOQJWwmJWtkQjgE1YRr7DzBMryz6La1cQ==

"@react-spring/web@^9.3.0":
  version "9.4.4"
  resolved "https://registry.yarnpkg.com/@react-spring/web/-/web-9.4.4.tgz#0d13356e61c1d47e83a36112e19e5db691f3fbe5"
  integrity sha512-iJmOLdhcuizriUlu/xqBc5y8KaFts+UI+iC+GxyTwBtzxA9czKiSAZW2ESuhG8stafa3jncwjfTQQp84KN36cw==
  dependencies:
    "@react-spring/animated" "~9.4.4"
    "@react-spring/core" "~9.4.4"
    "@react-spring/shared" "~9.4.4"
    "@react-spring/types" "~9.4.4"

"@react-three/drei@^7.2.1":
  version "7.27.5"
  resolved "https://registry.yarnpkg.com/@react-three/drei/-/drei-7.27.5.tgz#8559b8c6e4b1363ee93cfc1d51d936726bf1bb16"
  integrity sha512-LD0BvN+toHnyn7TV+M50+MbtVIX1PXwHX9RXRa6wgBBDFWBRXNUQb37401+vgzqYV61/JZtxd+b4kM+OYZGpkg==
  dependencies:
    "@babel/runtime" "^7.11.2"
    "@react-spring/three" "^9.3.1"
    "@use-gesture/react" "^10.2.0"
    detect-gpu "^3.1.28"
    glsl-noise "^0.0.0"
    lodash.omit "^4.5.0"
    lodash.pick "^4.4.0"
    react-composer "^5.0.2"
    react-merge-refs "^1.1.0"
    stats.js "^0.17.0"
    three-mesh-bvh "^0.5.2"
    three-stdlib "^2.6.1"
    troika-three-text "^0.44.0"
    use-asset "^1.0.4"
    utility-types "^3.10.0"
    zustand "^3.5.13"

"@react-three/fiber@^7.0.6":
  version "7.0.27"
  resolved "https://registry.yarnpkg.com/@react-three/fiber/-/fiber-7.0.27.tgz#6fecaae7050a6967dc046267de8b5b016ec0cbef"
  integrity sha512-O8zNP7QwPRzZCw4fmHwbBxC45NAd0Ysiy8NGNQF8NUReHaXI+NEwXR5QFl3O/WnZKG1XNf4/l7jtIM3GA1JPpw==
  dependencies:
    "@babel/runtime" "^7.13.10"
    "@types/react-reconciler" "^0.26.2"
    react-merge-refs "^1.1.0"
    react-reconciler "^0.26.2"
    react-three-fiber "0.0.0-deprecated"
    react-use-measure "^2.1.1"
    resize-observer-polyfill "^1.5.1"
    scheduler "^0.20.2"
    use-asset "^1.0.4"
    utility-types "^3.10.0"
    zustand "^3.5.1"

"@react-three/postprocessing@^2.0.5":
  version "2.3.2"
  resolved "https://registry.yarnpkg.com/@react-three/postprocessing/-/postprocessing-2.3.2.tgz#14ffc56b0153d2cbcb6615ae5a943d6786c5b868"
  integrity sha512-e1veVao9XR3BP/J6OdvbR7yQq7d3lpOQuKvSQJ9LWLhPziBzHeRazU63cIwf5Dh4qy0TuxswmgWKxRn8Sxp79Q==
  dependencies:
    postprocessing "6.26.3"
    react-merge-refs "^1.1.0"
    three-stdlib "^2.8.11"

"@types/prop-types@*":
  version "15.7.5"
  resolved "https://registry.yarnpkg.com/@types/prop-types/-/prop-types-15.7.5.tgz#5f19d2b85a98e9558036f6a3cacc8819420f05cf"
  integrity sha512-JCB8C6SnDoQf0cNycqd/35A7MjcnK+ZTqE7judS6o7utxUCg6imJg3QK2qzHKszlTjcj2cn+NwMB2i96ubpj7w==

"@types/react-reconciler@^0.26.2":
  version "0.26.6"
  resolved "https://registry.yarnpkg.com/@types/react-reconciler/-/react-reconciler-0.26.6.tgz#271b850616413b5c197ec485403961a11cedd4ef"
  integrity sha512-N8MpyC6PJksD+CbMaZ1GW1t940+L4K+f7soiNKcKfgOgof3xWLvs5nPRQ/Q0P6QwDX0GH1PT1MsiQh2FtUY6aw==
  dependencies:
    "@types/react" "*"

"@types/react@*", "@types/react@^18.0.6":
  version "18.0.6"
  resolved "https://registry.yarnpkg.com/@types/react/-/react-18.0.6.tgz#30206c3830af6ce8639b91ace5868bc2d3d1d96c"
  integrity sha512-bPqwzJRzKtfI0mVYr5R+1o9BOE8UEXefwc1LwcBtfnaAn6OoqMhLa/91VA8aeWfDPJt1kHvYKI8RHcQybZLHHA==
  dependencies:
    "@types/prop-types" "*"
    "@types/scheduler" "*"
    csstype "^3.0.2"

"@types/scheduler@*":
  version "0.16.2"
  resolved "https://registry.yarnpkg.com/@types/scheduler/-/scheduler-0.16.2.tgz#1a62f89525723dde24ba1b01b092bf5df8ad4d39"
  integrity sha512-hppQEBDmlwhFAXKJX2KnWLYu5yMfi91yazPb2l+lbJiwW+wdo1gNeRA+3RgNSO39WYX2euey41KEwnqesU2Jew==

"@use-gesture/core@10.2.11":
  version "10.2.11"
  resolved "https://registry.yarnpkg.com/@use-gesture/core/-/core-10.2.11.tgz#914c36f190bcf452500d11a11fc294fe56e5dc2f"
  integrity sha512-5YeVrT9prf9UeaAO+2fIuiKdZ01uVBvVsjG79berGZPTHVkz01eFX2ODWJG05uQTqmRw6olz1J80yt6qcGPdvA==

"@use-gesture/react@^10.2.0":
  version "10.2.11"
  resolved "https://registry.yarnpkg.com/@use-gesture/react/-/react-10.2.11.tgz#f23776050aeaee3b18f80df9cd2b765229bbfa66"
  integrity sha512-yATjHv6ZNe9Jar1YtJvcb6KxwpcGGW/X8FEUY6xo2mDxHkP7dCsnhZZm7I+giGlrJKBMvpVBARsbUhwQP6v6nA==
  dependencies:
    "@use-gesture/core" "10.2.11"

"@webgpu/glslang@^0.0.15":
  version "0.0.15"
  resolved "https://registry.yarnpkg.com/@webgpu/glslang/-/glslang-0.0.15.tgz#f5ccaf6015241e6175f4b90906b053f88483d1f2"
  integrity sha512-niT+Prh3Aff8Uf1MVBVUsaNjFj9rJAKDXuoHIKiQbB+6IUP/3J3JIhBNyZ7lDhytvXxw6ppgnwKZdDJ08UMj4Q==

bidi-js@^1.0.2:
  version "1.0.2"
  resolved "https://registry.yarnpkg.com/bidi-js/-/bidi-js-1.0.2.tgz#1a497a762c2ddea377429d2649c9ce0f8a91527f"
  integrity sha512-rzSy/k7WdX5zOyeHHCOixGXbCHkyogkxPKL2r8QtzHmVQDiWCXUWa18bLdMWT9CYMLOYTjWpTHawuev2ouYJVw==
  dependencies:
    require-from-string "^2.0.2"

camera-controls@^1.33.1:
  version "1.34.2"
  resolved "https://registry.yarnpkg.com/camera-controls/-/camera-controls-1.34.2.tgz#0cdf1bf5863062ee4c9828ff2c60e0063d986b7f"
  integrity sha512-lnQ8k9vyMixarjuQCPUe0umC9oAFbB+BfBmVgsIGydtPzs4x2FmyU31GASIfih3d8G/E9oLvCB4zDbwLqsGPKg==

chevrotain@^10.1.2:
  version "10.1.2"
  resolved "https://registry.yarnpkg.com/chevrotain/-/chevrotain-10.1.2.tgz#c990ab43e32fd0bfb176ad1cbdebf48302ac8542"
  integrity sha512-hvRiQuhhTZxkPMGD/dke+s1EGo8AkKDBU05CcufBO278qgAQSwIC4QyLdHz0CFHVtqVYWjlAS5D1KwvBbaHT+w==
  dependencies:
    "@chevrotain/cst-dts-gen" "^10.1.2"
    "@chevrotain/gast" "^10.1.2"
    "@chevrotain/types" "^10.1.2"
    "@chevrotain/utils" "^10.1.2"
    lodash "4.17.21"
    regexp-to-ast "0.5.0"

classnames@^2.3.1:
  version "2.3.1"
  resolved "https://registry.yarnpkg.com/classnames/-/classnames-2.3.1.tgz#dfcfa3891e306ec1dad105d0e88f4417b8535e8e"
  integrity sha512-OlQdbZ7gLfGarSqxesMesDa5uz7KFbID8Kpq/SxIoNGDqY8lSYs0D+hhtBXhcdB3rcbXArFr7vlHheLk1voeNA==

csstype@^3.0.2:
  version "3.0.11"
  resolved "https://registry.yarnpkg.com/csstype/-/csstype-3.0.11.tgz#d66700c5eacfac1940deb4e3ee5642792d85cd33"
  integrity sha512-sa6P2wJ+CAbgyy4KFssIb/JNMLxFvKF1pCYCSXS8ZMuqZnMsrxqI2E5sPyoTpxoPU/gVZMzr2zjOfg8GIZOMsw==

debounce@^1.2.1:
  version "1.2.1"
  resolved "https://registry.yarnpkg.com/debounce/-/debounce-1.2.1.tgz#38881d8f4166a5c5848020c11827b834bcb3e0a5"
  integrity sha512-XRRe6Glud4rd/ZGQfiV1ruXSfbvfJedlV9Y6zOlP+2K04vBYiJEte6stfFkCP03aMnY5tsipamumUjL14fofug==

decode-uri-component@^0.2.0:
  version "0.2.0"
  resolved "https://registry.yarnpkg.com/decode-uri-component/-/decode-uri-component-0.2.0.tgz#eb3913333458775cb84cd1a1fae062106bb87545"
  integrity sha1-6zkTMzRYd1y4TNGh+uBiEGu4dUU=

detect-gpu@^3.1.28:
  version "3.1.30"
  resolved "https://registry.yarnpkg.com/detect-gpu/-/detect-gpu-3.1.30.tgz#5f81d02dc8c6417f686e1057256b3bd5d5a6f3f5"
  integrity sha512-WUOk8imHH56AWVt6iHry69qbNEFsPjtS6qsinurfxeI3bVYQZzFk8zECTaodLxfeRad7QspDjjkJWkp5vBo8WA==
  dependencies:
    webgl-constants "^1.1.1"

draco3d@^1.4.1:
  version "1.5.2"
  resolved "https://registry.yarnpkg.com/draco3d/-/draco3d-1.5.2.tgz#a09604a9e6bbf4e5a69208af4622038c55ef4ca7"
  integrity sha512-AeRQ25Fb29c14vpjnh167UGW0nGY0ZpEM3ld+zEXoEySlmEXcXfsCHZeTgo5qXH925V1JsdjrzasdaQ22/vXog==

fast-deep-equal@^3.1.3:
  version "3.1.3"
  resolved "https://registry.yarnpkg.com/fast-deep-equal/-/fast-deep-equal-3.1.3.tgz#3a7d56b559d6cbc3eb512325244e619a65c6c525"
  integrity sha512-f3qQ9oQy9j2AhBe/H9VC91wLmKBCCU/gDOnKNAYG5hswO7BLKj09Hc5HYNz9cGI++xlpDCIgDaitVs03ATR84Q==

fflate@^0.6.9:
  version "0.6.10"
  resolved "https://registry.yarnpkg.com/fflate/-/fflate-0.6.10.tgz#5f40f9659205936a2d18abf88b2e7781662b6d43"
  integrity sha512-IQrh3lEPM93wVCEczc9SaAOvkmcoQn/G8Bo1e8ZPlY3X3bnAxWaBdvTdvM1hP62iZp0BXWDy4vTAy4fF0+Dlpg==

filter-obj@^1.1.0:
  version "1.1.0"
  resolved "https://registry.yarnpkg.com/filter-obj/-/filter-obj-1.1.0.tgz#9b311112bc6c6127a16e016c6c5d7f19e0805c5b"
  integrity sha1-mzERErxsYSehbgFsbF1/GeCAXFs=

glsl-aastep@^1.0.0:
  version "1.0.1"
  resolved "https://registry.yarnpkg.com/glsl-aastep/-/glsl-aastep-1.0.1.tgz#eeaf16961e472c9b8b3d965d080ab8ec1d4c6bb8"
  integrity sha1-7q8Wlh5HLJuLPZZdCAq47B1Ma7g=

glsl-diffuse-oren-nayar@^1.0.2:
  version "1.0.2"
  resolved "https://registry.yarnpkg.com/glsl-diffuse-oren-nayar/-/glsl-diffuse-oren-nayar-1.0.2.tgz#f0b108244077dfc2c81aee8d78a3b5df7abad6e4"
  integrity sha1-8LEIJEB338LIGu6NeKO133q61uQ=

glsl-face-normal@^1.0.2:
  version "1.0.2"
  resolved "https://registry.yarnpkg.com/glsl-face-normal/-/glsl-face-normal-1.0.2.tgz#7ee775d919a4f2ee92f57bb698e87cc75dbf1288"
  integrity sha1-fud12Rmk8u6S9Xu2mOh8x12/Eog=

glsl-gamma@^2.0.0:
  version "2.0.0"
  resolved "https://registry.yarnpkg.com/glsl-gamma/-/glsl-gamma-2.0.0.tgz#c00a9401bd4a3567b0674cf695c30d1c00f692ca"
  integrity sha1-wAqUAb1KNWewZ0z2lcMNHAD2kso=

glsl-halftone@^1.0.4:
  version "1.0.4"
  resolved "https://registry.yarnpkg.com/glsl-halftone/-/glsl-halftone-1.0.4.tgz#a60700d11852db3ebc0cc9ee78bf0ae9a2e7aff6"
  integrity sha1-pgcA0RhS2z68DMnueL8K6aLnr/Y=
  dependencies:
    glsl-aastep "^1.0.0"
    glsl-noise "0.0.0"

glsl-noise@0.0.0, glsl-noise@^0.0.0:
  version "0.0.0"
  resolved "https://registry.yarnpkg.com/glsl-noise/-/glsl-noise-0.0.0.tgz#367745f3a33382c0eeec4cb54b7e99cfc1d7670b"
  integrity sha1-NndF86MzgsDu7Ey1S36Zz8HXZws=

glsl-perturb-normal@^1.0.3:
  version "1.0.3"
  resolved "https://registry.yarnpkg.com/glsl-perturb-normal/-/glsl-perturb-normal-1.0.3.tgz#aa24423a68c447094db7df4fc23e60c268d36255"
  integrity sha512-Vb3wGIPqDso1QfHVhnHEUMhii4YWjTGoH9lYLghY5aw79/5eYgOzFB3jfkdKt9xCRjQfk1BKp5FNyE3OL+BmnQ==

glsl-specular-beckmann@^1.1.1:
  version "1.1.2"
  resolved "https://registry.yarnpkg.com/glsl-specular-beckmann/-/glsl-specular-beckmann-1.1.2.tgz#fce9056933ecdf2456278376a54d082893e775f1"
  integrity sha1-/OkFaTPs3yRWJ4N2pU0IKJPndfE=

glsl-specular-cook-torrance@^2.0.1:
  version "2.0.1"
  resolved "https://registry.yarnpkg.com/glsl-specular-cook-torrance/-/glsl-specular-cook-torrance-2.0.1.tgz#a891cc06c8c7b4f4728702b4824fdacbb967d78f"
  integrity sha1-qJHMBsjHtPRyhwK0gk/ay7ln148=
  dependencies:
    glsl-specular-beckmann "^1.1.1"

glsl-specular-phong@^1.0.0:
  version "1.0.0"
  resolved "https://registry.yarnpkg.com/glsl-specular-phong/-/glsl-specular-phong-1.0.0.tgz#a0450808e4629ee64ccb460b7ee0425a97bf6204"
  integrity sha1-oEUICORinuZMy0YLfuBCWpe/YgQ=

hex-rgb@^5.0.0:
  version "5.0.0"
  resolved "https://registry.yarnpkg.com/hex-rgb/-/hex-rgb-5.0.0.tgz#e2c9eb6a37498d66c5a350a221ed4c2c7d1a92d6"
  integrity sha512-NQO+lgVUCtHxZ792FodgW0zflK+ozS9X9dwGp9XvvmPlH7pyxd588cn24TD3rmPm/N0AIRXF10Otah8yKqGw4w==

"js-tokens@^3.0.0 || ^4.0.0":
  version "4.0.0"
  resolved "https://registry.yarnpkg.com/js-tokens/-/js-tokens-4.0.0.tgz#19203fb59991df98e3a287050d4647cdeaf32499"
  integrity sha512-RdJUflcE3cUzKiMqQgsCu06FPu9UdIJO0beYbPhHN4k6apgJtifcoCtT9bcxOpYBtpD2kCM6Sbzg4CausW/PKQ==

ktx-parse@^0.2.1:
  version "0.2.2"
  resolved "https://registry.yarnpkg.com/ktx-parse/-/ktx-parse-0.2.2.tgz#b037b66044855215b332cb73104590af49e47791"
  integrity sha512-cFBc1jnGG2WlUf52NbDUXK2obJ+Mo9WUkBRvr6tP6CKxRMvZwDDFNV3JAS4cewETp5KyexByfWm9sm+O8AffiQ==

lodash.omit@^4.5.0:
  version "4.5.0"
  resolved "https://registry.yarnpkg.com/lodash.omit/-/lodash.omit-4.5.0.tgz#6eb19ae5a1ee1dd9df0b969e66ce0b7fa30b5e60"
  integrity sha1-brGa5aHuHdnfC5aeZs4Lf6MLXmA=

lodash.pick@^4.4.0:
  version "4.4.0"
  resolved "https://registry.yarnpkg.com/lodash.pick/-/lodash.pick-4.4.0.tgz#52f05610fff9ded422611441ed1fc123a03001b3"
  integrity sha1-UvBWEP/53tQiYRRB7R/BI6AwAbM=

lodash@4.17.21:
  version "4.17.21"
  resolved "https://registry.yarnpkg.com/lodash/-/lodash-4.17.21.tgz#679591c564c3bffaae8454cf0b3df370c3d6911c"
  integrity sha512-v2kDEe57lecTulaDIuNTPy3Ry4gLGJ6Z1O3vE1krgXZNrsQ+LFTGHVxVjcXPs17LhbZVGedAJv8XZ1tvj5FvSg==

loose-envify@^1.1.0, loose-envify@^1.4.0:
  version "1.4.0"
  resolved "https://registry.yarnpkg.com/loose-envify/-/loose-envify-1.4.0.tgz#71ee51fa7be4caec1a63839f7e682d8132d30caf"
  integrity sha512-lyuxPGr/Wfhrlem2CL/UcnUc1zcqKAImBDzukY7Y5F/yQiNdko6+fRLevlw1HgMySw7f611UIY408EtxRSoK3Q==
  dependencies:
    js-tokens "^3.0.0 || ^4.0.0"

mmd-parser@^1.0.4:
  version "1.0.4"
  resolved "https://registry.yarnpkg.com/mmd-parser/-/mmd-parser-1.0.4.tgz#87cc05782cb5974ca854f0303fc5147bc9d690e7"
  integrity sha512-Qi0VCU46t2IwfGv5KF0+D/t9cizcDug7qnNoy9Ggk7aucp0tssV8IwTMkBlDbm+VqAf3cdQHTCARKSsuS2MYFg==

object-assign@^4.1.1:
  version "4.1.1"
  resolved "https://registry.yarnpkg.com/object-assign/-/object-assign-4.1.1.tgz#2109adc7965887cfc05cbbd442cac8bfbb360863"
  integrity sha1-IQmtx5ZYh8/AXLvUQsrIv7s2CGM=

opentype.js@^1.3.3:
  version "1.3.4"
  resolved "https://registry.yarnpkg.com/opentype.js/-/opentype.js-1.3.4.tgz#1c0e72e46288473cc4a4c6a2dc60fd7fe6020d77"
  integrity sha512-d2JE9RP/6uagpQAVtJoF0pJJA/fgai89Cc50Yp0EJHk+eLp6QQ7gBoblsnubRULNY132I0J1QKMJ+JTbMqz4sw==
  dependencies:
    string.prototype.codepointat "^0.2.1"
    tiny-inflate "^1.0.3"

postprocessing@6.26.3:
  version "6.26.3"
  resolved "https://registry.yarnpkg.com/postprocessing/-/postprocessing-6.26.3.tgz#456922499e13e02352b3b6b14881ca8186e8a96a"
  integrity sha512-f9VMDQSLngrdJByPjza4pNHZWoEnGFdxj6GsgqGd2+RM3PYFTCZapgpX9W/FspRUg6Is38vkUfjvLxWyfBHbhQ==

potpack@^1.0.1:
  version "1.0.2"
  resolved "https://registry.yarnpkg.com/potpack/-/potpack-1.0.2.tgz#23b99e64eb74f5741ffe7656b5b5c4ddce8dfc14"
  integrity sha512-choctRBIV9EMT9WGAZHn3V7t0Z2pMQyl0EZE6pFc/6ml3ssw7Dlf/oAOvFwjm1HVsqfQN8GfeFyJ+d8tRzqueQ==

prop-types@^15.6.0, prop-types@^15.7.2:
  version "15.8.1"
  resolved "https://registry.yarnpkg.com/prop-types/-/prop-types-15.8.1.tgz#67d87bf1a694f48435cf332c24af10214a3140b5"
  integrity sha512-oj87CgZICdulUohogVAR7AjlC0327U4el4L6eAvOqCeudMDVU0NThNaV+b9Df4dXgSP1gXMTnPdhfe/2qDH5cg==
  dependencies:
    loose-envify "^1.4.0"
    object-assign "^4.1.1"
    react-is "^16.13.1"

query-string@^7.0.1:
  version "7.1.1"
  resolved "https://registry.yarnpkg.com/query-string/-/query-string-7.1.1.tgz#754620669db978625a90f635f12617c271a088e1"
  integrity sha512-MplouLRDHBZSG9z7fpuAAcI7aAYjDLhtsiVZsevsfaHWDS2IDdORKbSd1kWUA+V4zyva/HZoSfpwnYMMQDhb0w==
  dependencies:
    decode-uri-component "^0.2.0"
    filter-obj "^1.1.0"
    split-on-first "^1.0.0"
    strict-uri-encode "^2.0.0"

react-composer@^5.0.2:
  version "5.0.2"
  resolved "https://registry.yarnpkg.com/react-composer/-/react-composer-5.0.2.tgz#131cb53326abb07363795ad3abb0dc4a3005ee05"
  integrity sha512-6E2UNjUF0e7KRY+/faU2Hv7D9zagXnYdTfSSCGdYfuds6mRnVpN19vrbHXShaQzJNVXL4VOUb8qq6DvClDIG1g==
  dependencies:
    prop-types "^15.6.0"

react-dom@^17.0.2:
  version "17.0.2"
  resolved "https://registry.yarnpkg.com/react-dom/-/react-dom-17.0.2.tgz#ecffb6845e3ad8dbfcdc498f0d0a939736502c23"
  integrity sha512-s4h96KtLDUQlsENhMn1ar8t2bEa+q/YAtj8pPPdIjPDGBDIVNsrD9aXNWqspUe6AzKCIG0C1HZZLqLV7qpOBGA==
  dependencies:
    loose-envify "^1.1.0"
    object-assign "^4.1.1"
    scheduler "^0.20.2"

react-is@^16.13.1:
  version "16.13.1"
  resolved "https://registry.yarnpkg.com/react-is/-/react-is-16.13.1.tgz#789729a4dc36de2999dc156dd6c1d9c18cea56a4"
  integrity sha512-24e6ynE2H+OKt4kqsOvNd8kBpV65zoxbA4BVsEOB3ARVWQki/DHzaUoC5KuON/BiccDaCCTZBuOcfZs70kR8bQ==

react-merge-refs@^1.1.0:
  version "1.1.0"
  resolved "https://registry.yarnpkg.com/react-merge-refs/-/react-merge-refs-1.1.0.tgz#73d88b892c6c68cbb7a66e0800faa374f4c38b06"
  integrity sha512-alTKsjEL0dKH/ru1Iyn7vliS2QRcBp9zZPGoWxUOvRGWPUYgjo+V01is7p04It6KhgrzhJGnIj9GgX8W4bZoCQ==

react-reconciler@^0.26.2:
  version "0.26.2"
  resolved "https://registry.yarnpkg.com/react-reconciler/-/react-reconciler-0.26.2.tgz#bbad0e2d1309423f76cf3c3309ac6c96e05e9d91"
  integrity sha512-nK6kgY28HwrMNwDnMui3dvm3rCFjZrcGiuwLc5COUipBK5hWHLOxMJhSnSomirqWwjPBJKV1QcbkI0VJr7Gl1Q==
  dependencies:
    loose-envify "^1.1.0"
    object-assign "^4.1.1"
    scheduler "^0.20.2"

react-slider@^1.3.1:
  version "1.3.1"
  resolved "https://registry.yarnpkg.com/react-slider/-/react-slider-1.3.1.tgz#41dd88f7c67520811a4114d6f8f49d186268d9da"
  integrity sha512-bD8hHJJUgAHI8g1F6PY6432l+Dmcs2fqzUwDhd+0HWDdvfjwNoXRNC2cL9OWyGTjYlJM92A8nF/w1X4pyHfytQ==

react-three-fiber@0.0.0-deprecated:
  version "0.0.0-deprecated"
  resolved "https://registry.yarnpkg.com/react-three-fiber/-/react-three-fiber-0.0.0-deprecated.tgz#c737242487d824cf9520307308b7e4c4071a278f"
  integrity sha512-EblIqTAsIpkYeM8bZtC4lcpTE0A2zCEGipFB52RgcQq/q+0oryrk7Sxt+sqhIjUu6xMNEVywV8dr74lz5yWO6A==

react-use-measure@^2.1.1:
  version "2.1.1"
  resolved "https://registry.yarnpkg.com/react-use-measure/-/react-use-measure-2.1.1.tgz#5824537f4ee01c9469c45d5f7a8446177c6cc4ba"
  integrity sha512-nocZhN26cproIiIduswYpV5y5lQpSQS1y/4KuvUCjSKmw7ZWIS/+g3aFnX3WdBkyuGUtTLif3UTqnLLhbDoQig==
  dependencies:
    debounce "^1.2.1"

react@^17.0.2:
  version "17.0.2"
  resolved "https://registry.yarnpkg.com/react/-/react-17.0.2.tgz#d0b5cc516d29eb3eee383f75b62864cfb6800037"
  integrity sha512-gnhPt75i/dq/z3/6q/0asP78D0u592D5L1pd7M8P+dck6Fu/jJeL6iVVK23fptSUZj8Vjf++7wXA8UNclGQcbA==
  dependencies:
    loose-envify "^1.1.0"
    object-assign "^4.1.1"

regenerator-runtime@^0.13.4:
  version "0.13.9"
  resolved "https://registry.yarnpkg.com/regenerator-runtime/-/regenerator-runtime-0.13.9.tgz#8925742a98ffd90814988d7566ad30ca3b263b52"
  integrity sha512-p3VT+cOEgxFsRRA9X4lkI1E+k2/CtnKtU4gcxyaCUreilL/vqI6CdZ3wxVUx3UOUg+gnUOQQcRI7BmSI656MYA==

regexp-to-ast@0.5.0:
  version "0.5.0"
  resolved "https://registry.yarnpkg.com/regexp-to-ast/-/regexp-to-ast-0.5.0.tgz#56c73856bee5e1fef7f73a00f1473452ab712a24"
  integrity sha512-tlbJqcMHnPKI9zSrystikWKwHkBqu2a/Sgw01h3zFjvYrMxEDYHzzoMZnUrbIfpTFEsoRnnviOXNCzFiSc54Qw==

require-from-string@^2.0.2:
  version "2.0.2"
  resolved "https://registry.yarnpkg.com/require-from-string/-/require-from-string-2.0.2.tgz#89a7fdd938261267318eafe14f9c32e598c36909"
  integrity sha512-Xf0nWe6RseziFMu+Ap9biiUbmplq6S9/p+7w7YXP/JBHhrUDDUhwa+vANyubuqfZWTveU//DYVGsDG7RKL/vEw==

resize-observer-polyfill@^1.5.1:
  version "1.5.1"
  resolved "https://registry.yarnpkg.com/resize-observer-polyfill/-/resize-observer-polyfill-1.5.1.tgz#0e9020dd3d21024458d4ebd27e23e40269810464"
  integrity sha512-LwZrotdHOo12nQuZlHEmtuXdqGoOD0OhaxopaNFxWzInpEgaLWoVuAMbTzixuosCx2nEG58ngzW3vxdWoxIgdg==

scheduler@^0.20.2:
  version "0.20.2"
  resolved "https://registry.yarnpkg.com/scheduler/-/scheduler-0.20.2.tgz#4baee39436e34aa93b4874bddcbf0fe8b8b50e91"
  integrity sha512-2eWfGgAqqWFGqtdMmcL5zCMK1U8KlXv8SQFGglL3CEtd0aDVDWgeF/YoCmvln55m5zSk3J/20hTaSBeSObsQDQ==
  dependencies:
    loose-envify "^1.1.0"
    object-assign "^4.1.1"

shadergradient@^0.1.0:
  version "0.0.71"
  resolved "https://registry.yarnpkg.com/shadergradient/-/shadergradient-0.0.71.tgz#89875c624782178b6e1297439e62fdb37b341833"
  integrity sha512-SPy9U4Q7zSRAprbGz6xrjql+xlquPMovgOkUNUkwXji8G5ntJVuh6vm3aSbYSsjWaZFYMQUZdWRDTtqzWJ+e4w==
  dependencies:
    "@react-spring/core" "^9.3.0"
    "@react-spring/three" "^9.3.0"
    "@react-spring/web" "^9.3.0"
    "@react-three/drei" "^7.2.1"
    "@react-three/fiber" "^7.0.6"
    "@react-three/postprocessing" "^2.0.5"
    camera-controls "^1.33.1"
    classnames "^2.3.1"
    glsl-diffuse-oren-nayar "^1.0.2"
    glsl-face-normal "^1.0.2"
    glsl-gamma "^2.0.0"
    glsl-halftone "^1.0.4"
    glsl-noise "^0.0.0"
    glsl-perturb-normal "^1.0.3"
    glsl-specular-cook-torrance "^2.0.1"
    glsl-specular-phong "^1.0.0"
    hex-rgb "^5.0.0"
    prop-types "^15.7.2"
    query-string "^7.0.1"
    react "^17.0.2"
    react-dom "^17.0.2"
    react-slider "^1.3.1"
    three "^0.131.3"
    zustand "^3.5.12"

split-on-first@^1.0.0:
  version "1.1.0"
  resolved "https://registry.yarnpkg.com/split-on-first/-/split-on-first-1.1.0.tgz#f610afeee3b12bce1d0c30425e76398b78249a5f"
  integrity sha512-43ZssAJaMusuKWL8sKUBQXHWOpq8d6CfN/u1p4gUzfJkM05C8rxTmYrkIPTXapZpORA6LkkzcUulJ8FqA7Uudw==

stats.js@^0.17.0:
  version "0.17.0"
  resolved "https://registry.yarnpkg.com/stats.js/-/stats.js-0.17.0.tgz#b1c3dc46d94498b578b7fd3985b81ace7131cc7d"
  integrity sha1-scPcRtlEmLV4t/05hbgaznExzH0=

strict-uri-encode@^2.0.0:
  version "2.0.0"
  resolved "https://registry.yarnpkg.com/strict-uri-encode/-/strict-uri-encode-2.0.0.tgz#b9c7330c7042862f6b142dc274bbcc5866ce3546"
  integrity sha1-ucczDHBChi9rFC3CdLvMWGbONUY=

string.prototype.codepointat@^0.2.1:
  version "0.2.1"
  resolved "https://registry.yarnpkg.com/string.prototype.codepointat/-/string.prototype.codepointat-0.2.1.tgz#004ad44c8afc727527b108cd462b4d971cd469bc"
  integrity sha512-2cBVCj6I4IOvEnjgO/hWqXjqBGsY+zwPmHl12Srk9IXSZ56Jwwmy+66XO5Iut/oQVR7t5ihYdLB0GMa4alEUcg==

three-mesh-bvh@^0.5.2:
  version "0.5.10"
  resolved "https://registry.yarnpkg.com/three-mesh-bvh/-/three-mesh-bvh-0.5.10.tgz#6eadd0a9f63d8fc1bb3516bdc96b6ed906a888c4"
  integrity sha512-yOJPT3DhfZB/DvIr0lEfPUPMRX11HJABGapeuBa4GwgsF1NMMsy1nW1wMGxImmVyRCZ61yoor/YVqRRQV1p5VQ==

three-stdlib@^2.6.1, three-stdlib@^2.8.11:
  version "2.9.1"
  resolved "https://registry.yarnpkg.com/three-stdlib/-/three-stdlib-2.9.1.tgz#300abf6cf12ab388e515fd8572217288dffe4736"
  integrity sha512-e+Hyd47ssVTy2UzUfmaccB7m30qITVMdvGs/QypeGdJa3uwhw1zR9jO/ce61S65Omiy/oGDMWG8dJIZxyQ7u8w==
  dependencies:
    "@babel/runtime" "^7.16.7"
    "@webgpu/glslang" "^0.0.15"
    chevrotain "^10.1.2"
    draco3d "^1.4.1"
    fflate "^0.6.9"
    ktx-parse "^0.2.1"
    mmd-parser "^1.0.4"
    opentype.js "^1.3.3"
    potpack "^1.0.1"
    zstddec "^0.0.2"

three@^0.131.3:
  version "0.131.3"
  resolved "https://registry.yarnpkg.com/three/-/three-0.131.3.tgz#406fd210c603ca9154937ae3582996fbfd3cb716"
  integrity sha512-VkZAv8ZTJqiE/fyEmoWLxcNHImpVcjqW7RO0GzMu3tRpwO0KUvK9pjTmJzJcAbc51BOeB2G38zh80yjHTbP8gQ==

tiny-inflate@^1.0.3:
  version "1.0.3"
  resolved "https://registry.yarnpkg.com/tiny-inflate/-/tiny-inflate-1.0.3.tgz#122715494913a1805166aaf7c93467933eea26c4"
  integrity sha512-pkY1fj1cKHb2seWDy0B16HeWyczlJA9/WW3u3c4z/NiWDsO3DOU5D7nhTLE9CF0yXv/QZFY7sEJmj24dK+Rrqw==

troika-three-text@^0.44.0:
  version "0.44.0"
  resolved "https://registry.yarnpkg.com/troika-three-text/-/troika-three-text-0.44.0.tgz#7c1a785c1aea9acc7631651acac97f2dbed2f26f"
  integrity sha512-YwqXczjXQ4yq2a2ufO9icOIjeJutE/ODS8PHmmt/WAzVFqoiqeemclp/Ewiqm0+sdI1KnWRm6lj8df/zmhU3Og==
  dependencies:
    bidi-js "^1.0.2"
    troika-three-utils "^0.44.0"
    troika-worker-utils "^0.44.0"

troika-three-utils@^0.44.0:
  version "0.44.0"
  resolved "https://registry.yarnpkg.com/troika-three-utils/-/troika-three-utils-0.44.0.tgz#c19bcbedb08bff96b8a38cf8b4a60da3b12bb44b"
  integrity sha512-gaEpqrlWnkrVU5UgUx+YZTC8NrhsA2Tt6zEIbn3WNuom7pLtrgjuHpAM72gif7DoYdOWEyFco3Zb6rpJh9Fodg==

troika-worker-utils@^0.44.0:
  version "0.44.0"
  resolved "https://registry.yarnpkg.com/troika-worker-utils/-/troika-worker-utils-0.44.0.tgz#a236dc004b7a3c187ae8f14a6b497e54661e12c8"
  integrity sha512-/ETcH1rUoO9hVBL6Ifea2WOoGPw90ncrk8b8SJKTLtzcQvEWRIZ4eUxlVCtU93fLechCV+DWPs1y8+Bjh1WaJg==

use-asset@^1.0.4:
  version "1.0.4"
  resolved "https://registry.yarnpkg.com/use-asset/-/use-asset-1.0.4.tgz#506caafc29f602890593799e58b577b70293a6e2"
  integrity sha512-7/hqDrWa0iMnCoET9W1T07EmD4Eg/Wmoj/X8TGBc++ECRK4m5yTsjP4O6s0yagbxfqIOuUkIxe2/sA+VR2GxZA==
  dependencies:
    fast-deep-equal "^3.1.3"

utility-types@^3.10.0:
  version "3.10.0"
  resolved "https://registry.yarnpkg.com/utility-types/-/utility-types-3.10.0.tgz#ea4148f9a741015f05ed74fd615e1d20e6bed82b"
  integrity sha512-O11mqxmi7wMKCo6HKFt5AhO4BwY3VV68YU07tgxfz8zJTIxr4BpsezN49Ffwy9j3ZpwwJp4fkRwjRzq3uWE6Rg==

webgl-constants@^1.1.1:
  version "1.1.1"
  resolved "https://registry.yarnpkg.com/webgl-constants/-/webgl-constants-1.1.1.tgz#f9633ee87fea56647a60b9ce735cbdfb891c6855"
  integrity sha512-LkBXKjU5r9vAW7Gcu3T5u+5cvSvh5WwINdr0C+9jpzVB41cjQAP5ePArDtk/WHYdVj0GefCgM73BA7FlIiNtdg==

zstddec@^0.0.2:
  version "0.0.2"
  resolved "https://registry.yarnpkg.com/zstddec/-/zstddec-0.0.2.tgz#57e2f28dd1ff56b750e07d158a43f0611ad9eeb4"
  integrity sha512-DCo0oxvcvOTGP/f5FA6tz2Z6wF+FIcEApSTu0zV5sQgn9hoT5lZ9YRAKUraxt9oP7l4e8TnNdi8IZTCX6WCkwA==

zustand@^3.5.1, zustand@^3.5.12, zustand@^3.5.13:
  version "3.7.2"
  resolved "https://registry.yarnpkg.com/zustand/-/zustand-3.7.2.tgz#7b44c4f4a5bfd7a8296a3957b13e1c346f42514d"
  integrity sha512-PIJDIZKtokhof+9+60cpockVOq05sJzHCriyvaLBmEJixseQ1a5Kdov6fWZfWOu5SK9c+FhH1jU0tntLxRJYMA==
